// !$*UTF8*$!
{
	archiveVersion = 1;
	classes = {
	};
	objectVersion = 48;
	objects = {

/* Begin PBXBuildFile section */
		5C00C0CF204D4003002F346F /* MainScreenController.swift in Sources */ = {isa = PBXBuildFile; fileRef = 5C00C0CE204D4003002F346F /* MainScreenController.swift */; };
		5C1B384D1FE86197003179A1 /* AppDelegate.swift in Sources */ = {isa = PBXBuildFile; fileRef = 5C1B384C1FE86197003179A1 /* AppDelegate.swift */; };
		5C1B38521FE86197003179A1 /* Main.storyboard in Resources */ = {isa = PBXBuildFile; fileRef = 5C1B38501FE86197003179A1 /* Main.storyboard */; };
		5C1B38551FE86197003179A1 /* Shuffle_Play.xcdatamodeld in Sources */ = {isa = PBXBuildFile; fileRef = 5C1B38531FE86197003179A1 /* Shuffle_Play.xcdatamodeld */; };
		5C1B38571FE86197003179A1 /* Assets.xcassets in Resources */ = {isa = PBXBuildFile; fileRef = 5C1B38561FE86197003179A1 /* Assets.xcassets */; };
		5C1B385A1FE86197003179A1 /* LaunchScreen.storyboard in Resources */ = {isa = PBXBuildFile; fileRef = 5C1B38581FE86197003179A1 /* LaunchScreen.storyboard */; };
		5C1B38651FE86197003179A1 /* Shuffle_PlayTests.swift in Sources */ = {isa = PBXBuildFile; fileRef = 5C1B38641FE86197003179A1 /* Shuffle_PlayTests.swift */; };
		5C1B38701FE86197003179A1 /* Shuffle_PlayUITests.swift in Sources */ = {isa = PBXBuildFile; fileRef = 5C1B386F1FE86197003179A1 /* Shuffle_PlayUITests.swift */; };
		5C1B387E1FE861EB003179A1 /* GenreButtonScreen.swift in Sources */ = {isa = PBXBuildFile; fileRef = 5C1B387D1FE861EB003179A1 /* GenreButtonScreen.swift */; };
		5C286CA42027E02200DD90FB /* aboutSPController.swift in Sources */ = {isa = PBXBuildFile; fileRef = 5C286CA32027E02200DD90FB /* aboutSPController.swift */; };
		5C3D66BD20489CB30058A20B /* CountryController.swift in Sources */ = {isa = PBXBuildFile; fileRef = 5C3D66BC20489CB30058A20B /* CountryController.swift */; };
		5C3D66BF2048AA360058A20B /* PopController.swift in Sources */ = {isa = PBXBuildFile; fileRef = 5C3D66BE2048AA360058A20B /* PopController.swift */; };
		5C3D67452049DD310058A20B /* genreSroll.swift in Sources */ = {isa = PBXBuildFile; fileRef = 5C3D67442049DD310058A20B /* genreSroll.swift */; };
		5C3D67472049F4E50058A20B /* ElectronicController.swift in Sources */ = {isa = PBXBuildFile; fileRef = 5C3D67462049F4E50058A20B /* ElectronicController.swift */; };
		5C643F25207EB48300926DDD /* PlayerController.swift in Sources */ = {isa = PBXBuildFile; fileRef = 5C643F24207EB48300926DDD /* PlayerController.swift */; };
		5C698CAE20099745005FD7C4 /* PlayController.swift in Sources */ = {isa = PBXBuildFile; fileRef = 5C698CAD20099745005FD7C4 /* PlayController.swift */; };
		5C698CB02009975A005FD7C4 /* MenuController.swift in Sources */ = {isa = PBXBuildFile; fileRef = 5C698CAF2009975A005FD7C4 /* MenuController.swift */; };
		5C698CB22009976C005FD7C4 /* ProfileController.swift in Sources */ = {isa = PBXBuildFile; fileRef = 5C698CB12009976C005FD7C4 /* ProfileController.swift */; };
		5C7FF3DD205F75C000668E23 /* Track.swift in Sources */ = {isa = PBXBuildFile; fileRef = 5C7FF3DC205F75C000668E23 /* Track.swift */; };
		5C8C6B2D2076973D007A68AF /* AutoLayoutContraints.swift in Sources */ = {isa = PBXBuildFile; fileRef = 5C8C6B2C2076973D007A68AF /* AutoLayoutContraints.swift */; };
		5CA5423D2047CBBF005FCBD6 /* BluesController.swift in Sources */ = {isa = PBXBuildFile; fileRef = 5CA5423C2047CBBF005FCBD6 /* BluesController.swift */; };
		5CA600AD1FF855C200DD40E6 /* UIButtonExtension.swift in Sources */ = {isa = PBXBuildFile; fileRef = 5CA600AC1FF855C200DD40E6 /* UIButtonExtension.swift */; };
		5CB9377D2058156A00F8EC98 /* SingerController.swift in Sources */ = {isa = PBXBuildFile; fileRef = 5CB9377C2058156A00F8EC98 /* SingerController.swift */; };
		5CB9377F2058185600F8EC98 /* RBSoulController.swift in Sources */ = {isa = PBXBuildFile; fileRef = 5CB9377E2058185500F8EC98 /* RBSoulController.swift */; };
		5CB9378120581ACF00F8EC98 /* DanceController.swift in Sources */ = {isa = PBXBuildFile; fileRef = 5CB9378020581ACF00F8EC98 /* DanceController.swift */; };
		5CB93783205820F700F8EC98 /* HipHopRapController.swift in Sources */ = {isa = PBXBuildFile; fileRef = 5CB93782205820F700F8EC98 /* HipHopRapController.swift */; };
		5CB937852058283E00F8EC98 /* AlternativeController.swift in Sources */ = {isa = PBXBuildFile; fileRef = 5CB937842058283E00F8EC98 /* AlternativeController.swift */; };
		5CB9378720582B5800F8EC98 /* RockController.swift in Sources */ = {isa = PBXBuildFile; fileRef = 5CB9378620582B5800F8EC98 /* RockController.swift */; };
		5CB937892058328200F8EC98 /* ChristianController.swift in Sources */ = {isa = PBXBuildFile; fileRef = 5CB937882058328200F8EC98 /* ChristianController.swift */; };
		5CC20AE1202FB3AB00CFF27C /* gradientUIViewExtension.swift in Sources */ = {isa = PBXBuildFile; fileRef = 5CC20AE0202FB3AB00CFF27C /* gradientUIViewExtension.swift */; };
		5CC20AE3202FB69E00CFF27C /* Constants.swift in Sources */ = {isa = PBXBuildFile; fileRef = 5CC20AE2202FB69E00CFF27C /* Constants.swift */; };
		5CD87DDA202EBB2600F795EF /* pulseExtension.swift in Sources */ = {isa = PBXBuildFile; fileRef = 5CD87DD9202EBB2600F795EF /* pulseExtension.swift */; };
		5CDA80D420467BED003995B8 /* AlertExtension.swift in Sources */ = {isa = PBXBuildFile; fileRef = 5CDA80D320467BED003995B8 /* AlertExtension.swift */; };
		5CEF02A2201D3DDB00D63D3E /* aboutController.swift in Sources */ = {isa = PBXBuildFile; fileRef = 5CEF02A1201D3DDB00D63D3E /* aboutController.swift */; };
		5CEF02A4201E34F900D63D3E /* selectionsController.swift in Sources */ = {isa = PBXBuildFile; fileRef = 5CEF02A3201E34F800D63D3E /* selectionsController.swift */; };
		5CEF02A6201E353100D63D3E /* streamingController.swift in Sources */ = {isa = PBXBuildFile; fileRef = 5CEF02A5201E353100D63D3E /* streamingController.swift */; };
/* End PBXBuildFile section */

/* Begin PBXContainerItemProxy section */
		5C1B38611FE86197003179A1 /* PBXContainerItemProxy */ = {
			isa = PBXContainerItemProxy;
			containerPortal = 5C1B38411FE86197003179A1 /* Project object */;
			proxyType = 1;
			remoteGlobalIDString = 5C1B38481FE86197003179A1;
			remoteInfo = "Shuffle Play";
		};
		5C1B386C1FE86197003179A1 /* PBXContainerItemProxy */ = {
			isa = PBXContainerItemProxy;
			containerPortal = 5C1B38411FE86197003179A1 /* Project object */;
			proxyType = 1;
			remoteGlobalIDString = 5C1B38481FE86197003179A1;
			remoteInfo = "Shuffle Play";
		};
/* End PBXContainerItemProxy section */

/* Begin PBXFileReference section */
		5C00C0CE204D4003002F346F /* MainScreenController.swift */ = {isa = PBXFileReference; lastKnownFileType = sourcecode.swift; path = MainScreenController.swift; sourceTree = "<group>"; };
		5C1B38491FE86197003179A1 /* Shuffle Play.app */ = {isa = PBXFileReference; explicitFileType = wrapper.application; includeInIndex = 0; path = "Shuffle Play.app"; sourceTree = BUILT_PRODUCTS_DIR; };
		5C1B384C1FE86197003179A1 /* AppDelegate.swift */ = {isa = PBXFileReference; lastKnownFileType = sourcecode.swift; path = AppDelegate.swift; sourceTree = "<group>"; };
		5C1B38511FE86197003179A1 /* Base */ = {isa = PBXFileReference; lastKnownFileType = file.storyboard; name = Base; path = Base.lproj/Main.storyboard; sourceTree = "<group>"; };
		5C1B38541FE86197003179A1 /* Shuffle_Play.xcdatamodel */ = {isa = PBXFileReference; lastKnownFileType = wrapper.xcdatamodel; path = Shuffle_Play.xcdatamodel; sourceTree = "<group>"; };
		5C1B38561FE86197003179A1 /* Assets.xcassets */ = {isa = PBXFileReference; lastKnownFileType = folder.assetcatalog; path = Assets.xcassets; sourceTree = "<group>"; };
		5C1B38591FE86197003179A1 /* Base */ = {isa = PBXFileReference; lastKnownFileType = file.storyboard; name = Base; path = Base.lproj/LaunchScreen.storyboard; sourceTree = "<group>"; };
		5C1B385B1FE86197003179A1 /* Info.plist */ = {isa = PBXFileReference; lastKnownFileType = text.plist.xml; path = Info.plist; sourceTree = "<group>"; };
		5C1B38601FE86197003179A1 /* Shuffle PlayTests.xctest */ = {isa = PBXFileReference; explicitFileType = wrapper.cfbundle; includeInIndex = 0; path = "Shuffle PlayTests.xctest"; sourceTree = BUILT_PRODUCTS_DIR; };
		5C1B38641FE86197003179A1 /* Shuffle_PlayTests.swift */ = {isa = PBXFileReference; lastKnownFileType = sourcecode.swift; path = Shuffle_PlayTests.swift; sourceTree = "<group>"; };
		5C1B38661FE86197003179A1 /* Info.plist */ = {isa = PBXFileReference; lastKnownFileType = text.plist.xml; path = Info.plist; sourceTree = "<group>"; };
		5C1B386B1FE86197003179A1 /* Shuffle PlayUITests.xctest */ = {isa = PBXFileReference; explicitFileType = wrapper.cfbundle; includeInIndex = 0; path = "Shuffle PlayUITests.xctest"; sourceTree = BUILT_PRODUCTS_DIR; };
		5C1B386F1FE86197003179A1 /* Shuffle_PlayUITests.swift */ = {isa = PBXFileReference; lastKnownFileType = sourcecode.swift; path = Shuffle_PlayUITests.swift; sourceTree = "<group>"; };
		5C1B38711FE86197003179A1 /* Info.plist */ = {isa = PBXFileReference; lastKnownFileType = text.plist.xml; path = Info.plist; sourceTree = "<group>"; };
		5C1B387D1FE861EB003179A1 /* GenreButtonScreen.swift */ = {isa = PBXFileReference; lastKnownFileType = sourcecode.swift; path = GenreButtonScreen.swift; sourceTree = "<group>"; };
		5C286CA32027E02200DD90FB /* aboutSPController.swift */ = {isa = PBXFileReference; lastKnownFileType = sourcecode.swift; path = aboutSPController.swift; sourceTree = "<group>"; };
		5C3D66BC20489CB30058A20B /* CountryController.swift */ = {isa = PBXFileReference; lastKnownFileType = sourcecode.swift; path = CountryController.swift; sourceTree = "<group>"; };
		5C3D66BE2048AA360058A20B /* PopController.swift */ = {isa = PBXFileReference; lastKnownFileType = sourcecode.swift; path = PopController.swift; sourceTree = "<group>"; };
		5C3D67442049DD310058A20B /* genreSroll.swift */ = {isa = PBXFileReference; lastKnownFileType = sourcecode.swift; path = genreSroll.swift; sourceTree = "<group>"; xcLanguageSpecificationIdentifier = xcode.lang.swift; };
		5C3D67462049F4E50058A20B /* ElectronicController.swift */ = {isa = PBXFileReference; lastKnownFileType = sourcecode.swift; path = ElectronicController.swift; sourceTree = "<group>"; };
		5C643F24207EB48300926DDD /* PlayerController.swift */ = {isa = PBXFileReference; lastKnownFileType = sourcecode.swift; path = PlayerController.swift; sourceTree = "<group>"; };
		5C698CAD20099745005FD7C4 /* PlayController.swift */ = {isa = PBXFileReference; lastKnownFileType = sourcecode.swift; path = PlayController.swift; sourceTree = "<group>"; };
		5C698CAF2009975A005FD7C4 /* MenuController.swift */ = {isa = PBXFileReference; lastKnownFileType = sourcecode.swift; path = MenuController.swift; sourceTree = "<group>"; };
		5C698CB12009976C005FD7C4 /* ProfileController.swift */ = {isa = PBXFileReference; lastKnownFileType = sourcecode.swift; path = ProfileController.swift; sourceTree = "<group>"; };
		5C7FF3DC205F75C000668E23 /* Track.swift */ = {isa = PBXFileReference; lastKnownFileType = sourcecode.swift; path = Track.swift; sourceTree = "<group>"; };
		5C8C6B2C2076973D007A68AF /* AutoLayoutContraints.swift */ = {isa = PBXFileReference; lastKnownFileType = sourcecode.swift; path = AutoLayoutContraints.swift; sourceTree = "<group>"; };
		5CA5423C2047CBBF005FCBD6 /* BluesController.swift */ = {isa = PBXFileReference; lastKnownFileType = sourcecode.swift; path = BluesController.swift; sourceTree = "<group>"; };
		5CA600AC1FF855C200DD40E6 /* UIButtonExtension.swift */ = {isa = PBXFileReference; lastKnownFileType = sourcecode.swift; path = UIButtonExtension.swift; sourceTree = "<group>"; };
		5CB9377C2058156A00F8EC98 /* SingerController.swift */ = {isa = PBXFileReference; lastKnownFileType = sourcecode.swift; path = SingerController.swift; sourceTree = "<group>"; };
		5CB9377E2058185500F8EC98 /* RBSoulController.swift */ = {isa = PBXFileReference; lastKnownFileType = sourcecode.swift; path = RBSoulController.swift; sourceTree = "<group>"; };
		5CB9378020581ACF00F8EC98 /* DanceController.swift */ = {isa = PBXFileReference; lastKnownFileType = sourcecode.swift; path = DanceController.swift; sourceTree = "<group>"; };
		5CB93782205820F700F8EC98 /* HipHopRapController.swift */ = {isa = PBXFileReference; lastKnownFileType = sourcecode.swift; path = HipHopRapController.swift; sourceTree = "<group>"; };
		5CB937842058283E00F8EC98 /* AlternativeController.swift */ = {isa = PBXFileReference; lastKnownFileType = sourcecode.swift; path = AlternativeController.swift; sourceTree = "<group>"; };
		5CB9378620582B5800F8EC98 /* RockController.swift */ = {isa = PBXFileReference; lastKnownFileType = sourcecode.swift; path = RockController.swift; sourceTree = "<group>"; };
		5CB937882058328200F8EC98 /* ChristianController.swift */ = {isa = PBXFileReference; lastKnownFileType = sourcecode.swift; path = ChristianController.swift; sourceTree = "<group>"; };
		5CC20AE0202FB3AB00CFF27C /* gradientUIViewExtension.swift */ = {isa = PBXFileReference; lastKnownFileType = sourcecode.swift; path = gradientUIViewExtension.swift; sourceTree = "<group>"; };
		5CC20AE2202FB69E00CFF27C /* Constants.swift */ = {isa = PBXFileReference; lastKnownFileType = sourcecode.swift; path = Constants.swift; sourceTree = "<group>"; };
		5CD87DD9202EBB2600F795EF /* pulseExtension.swift */ = {isa = PBXFileReference; lastKnownFileType = sourcecode.swift; path = pulseExtension.swift; sourceTree = "<group>"; };
		5CDA80D320467BED003995B8 /* AlertExtension.swift */ = {isa = PBXFileReference; lastKnownFileType = sourcecode.swift; path = AlertExtension.swift; sourceTree = "<group>"; };
		5CEF02A1201D3DDB00D63D3E /* aboutController.swift */ = {isa = PBXFileReference; lastKnownFileType = sourcecode.swift; path = aboutController.swift; sourceTree = "<group>"; };
		5CEF02A3201E34F800D63D3E /* selectionsController.swift */ = {isa = PBXFileReference; lastKnownFileType = sourcecode.swift; path = selectionsController.swift; sourceTree = "<group>"; };
		5CEF02A5201E353100D63D3E /* streamingController.swift */ = {isa = PBXFileReference; lastKnownFileType = sourcecode.swift; path = streamingController.swift; sourceTree = "<group>"; };
/* End PBXFileReference section */

/* Begin PBXFrameworksBuildPhase section */
		5C1B38461FE86197003179A1 /* Frameworks */ = {
			isa = PBXFrameworksBuildPhase;
			buildActionMask = 2147483647;
			files = (
			);
			runOnlyForDeploymentPostprocessing = 0;
		};
		5C1B385D1FE86197003179A1 /* Frameworks */ = {
			isa = PBXFrameworksBuildPhase;
			buildActionMask = 2147483647;
			files = (
			);
			runOnlyForDeploymentPostprocessing = 0;
		};
		5C1B38681FE86197003179A1 /* Frameworks */ = {
			isa = PBXFrameworksBuildPhase;
			buildActionMask = 2147483647;
			files = (
			);
			runOnlyForDeploymentPostprocessing = 0;
		};
/* End PBXFrameworksBuildPhase section */

/* Begin PBXGroup section */
		5C1B38401FE86197003179A1 = {
			isa = PBXGroup;
			children = (
				5C1B384B1FE86197003179A1 /* Shuffle Play */,
				5CB9378A20584FE400F8EC98 /* Not USED */,
				5C1B38631FE86197003179A1 /* Shuffle PlayTests */,
				5C1B386E1FE86197003179A1 /* Shuffle PlayUITests */,
				5C1B384A1FE86197003179A1 /* Products */,
			);
			sourceTree = "<group>";
			usesTabs = 1;
		};
		5C1B384A1FE86197003179A1 /* Products */ = {
			isa = PBXGroup;
			children = (
				5C1B38491FE86197003179A1 /* Shuffle Play.app */,
				5C1B38601FE86197003179A1 /* Shuffle PlayTests.xctest */,
				5C1B386B1FE86197003179A1 /* Shuffle PlayUITests.xctest */,
			);
			name = Products;
			sourceTree = "<group>";
		};
		5C1B384B1FE86197003179A1 /* Shuffle Play */ = {
			isa = PBXGroup;
			children = (
				5C1B384C1FE86197003179A1 /* AppDelegate.swift */,
				5C7FF3DB205F758F00668E23 /* UI ViewControllers */,
				5CA542522047CC8D005FCBD6 /* Genre ViewControllers */,
				5C698CB32009AAD8005FD7C4 /* Helpers */,
				5C1B38561FE86197003179A1 /* Assets.xcassets */,
				5C1B38501FE86197003179A1 /* Main.storyboard */,
				5C1B38581FE86197003179A1 /* LaunchScreen.storyboard */,
				5C1B385B1FE86197003179A1 /* Info.plist */,
				5C1B38531FE86197003179A1 /* Shuffle_Play.xcdatamodeld */,
			);
			path = "Shuffle Play";
			sourceTree = "<group>";
		};
		5C1B38631FE86197003179A1 /* Shuffle PlayTests */ = {
			isa = PBXGroup;
			children = (
				5C1B38641FE86197003179A1 /* Shuffle_PlayTests.swift */,
				5C1B38661FE86197003179A1 /* Info.plist */,
			);
			path = "Shuffle PlayTests";
			sourceTree = "<group>";
		};
		5C1B386E1FE86197003179A1 /* Shuffle PlayUITests */ = {
			isa = PBXGroup;
			children = (
				5C1B386F1FE86197003179A1 /* Shuffle_PlayUITests.swift */,
				5C1B38711FE86197003179A1 /* Info.plist */,
			);
			path = "Shuffle PlayUITests";
			sourceTree = "<group>";
		};
		5C698CB32009AAD8005FD7C4 /* Helpers */ = {
			isa = PBXGroup;
			children = (
				5CA600AC1FF855C200DD40E6 /* UIButtonExtension.swift */,
				5CD87DD9202EBB2600F795EF /* pulseExtension.swift */,
				5CC20AE0202FB3AB00CFF27C /* gradientUIViewExtension.swift */,
				5CDA80D320467BED003995B8 /* AlertExtension.swift */,
				5CC20AE2202FB69E00CFF27C /* Constants.swift */,
				5C7FF3DC205F75C000668E23 /* Track.swift */,
				5C8C6B2C2076973D007A68AF /* AutoLayoutContraints.swift */,
			);
			path = Helpers;
			sourceTree = "<group>";
		};
		5C7FF3DB205F758F00668E23 /* UI ViewControllers */ = {
			isa = PBXGroup;
			children = (
				5C698CAD20099745005FD7C4 /* PlayController.swift */,
				5C698CB12009976C005FD7C4 /* ProfileController.swift */,
				5CEF02A1201D3DDB00D63D3E /* aboutController.swift */,
				5C286CA32027E02200DD90FB /* aboutSPController.swift */,
				5C3D67442049DD310058A20B /* genreSroll.swift */,
				5C00C0CE204D4003002F346F /* MainScreenController.swift */,
				5C643F24207EB48300926DDD /* PlayerController.swift */,
			);
			path = "UI ViewControllers";
			sourceTree = "<group>";
		};
		5CA542522047CC8D005FCBD6 /* Genre ViewControllers */ = {
			isa = PBXGroup;
			children = (
				5CA5423C2047CBBF005FCBD6 /* BluesController.swift */,
				5C3D66BC20489CB30058A20B /* CountryController.swift */,
				5C3D66BE2048AA360058A20B /* PopController.swift */,
				5C3D67462049F4E50058A20B /* ElectronicController.swift */,
				5CB9377C2058156A00F8EC98 /* SingerController.swift */,
				5CB9377E2058185500F8EC98 /* RBSoulController.swift */,
				5CB9378020581ACF00F8EC98 /* DanceController.swift */,
				5CB93782205820F700F8EC98 /* HipHopRapController.swift */,
				5CB937842058283E00F8EC98 /* AlternativeController.swift */,
				5CB9378620582B5800F8EC98 /* RockController.swift */,
				5CB937882058328200F8EC98 /* ChristianController.swift */,
			);
			path = "Genre ViewControllers";
			sourceTree = "<group>";
		};
		5CB9378A20584FE400F8EC98 /* Not USED */ = {
			isa = PBXGroup;
			children = (
				5C1B387D1FE861EB003179A1 /* GenreButtonScreen.swift */,
				5C698CAF2009975A005FD7C4 /* MenuController.swift */,
				5CEF02A5201E353100D63D3E /* streamingController.swift */,
				5CEF02A3201E34F800D63D3E /* selectionsController.swift */,
			);
			path = "Not USED";
			sourceTree = "<group>";
		};
/* End PBXGroup section */

/* Begin PBXNativeTarget section */
		5C1B38481FE86197003179A1 /* Shuffle Play */ = {
			isa = PBXNativeTarget;
			buildConfigurationList = 5C1B38741FE86197003179A1 /* Build configuration list for PBXNativeTarget "Shuffle Play" */;
			buildPhases = (
				5C1B38451FE86197003179A1 /* Sources */,
				5C1B38461FE86197003179A1 /* Frameworks */,
				5C1B38471FE86197003179A1 /* Resources */,
			);
			buildRules = (
			);
			dependencies = (
			);
			name = "Shuffle Play";
			productName = "Shuffle Play";
			productReference = 5C1B38491FE86197003179A1 /* Shuffle Play.app */;
			productType = "com.apple.product-type.application";
		};
		5C1B385F1FE86197003179A1 /* Shuffle PlayTests */ = {
			isa = PBXNativeTarget;
			buildConfigurationList = 5C1B38771FE86197003179A1 /* Build configuration list for PBXNativeTarget "Shuffle PlayTests" */;
			buildPhases = (
				5C1B385C1FE86197003179A1 /* Sources */,
				5C1B385D1FE86197003179A1 /* Frameworks */,
				5C1B385E1FE86197003179A1 /* Resources */,
			);
			buildRules = (
			);
			dependencies = (
				5C1B38621FE86197003179A1 /* PBXTargetDependency */,
			);
			name = "Shuffle PlayTests";
			productName = "Shuffle PlayTests";
			productReference = 5C1B38601FE86197003179A1 /* Shuffle PlayTests.xctest */;
			productType = "com.apple.product-type.bundle.unit-test";
		};
		5C1B386A1FE86197003179A1 /* Shuffle PlayUITests */ = {
			isa = PBXNativeTarget;
			buildConfigurationList = 5C1B387A1FE86197003179A1 /* Build configuration list for PBXNativeTarget "Shuffle PlayUITests" */;
			buildPhases = (
				5C1B38671FE86197003179A1 /* Sources */,
				5C1B38681FE86197003179A1 /* Frameworks */,
				5C1B38691FE86197003179A1 /* Resources */,
			);
			buildRules = (
			);
			dependencies = (
				5C1B386D1FE86197003179A1 /* PBXTargetDependency */,
			);
			name = "Shuffle PlayUITests";
			productName = "Shuffle PlayUITests";
			productReference = 5C1B386B1FE86197003179A1 /* Shuffle PlayUITests.xctest */;
			productType = "com.apple.product-type.bundle.ui-testing";
		};
/* End PBXNativeTarget section */

/* Begin PBXProject section */
		5C1B38411FE86197003179A1 /* Project object */ = {
			isa = PBXProject;
			attributes = {
				LastSwiftUpdateCheck = 0920;
				LastUpgradeCheck = 0930;
				ORGANIZATIONNAME = "Tyler Phillips";
				TargetAttributes = {
					5C1B38481FE86197003179A1 = {
						CreatedOnToolsVersion = 9.2;
						ProvisioningStyle = Automatic;
						SystemCapabilities = {
							com.apple.BackgroundModes = {
								enabled = 1;
							};
						};
					};
					5C1B385F1FE86197003179A1 = {
						CreatedOnToolsVersion = 9.2;
						ProvisioningStyle = Automatic;
						TestTargetID = 5C1B38481FE86197003179A1;
					};
					5C1B386A1FE86197003179A1 = {
						CreatedOnToolsVersion = 9.2;
						ProvisioningStyle = Automatic;
						TestTargetID = 5C1B38481FE86197003179A1;
					};
				};
			};
			buildConfigurationList = 5C1B38441FE86197003179A1 /* Build configuration list for PBXProject "Shuffle Play" */;
			compatibilityVersion = "Xcode 8.0";
			developmentRegion = en;
			hasScannedForEncodings = 0;
			knownRegions = (
				en,
				Base,
			);
			mainGroup = 5C1B38401FE86197003179A1;
			productRefGroup = 5C1B384A1FE86197003179A1 /* Products */;
			projectDirPath = "";
			projectRoot = "";
			targets = (
				5C1B38481FE86197003179A1 /* Shuffle Play */,
				5C1B385F1FE86197003179A1 /* Shuffle PlayTests */,
				5C1B386A1FE86197003179A1 /* Shuffle PlayUITests */,
			);
		};
/* End PBXProject section */

/* Begin PBXResourcesBuildPhase section */
		5C1B38471FE86197003179A1 /* Resources */ = {
			isa = PBXResourcesBuildPhase;
			buildActionMask = 2147483647;
			files = (
				5C1B385A1FE86197003179A1 /* LaunchScreen.storyboard in Resources */,
				5C1B38571FE86197003179A1 /* Assets.xcassets in Resources */,
				5C1B38521FE86197003179A1 /* Main.storyboard in Resources */,
			);
			runOnlyForDeploymentPostprocessing = 0;
		};
		5C1B385E1FE86197003179A1 /* Resources */ = {
			isa = PBXResourcesBuildPhase;
			buildActionMask = 2147483647;
			files = (
			);
			runOnlyForDeploymentPostprocessing = 0;
		};
		5C1B38691FE86197003179A1 /* Resources */ = {
			isa = PBXResourcesBuildPhase;
			buildActionMask = 2147483647;
			files = (
			);
			runOnlyForDeploymentPostprocessing = 0;
		};
/* End PBXResourcesBuildPhase section */

/* Begin PBXSourcesBuildPhase section */
		5C1B38451FE86197003179A1 /* Sources */ = {
			isa = PBXSourcesBuildPhase;
			buildActionMask = 2147483647;
			files = (
				5CEF02A6201E353100D63D3E /* streamingController.swift in Sources */,
				5CB93783205820F700F8EC98 /* HipHopRapController.swift in Sources */,
				5CB9377D2058156A00F8EC98 /* SingerController.swift in Sources */,
				5C3D67472049F4E50058A20B /* ElectronicController.swift in Sources */,
				5C698CB22009976C005FD7C4 /* ProfileController.swift in Sources */,
				5CB937892058328200F8EC98 /* ChristianController.swift in Sources */,
				5C1B384D1FE86197003179A1 /* AppDelegate.swift in Sources */,
				5CA600AD1FF855C200DD40E6 /* UIButtonExtension.swift in Sources */,
				5C1B38551FE86197003179A1 /* Shuffle_Play.xcdatamodeld in Sources */,
				5CC20AE1202FB3AB00CFF27C /* gradientUIViewExtension.swift in Sources */,
				5C3D66BD20489CB30058A20B /* CountryController.swift in Sources */,
				5C3D66BF2048AA360058A20B /* PopController.swift in Sources */,
				5C3D67452049DD310058A20B /* genreSroll.swift in Sources */,
				5C8C6B2D2076973D007A68AF /* AutoLayoutContraints.swift in Sources */,
				5CB9378720582B5800F8EC98 /* RockController.swift in Sources */,
				5CEF02A4201E34F900D63D3E /* selectionsController.swift in Sources */,
				5CB9377F2058185600F8EC98 /* RBSoulController.swift in Sources */,
				5C1B387E1FE861EB003179A1 /* GenreButtonScreen.swift in Sources */,
				5C698CB02009975A005FD7C4 /* MenuController.swift in Sources */,
				5CB9378120581ACF00F8EC98 /* DanceController.swift in Sources */,
				5CB937852058283E00F8EC98 /* AlternativeController.swift in Sources */,
				5C286CA42027E02200DD90FB /* aboutSPController.swift in Sources */,
				5CDA80D420467BED003995B8 /* AlertExtension.swift in Sources */,
				5CD87DDA202EBB2600F795EF /* pulseExtension.swift in Sources */,
				5CC20AE3202FB69E00CFF27C /* Constants.swift in Sources */,
				5C00C0CF204D4003002F346F /* MainScreenController.swift in Sources */,
				5C698CAE20099745005FD7C4 /* PlayController.swift in Sources */,
				5C7FF3DD205F75C000668E23 /* Track.swift in Sources */,
				5CEF02A2201D3DDB00D63D3E /* aboutController.swift in Sources */,
				5C643F25207EB48300926DDD /* PlayerController.swift in Sources */,
				5CA5423D2047CBBF005FCBD6 /* BluesController.swift in Sources */,
			);
			runOnlyForDeploymentPostprocessing = 0;
		};
		5C1B385C1FE86197003179A1 /* Sources */ = {
			isa = PBXSourcesBuildPhase;
			buildActionMask = 2147483647;
			files = (
				5C1B38651FE86197003179A1 /* Shuffle_PlayTests.swift in Sources */,
			);
			runOnlyForDeploymentPostprocessing = 0;
		};
		5C1B38671FE86197003179A1 /* Sources */ = {
			isa = PBXSourcesBuildPhase;
			buildActionMask = 2147483647;
			files = (
				5C1B38701FE86197003179A1 /* Shuffle_PlayUITests.swift in Sources */,
			);
			runOnlyForDeploymentPostprocessing = 0;
		};
/* End PBXSourcesBuildPhase section */

/* Begin PBXTargetDependency section */
		5C1B38621FE86197003179A1 /* PBXTargetDependency */ = {
			isa = PBXTargetDependency;
			target = 5C1B38481FE86197003179A1 /* Shuffle Play */;
			targetProxy = 5C1B38611FE86197003179A1 /* PBXContainerItemProxy */;
		};
		5C1B386D1FE86197003179A1 /* PBXTargetDependency */ = {
			isa = PBXTargetDependency;
			target = 5C1B38481FE86197003179A1 /* Shuffle Play */;
			targetProxy = 5C1B386C1FE86197003179A1 /* PBXContainerItemProxy */;
		};
/* End PBXTargetDependency section */

/* Begin PBXVariantGroup section */
		5C1B38501FE86197003179A1 /* Main.storyboard */ = {
			isa = PBXVariantGroup;
			children = (
				5C1B38511FE86197003179A1 /* Base */,
			);
			name = Main.storyboard;
			sourceTree = "<group>";
		};
		5C1B38581FE86197003179A1 /* LaunchScreen.storyboard */ = {
			isa = PBXVariantGroup;
			children = (
				5C1B38591FE86197003179A1 /* Base */,
			);
			name = LaunchScreen.storyboard;
			sourceTree = "<group>";
		};
/* End PBXVariantGroup section */

/* Begin XCBuildConfiguration section */
		5C1B38721FE86197003179A1 /* Debug */ = {
			isa = XCBuildConfiguration;
			buildSettings = {
				ALWAYS_SEARCH_USER_PATHS = NO;
				CLANG_ANALYZER_NONNULL = YES;
				CLANG_ANALYZER_NUMBER_OBJECT_CONVERSION = YES_AGGRESSIVE;
				CLANG_CXX_LANGUAGE_STANDARD = "gnu++14";
				CLANG_CXX_LIBRARY = "libc++";
				CLANG_ENABLE_MODULES = YES;
				CLANG_ENABLE_OBJC_ARC = YES;
				CLANG_WARN_BLOCK_CAPTURE_AUTORELEASING = YES;
				CLANG_WARN_BOOL_CONVERSION = YES;
				CLANG_WARN_COMMA = YES;
				CLANG_WARN_CONSTANT_CONVERSION = YES;
				CLANG_WARN_DEPRECATED_OBJC_IMPLEMENTATIONS = YES;
				CLANG_WARN_DIRECT_OBJC_ISA_USAGE = YES_ERROR;
				CLANG_WARN_DOCUMENTATION_COMMENTS = YES;
				CLANG_WARN_EMPTY_BODY = YES;
				CLANG_WARN_ENUM_CONVERSION = YES;
				CLANG_WARN_INFINITE_RECURSION = YES;
				CLANG_WARN_INT_CONVERSION = YES;
				CLANG_WARN_NON_LITERAL_NULL_CONVERSION = YES;
				CLANG_WARN_OBJC_IMPLICIT_RETAIN_SELF = YES;
				CLANG_WARN_OBJC_LITERAL_CONVERSION = YES;
				CLANG_WARN_OBJC_ROOT_CLASS = YES_ERROR;
				CLANG_WARN_RANGE_LOOP_ANALYSIS = YES;
				CLANG_WARN_STRICT_PROTOTYPES = YES;
				CLANG_WARN_SUSPICIOUS_MOVE = YES;
				CLANG_WARN_UNGUARDED_AVAILABILITY = YES_AGGRESSIVE;
				CLANG_WARN_UNREACHABLE_CODE = YES;
				CLANG_WARN__DUPLICATE_METHOD_MATCH = YES;
				CODE_SIGN_IDENTITY = "iPhone Developer";
				COPY_PHASE_STRIP = NO;
				DEBUG_INFORMATION_FORMAT = dwarf;
				ENABLE_STRICT_OBJC_MSGSEND = YES;
				ENABLE_TESTABILITY = YES;
				GCC_C_LANGUAGE_STANDARD = gnu11;
				GCC_DYNAMIC_NO_PIC = NO;
				GCC_NO_COMMON_BLOCKS = YES;
				GCC_OPTIMIZATION_LEVEL = 0;
				GCC_PREPROCESSOR_DEFINITIONS = (
					"DEBUG=1",
					"$(inherited)",
				);
				GCC_WARN_64_TO_32_BIT_CONVERSION = YES;
				GCC_WARN_ABOUT_RETURN_TYPE = YES_ERROR;
				GCC_WARN_UNDECLARED_SELECTOR = YES;
				GCC_WARN_UNINITIALIZED_AUTOS = YES_AGGRESSIVE;
				GCC_WARN_UNUSED_FUNCTION = YES;
				GCC_WARN_UNUSED_VARIABLE = YES;
				IPHONEOS_DEPLOYMENT_TARGET = 11.0;
				MTL_ENABLE_DEBUG_INFO = YES;
				ONLY_ACTIVE_ARCH = YES;
				SDKROOT = iphoneos;
				SWIFT_ACTIVE_COMPILATION_CONDITIONS = DEBUG;
				SWIFT_OPTIMIZATION_LEVEL = "-Onone";
			};
			name = Debug;
		};
		5C1B38731FE86197003179A1 /* Release */ = {
			isa = XCBuildConfiguration;
			buildSettings = {
				ALWAYS_SEARCH_USER_PATHS = NO;
				CLANG_ANALYZER_NONNULL = YES;
				CLANG_ANALYZER_NUMBER_OBJECT_CONVERSION = YES_AGGRESSIVE;
				CLANG_CXX_LANGUAGE_STANDARD = "gnu++14";
				CLANG_CXX_LIBRARY = "libc++";
				CLANG_ENABLE_MODULES = YES;
				CLANG_ENABLE_OBJC_ARC = YES;
				CLANG_WARN_BLOCK_CAPTURE_AUTORELEASING = YES;
				CLANG_WARN_BOOL_CONVERSION = YES;
				CLANG_WARN_COMMA = YES;
				CLANG_WARN_CONSTANT_CONVERSION = YES;
				CLANG_WARN_DEPRECATED_OBJC_IMPLEMENTATIONS = YES;
				CLANG_WARN_DIRECT_OBJC_ISA_USAGE = YES_ERROR;
				CLANG_WARN_DOCUMENTATION_COMMENTS = YES;
				CLANG_WARN_EMPTY_BODY = YES;
				CLANG_WARN_ENUM_CONVERSION = YES;
				CLANG_WARN_INFINITE_RECURSION = YES;
				CLANG_WARN_INT_CONVERSION = YES;
				CLANG_WARN_NON_LITERAL_NULL_CONVERSION = YES;
				CLANG_WARN_OBJC_IMPLICIT_RETAIN_SELF = YES;
				CLANG_WARN_OBJC_LITERAL_CONVERSION = YES;
				CLANG_WARN_OBJC_ROOT_CLASS = YES_ERROR;
				CLANG_WARN_RANGE_LOOP_ANALYSIS = YES;
				CLANG_WARN_STRICT_PROTOTYPES = YES;
				CLANG_WARN_SUSPICIOUS_MOVE = YES;
				CLANG_WARN_UNGUARDED_AVAILABILITY = YES_AGGRESSIVE;
				CLANG_WARN_UNREACHABLE_CODE = YES;
				CLANG_WARN__DUPLICATE_METHOD_MATCH = YES;
				CODE_SIGN_IDENTITY = "iPhone Developer";
				COPY_PHASE_STRIP = NO;
				DEBUG_INFORMATION_FORMAT = "dwarf-with-dsym";
				ENABLE_NS_ASSERTIONS = NO;
				ENABLE_STRICT_OBJC_MSGSEND = YES;
				GCC_C_LANGUAGE_STANDARD = gnu11;
				GCC_NO_COMMON_BLOCKS = YES;
				GCC_WARN_64_TO_32_BIT_CONVERSION = YES;
				GCC_WARN_ABOUT_RETURN_TYPE = YES_ERROR;
				GCC_WARN_UNDECLARED_SELECTOR = YES;
				GCC_WARN_UNINITIALIZED_AUTOS = YES_AGGRESSIVE;
				GCC_WARN_UNUSED_FUNCTION = YES;
				GCC_WARN_UNUSED_VARIABLE = YES;
				IPHONEOS_DEPLOYMENT_TARGET = 11.0;
				MTL_ENABLE_DEBUG_INFO = NO;
				SDKROOT = iphoneos;
				SWIFT_OPTIMIZATION_LEVEL = "-Owholemodule";
				VALIDATE_PRODUCT = YES;
			};
			name = Release;
		};
		5C1B38751FE86197003179A1 /* Debug */ = {
			isa = XCBuildConfiguration;
			buildSettings = {
				ASSETCATALOG_COMPILER_APPICON_NAME = AppIcon;
				"CODE_SIGN_IDENTITY[sdk=iphoneos*]" = "iPhone Developer";
				CODE_SIGN_STYLE = Automatic;
				DEVELOPMENT_TEAM = L4H9LZ77XG;
				INFOPLIST_FILE = "Shuffle Play/Info.plist";
				IPHONEOS_DEPLOYMENT_TARGET = 11.0;
				LD_RUNPATH_SEARCH_PATHS = "$(inherited) @executable_path/Frameworks";
				PRODUCT_BUNDLE_IDENTIFIER = com.tyler.shuffleplayplus;
				PRODUCT_NAME = "$(TARGET_NAME)";
				PROVISIONING_PROFILE_SPECIFIER = "";
				SWIFT_VERSION = 4.0;
				TARGETED_DEVICE_FAMILY = "1,2";
			};
			name = Debug;
		};
		5C1B38761FE86197003179A1 /* Release */ = {
			isa = XCBuildConfiguration;
			buildSettings = {
				ASSETCATALOG_COMPILER_APPICON_NAME = AppIcon;
				"CODE_SIGN_IDENTITY[sdk=iphoneos*]" = "iPhone Developer";
				CODE_SIGN_STYLE = Automatic;
				DEVELOPMENT_TEAM = L4H9LZ77XG;
				INFOPLIST_FILE = "Shuffle Play/Info.plist";
				IPHONEOS_DEPLOYMENT_TARGET = 11.0;
				LD_RUNPATH_SEARCH_PATHS = "$(inherited) @executable_path/Frameworks";
				PRODUCT_BUNDLE_IDENTIFIER = com.tyler.shuffleplayplus;
				PRODUCT_NAME = "$(TARGET_NAME)";
				PROVISIONING_PROFILE_SPECIFIER = "";
				SWIFT_VERSION = 4.0;
				TARGETED_DEVICE_FAMILY = "1,2";
			};
			name = Release;
		};
		5C1B38781FE86197003179A1 /* Debug */ = {
			isa = XCBuildConfiguration;
			buildSettings = {
				ALWAYS_EMBED_SWIFT_STANDARD_LIBRARIES = YES;
				BUNDLE_LOADER = "$(TEST_HOST)";
				CODE_SIGN_STYLE = Automatic;
				DEVELOPMENT_TEAM = L4H9LZ77XG;
				INFOPLIST_FILE = "Shuffle PlayTests/Info.plist";
				LD_RUNPATH_SEARCH_PATHS = "$(inherited) @executable_path/Frameworks @loader_path/Frameworks";
				PRODUCT_BUNDLE_IDENTIFIER = "xyz.tylerjphillips.Shuffle-PlayTests";
				PRODUCT_NAME = "$(TARGET_NAME)";
				SWIFT_VERSION = 4.0;
				TARGETED_DEVICE_FAMILY = "1,2";
				TEST_HOST = "$(BUILT_PRODUCTS_DIR)/Shuffle Play.app/Shuffle Play";
			};
			name = Debug;
		};
		5C1B38791FE86197003179A1 /* Release */ = {
			isa = XCBuildConfiguration;
			buildSettings = {
				ALWAYS_EMBED_SWIFT_STANDARD_LIBRARIES = YES;
				BUNDLE_LOADER = "$(TEST_HOST)";
				CODE_SIGN_STYLE = Automatic;
				DEVELOPMENT_TEAM = L4H9LZ77XG;
				INFOPLIST_FILE = "Shuffle PlayTests/Info.plist";
				LD_RUNPATH_SEARCH_PATHS = "$(inherited) @executable_path/Frameworks @loader_path/Frameworks";
				PRODUCT_BUNDLE_IDENTIFIER = "xyz.tylerjphillips.Shuffle-PlayTests";
				PRODUCT_NAME = "$(TARGET_NAME)";
				SWIFT_VERSION = 4.0;
				TARGETED_DEVICE_FAMILY = "1,2";
				TEST_HOST = "$(BUILT_PRODUCTS_DIR)/Shuffle Play.app/Shuffle Play";
			};
			name = Release;
		};
		5C1B387B1FE86197003179A1 /* Debug */ = {
			isa = XCBuildConfiguration;
			buildSettings = {
				ALWAYS_EMBED_SWIFT_STANDARD_LIBRARIES = YES;
				CODE_SIGN_STYLE = Automatic;
				DEVELOPMENT_TEAM = L4H9LZ77XG;
				INFOPLIST_FILE = "Shuffle PlayUITests/Info.plist";
				LD_RUNPATH_SEARCH_PATHS = "$(inherited) @executable_path/Frameworks @loader_path/Frameworks";
				PRODUCT_BUNDLE_IDENTIFIER = "xyz.tylerjphillips.Shuffle-PlayUITests";
				PRODUCT_NAME = "$(TARGET_NAME)";
				SWIFT_VERSION = 4.0;
				TARGETED_DEVICE_FAMILY = "1,2";
				TEST_TARGET_NAME = "Shuffle Play";
			};
			name = Debug;
		};
		5C1B387C1FE86197003179A1 /* Release */ = {
			isa = XCBuildConfiguration;
			buildSettings = {
				ALWAYS_EMBED_SWIFT_STANDARD_LIBRARIES = YES;
				CODE_SIGN_STYLE = Automatic;
				DEVELOPMENT_TEAM = L4H9LZ77XG;
				INFOPLIST_FILE = "Shuffle PlayUITests/Info.plist";
				LD_RUNPATH_SEARCH_PATHS = "$(inherited) @executable_path/Frameworks @loader_path/Frameworks";
				PRODUCT_BUNDLE_IDENTIFIER = "xyz.tylerjphillips.Shuffle-PlayUITests";
				PRODUCT_NAME = "$(TARGET_NAME)";
				SWIFT_VERSION = 4.0;
				TARGETED_DEVICE_FAMILY = "1,2";
				TEST_TARGET_NAME = "Shuffle Play";
			};
			name = Release;
		};
/* End XCBuildConfiguration section */

/* Begin XCConfigurationList section */
		5C1B38441FE86197003179A1 /* Build configuration list for PBXProject "Shuffle Play" */ = {
			isa = XCConfigurationList;
			buildConfigurations = (
				5C1B38721FE86197003179A1 /* Debug */,
				5C1B38731FE86197003179A1 /* Release */,
			);
			defaultConfigurationIsVisible = 0;
			defaultConfigurationName = Release;
		};
		5C1B38741FE86197003179A1 /* Build configuration list for PBXNativeTarget "Shuffle Play" */ = {
			isa = XCConfigurationList;
			buildConfigurations = (
				5C1B38751FE86197003179A1 /* Debug */,
				5C1B38761FE86197003179A1 /* Release */,
			);
			defaultConfigurationIsVisible = 0;
			defaultConfigurationName = Release;
		};
		5C1B38771FE86197003179A1 /* Build configuration list for PBXNativeTarget "Shuffle PlayTests" */ = {
			isa = XCConfigurationList;
			buildConfigurations = (
				5C1B38781FE86197003179A1 /* Debug */,
				5C1B38791FE86197003179A1 /* Release */,
			);
			defaultConfigurationIsVisible = 0;
			defaultConfigurationName = Release;
		};
		5C1B387A1FE86197003179A1 /* Build configuration list for PBXNativeTarget "Shuffle PlayUITests" */ = {
			isa = XCConfigurationList;
			buildConfigurations = (
				5C1B387B1FE86197003179A1 /* Debug */,
				5C1B387C1FE86197003179A1 /* Release */,
			);
			defaultConfigurationIsVisible = 0;
			defaultConfigurationName = Release;
		};
/* End XCConfigurationList section */

/* Begin XCVersionGroup section */
		5C1B38531FE86197003179A1 /* Shuffle_Play.xcdatamodeld */ = {
			isa = XCVersionGroup;
			children = (
				5C1B38541FE86197003179A1 /* Shuffle_Play.xcdatamodel */,
			);
			currentVersion = 5C1B38541FE86197003179A1 /* Shuffle_Play.xcdatamodel */;
			path = Shuffle_Play.xcdatamodeld;
			sourceTree = "<group>";
			versionGroupType = wrapper.xcdatamodel;
		};
/* End XCVersionGroup section */
	};
	rootObject = 5C1B38411FE86197003179A1 /* Project object */;
}
