// !$*UTF8*$!
{
	archiveVersion = 1;
	classes = {
	};
	objectVersion = 48;
	objects = {

/* Begin PBXBuildFile section */
		24A955A920D1DFDF009B48E6 /* TylerViewController.swift in Sources */ = {isa = PBXBuildFile; fileRef = 24A955A820D1DFDF009B48E6 /* TylerViewController.swift */; };
		24A955AB20D1E03E009B48E6 /* ThomViewController.swift in Sources */ = {isa = PBXBuildFile; fileRef = 24A955AA20D1E03E009B48E6 /* ThomViewController.swift */; };
		24F555EF20CDC86400D4EF7E /* DeveloperMenuViewController.swift in Sources */ = {isa = PBXBuildFile; fileRef = 24F555EE20CDC86400D4EF7E /* DeveloperMenuViewController.swift */; };
		5C00C0CF204D4003002F346F /* MainScreenController.swift in Sources */ = {isa = PBXBuildFile; fileRef = 5C00C0CE204D4003002F346F /* MainScreenController.swift */; };
		5C1B384D1FE86197003179A1 /* AppDelegate.swift in Sources */ = {isa = PBXBuildFile; fileRef = 5C1B384C1FE86197003179A1 /* AppDelegate.swift */; };
		5C1B38521FE86197003179A1 /* Main.storyboard in Resources */ = {isa = PBXBuildFile; fileRef = 5C1B38501FE86197003179A1 /* Main.storyboard */; };
		5C1B38551FE86197003179A1 /* Shuffle_Play.xcdatamodeld in Sources */ = {isa = PBXBuildFile; fileRef = 5C1B38531FE86197003179A1 /* Shuffle_Play.xcdatamodeld */; };
		5C1B38571FE86197003179A1 /* Assets.xcassets in Resources */ = {isa = PBXBuildFile; fileRef = 5C1B38561FE86197003179A1 /* Assets.xcassets */; };
		5C1B385A1FE86197003179A1 /* LaunchScreen.storyboard in Resources */ = {isa = PBXBuildFile; fileRef = 5C1B38581FE86197003179A1 /* LaunchScreen.storyboard */; };
		5C1B38651FE86197003179A1 /* Shuffle_PlayTests.swift in Sources */ = {isa = PBXBuildFile; fileRef = 5C1B38641FE86197003179A1 /* Shuffle_PlayTests.swift */; };
		5C1B38701FE86197003179A1 /* Shuffle_PlayUITests.swift in Sources */ = {isa = PBXBuildFile; fileRef = 5C1B386F1FE86197003179A1 /* Shuffle_PlayUITests.swift */; };
		5C286CA42027E02200DD90FB /* aboutSPController.swift in Sources */ = {isa = PBXBuildFile; fileRef = 5C286CA32027E02200DD90FB /* aboutSPController.swift */; };
		5C3D67452049DD310058A20B /* genreSroll.swift in Sources */ = {isa = PBXBuildFile; fileRef = 5C3D67442049DD310058A20B /* genreSroll.swift */; };
		5C643F25207EB48300926DDD /* PlayerController.swift in Sources */ = {isa = PBXBuildFile; fileRef = 5C643F24207EB48300926DDD /* PlayerController.swift */; };
		5C698CB22009976C005FD7C4 /* ProfileController.swift in Sources */ = {isa = PBXBuildFile; fileRef = 5C698CB12009976C005FD7C4 /* ProfileController.swift */; };
		5C7FF3DD205F75C000668E23 /* Track.swift in Sources */ = {isa = PBXBuildFile; fileRef = 5C7FF3DC205F75C000668E23 /* Track.swift */; };
		5C8C6B2D2076973D007A68AF /* AutoLayoutContraints.swift in Sources */ = {isa = PBXBuildFile; fileRef = 5C8C6B2C2076973D007A68AF /* AutoLayoutContraints.swift */; };
		5CA600AD1FF855C200DD40E6 /* UIButtonExtension.swift in Sources */ = {isa = PBXBuildFile; fileRef = 5CA600AC1FF855C200DD40E6 /* UIButtonExtension.swift */; };
		5CC20AE1202FB3AB00CFF27C /* gradientUIViewExtension.swift in Sources */ = {isa = PBXBuildFile; fileRef = 5CC20AE0202FB3AB00CFF27C /* gradientUIViewExtension.swift */; };
		5CC20AE3202FB69E00CFF27C /* ColorExtensions.swift in Sources */ = {isa = PBXBuildFile; fileRef = 5CC20AE2202FB69E00CFF27C /* ColorExtensions.swift */; };
		5CD87DDA202EBB2600F795EF /* pulseExtension.swift in Sources */ = {isa = PBXBuildFile; fileRef = 5CD87DD9202EBB2600F795EF /* pulseExtension.swift */; };
		5CDA80D420467BED003995B8 /* AlertExtension.swift in Sources */ = {isa = PBXBuildFile; fileRef = 5CDA80D320467BED003995B8 /* AlertExtension.swift */; };
		5CEF02A2201D3DDB00D63D3E /* aboutController.swift in Sources */ = {isa = PBXBuildFile; fileRef = 5CEF02A1201D3DDB00D63D3E /* aboutController.swift */; };
		DC20975620D43503000905F4 /* Interface.storyboard in Resources */ = {isa = PBXBuildFile; fileRef = DC20975420D43503000905F4 /* Interface.storyboard */; };
		DC20975820D43504000905F4 /* Assets.xcassets in Resources */ = {isa = PBXBuildFile; fileRef = DC20975720D43504000905F4 /* Assets.xcassets */; };
		DC20975F20D43505000905F4 /* WatchAppShufflePlayPlus Extension.appex in Embed App Extensions */ = {isa = PBXBuildFile; fileRef = DC20975E20D43505000905F4 /* WatchAppShufflePlayPlus Extension.appex */; settings = {ATTRIBUTES = (RemoveHeadersOnCopy, ); }; };
		DC20976420D43505000905F4 /* InterfaceController.swift in Sources */ = {isa = PBXBuildFile; fileRef = DC20976320D43505000905F4 /* InterfaceController.swift */; };
		DC20976620D43505000905F4 /* ExtensionDelegate.swift in Sources */ = {isa = PBXBuildFile; fileRef = DC20976520D43505000905F4 /* ExtensionDelegate.swift */; };
		DC20976820D43505000905F4 /* NotificationController.swift in Sources */ = {isa = PBXBuildFile; fileRef = DC20976720D43505000905F4 /* NotificationController.swift */; };
		DC20976A20D43506000905F4 /* Assets.xcassets in Resources */ = {isa = PBXBuildFile; fileRef = DC20976920D43506000905F4 /* Assets.xcassets */; };
		DC20976F20D43506000905F4 /* WatchAppShufflePlayPlus.app in Embed Watch Content */ = {isa = PBXBuildFile; fileRef = DC20975220D43503000905F4 /* WatchAppShufflePlayPlus.app */; };
		DC20977920D441B3000905F4 /* GenreRow.swift in Sources */ = {isa = PBXBuildFile; fileRef = DC20977820D441B3000905F4 /* GenreRow.swift */; };
		DC6D85AB20E019A500970586 /* Assets.xcassets in Resources */ = {isa = PBXBuildFile; fileRef = 5C1B38561FE86197003179A1 /* Assets.xcassets */; };
		DC832FB820D6D38C00AC305B /* ArkitAlbumPreviewViewController.swift in Sources */ = {isa = PBXBuildFile; fileRef = DC832FB720D6D38C00AC305B /* ArkitAlbumPreviewViewController.swift */; };
		DC832FBA20D6D4CA00AC305B /* mona+lisa+frame.png in Resources */ = {isa = PBXBuildFile; fileRef = DC832FB920D6D4CA00AC305B /* mona+lisa+frame.png */; };
		DC9A46F920EF8A6F00CC8367 /* CADisplayLinkExtensionPlayerController.swift in Sources */ = {isa = PBXBuildFile; fileRef = DC9A46F820EF8A6F00CC8367 /* CADisplayLinkExtensionPlayerController.swift */; };
		DC9AA9B920E00CBE008262E8 /* NotificationCenter.framework in Frameworks */ = {isa = PBXBuildFile; fileRef = DC9AA9B820E00CBE008262E8 /* NotificationCenter.framework */; };
		DC9AA9BC20E00CBE008262E8 /* TodayViewController.swift in Sources */ = {isa = PBXBuildFile; fileRef = DC9AA9BB20E00CBE008262E8 /* TodayViewController.swift */; };
		DC9AA9BF20E00CBE008262E8 /* MainInterface.storyboard in Resources */ = {isa = PBXBuildFile; fileRef = DC9AA9BD20E00CBE008262E8 /* MainInterface.storyboard */; };
		DC9AA9C320E00CBE008262E8 /* Widget.appex in Embed App Extensions */ = {isa = PBXBuildFile; fileRef = DC9AA9B620E00CBE008262E8 /* Widget.appex */; settings = {ATTRIBUTES = (RemoveHeadersOnCopy, ); }; };
		DC9EECDB20DFBD6D002E2F94 /* MusicProviderEnum.swift in Sources */ = {isa = PBXBuildFile; fileRef = DC9EECDA20DFBD6D002E2F94 /* MusicProviderEnum.swift */; };
		DC9EECDE20DFBEA2002E2F94 /* SpotifyLoginScreen.swift in Sources */ = {isa = PBXBuildFile; fileRef = DC9EECDD20DFBEA2002E2F94 /* SpotifyLoginScreen.swift */; };
		DC9EECE320DFBFFC002E2F94 /* SpotifyAudioPlayback.framework in Frameworks */ = {isa = PBXBuildFile; fileRef = DC9EECE020DFBFFB002E2F94 /* SpotifyAudioPlayback.framework */; };
		DC9EECE420DFBFFC002E2F94 /* SpotifyAuthentication.framework in Frameworks */ = {isa = PBXBuildFile; fileRef = DC9EECE120DFBFFB002E2F94 /* SpotifyAuthentication.framework */; };
		DC9EECE520DFBFFC002E2F94 /* SpotifyMetadata.framework in Frameworks */ = {isa = PBXBuildFile; fileRef = DC9EECE220DFBFFC002E2F94 /* SpotifyMetadata.framework */; };
		DCA2F09A20E2A8D000BAE625 /* CustomButton.swift in Sources */ = {isa = PBXBuildFile; fileRef = DCA2F09920E2A8D000BAE625 /* CustomButton.swift */; };
		DCA2F09C20E2AF8B00BAE625 /* CustomGenreButton.swift in Sources */ = {isa = PBXBuildFile; fileRef = DCA2F09B20E2AF8B00BAE625 /* CustomGenreButton.swift */; };
		DCD001F320C9C026002C7222 /* NotificationsNameExtension.swift in Sources */ = {isa = PBXBuildFile; fileRef = DCD001F220C9C025002C7222 /* NotificationsNameExtension.swift */; };
		DCD001F520CB1100002C7222 /* CoreSpotlight.swift in Sources */ = {isa = PBXBuildFile; fileRef = DCD001F420CB1100002C7222 /* CoreSpotlight.swift */; };
		DCECCB2D20D69D19002950EE /* ViewControllerExtension.swift in Sources */ = {isa = PBXBuildFile; fileRef = DCECCB2C20D69D19002950EE /* ViewControllerExtension.swift */; };
		DCED665420E169AB0060DC70 /* CustomImageView.swift in Sources */ = {isa = PBXBuildFile; fileRef = DCED665320E169AB0060DC70 /* CustomImageView.swift */; };
		DCED665620E16DB90060DC70 /* CustomLabel.swift in Sources */ = {isa = PBXBuildFile; fileRef = DCED665520E16DB90060DC70 /* CustomLabel.swift */; };
		DCED665820E16E5D0060DC70 /* CustomTextView.swift in Sources */ = {isa = PBXBuildFile; fileRef = DCED665720E16E5D0060DC70 /* CustomTextView.swift */; };
		DCED793420D049B300EE9ACB /* Localizable.strings in Resources */ = {isa = PBXBuildFile; fileRef = DCED793620D049B300EE9ACB /* Localizable.strings */; };
/* End PBXBuildFile section */

/* Begin PBXContainerItemProxy section */
		5C1B38611FE86197003179A1 /* PBXContainerItemProxy */ = {
			isa = PBXContainerItemProxy;
			containerPortal = 5C1B38411FE86197003179A1 /* Project object */;
			proxyType = 1;
			remoteGlobalIDString = 5C1B38481FE86197003179A1;
			remoteInfo = "Shuffle Play";
		};
		5C1B386C1FE86197003179A1 /* PBXContainerItemProxy */ = {
			isa = PBXContainerItemProxy;
			containerPortal = 5C1B38411FE86197003179A1 /* Project object */;
			proxyType = 1;
			remoteGlobalIDString = 5C1B38481FE86197003179A1;
			remoteInfo = "Shuffle Play";
		};
		DC20976020D43505000905F4 /* PBXContainerItemProxy */ = {
			isa = PBXContainerItemProxy;
			containerPortal = 5C1B38411FE86197003179A1 /* Project object */;
			proxyType = 1;
			remoteGlobalIDString = DC20975D20D43505000905F4;
			remoteInfo = "WatchAppShufflePlayPlus Extension";
		};
		DC20976D20D43506000905F4 /* PBXContainerItemProxy */ = {
			isa = PBXContainerItemProxy;
			containerPortal = 5C1B38411FE86197003179A1 /* Project object */;
			proxyType = 1;
			remoteGlobalIDString = DC20975120D43503000905F4;
			remoteInfo = WatchAppShufflePlayPlus;
		};
		DC9AA9C120E00CBE008262E8 /* PBXContainerItemProxy */ = {
			isa = PBXContainerItemProxy;
			containerPortal = 5C1B38411FE86197003179A1 /* Project object */;
			proxyType = 1;
			remoteGlobalIDString = DC9AA9B520E00CBE008262E8;
			remoteInfo = Widget;
		};
/* End PBXContainerItemProxy section */

/* Begin PBXCopyFilesBuildPhase section */
		DC20977520D43506000905F4 /* Embed App Extensions */ = {
			isa = PBXCopyFilesBuildPhase;
			buildActionMask = 2147483647;
			dstPath = "";
			dstSubfolderSpec = 13;
			files = (
				DC20975F20D43505000905F4 /* WatchAppShufflePlayPlus Extension.appex in Embed App Extensions */,
			);
			name = "Embed App Extensions";
			runOnlyForDeploymentPostprocessing = 0;
		};
		DC20977720D43506000905F4 /* Embed Watch Content */ = {
			isa = PBXCopyFilesBuildPhase;
			buildActionMask = 2147483647;
			dstPath = "$(CONTENTS_FOLDER_PATH)/Watch";
			dstSubfolderSpec = 16;
			files = (
				DC20976F20D43506000905F4 /* WatchAppShufflePlayPlus.app in Embed Watch Content */,
			);
			name = "Embed Watch Content";
			runOnlyForDeploymentPostprocessing = 0;
		};
		DC9AA9C720E00CBE008262E8 /* Embed App Extensions */ = {
			isa = PBXCopyFilesBuildPhase;
			buildActionMask = 2147483647;
			dstPath = "";
			dstSubfolderSpec = 13;
			files = (
				DC9AA9C320E00CBE008262E8 /* Widget.appex in Embed App Extensions */,
			);
			name = "Embed App Extensions";
			runOnlyForDeploymentPostprocessing = 0;
		};
/* End PBXCopyFilesBuildPhase section */

/* Begin PBXFileReference section */
		24A955A820D1DFDF009B48E6 /* TylerViewController.swift */ = {isa = PBXFileReference; lastKnownFileType = sourcecode.swift; path = TylerViewController.swift; sourceTree = "<group>"; };
		24A955AA20D1E03E009B48E6 /* ThomViewController.swift */ = {isa = PBXFileReference; lastKnownFileType = sourcecode.swift; path = ThomViewController.swift; sourceTree = "<group>"; };
		24F555EE20CDC86400D4EF7E /* DeveloperMenuViewController.swift */ = {isa = PBXFileReference; lastKnownFileType = sourcecode.swift; path = DeveloperMenuViewController.swift; sourceTree = "<group>"; };
		5C00C0CE204D4003002F346F /* MainScreenController.swift */ = {isa = PBXFileReference; lastKnownFileType = sourcecode.swift; path = MainScreenController.swift; sourceTree = "<group>"; };
		5C1B38491FE86197003179A1 /* Shuffle Play.app */ = {isa = PBXFileReference; explicitFileType = wrapper.application; includeInIndex = 0; path = "Shuffle Play.app"; sourceTree = BUILT_PRODUCTS_DIR; };
		5C1B384C1FE86197003179A1 /* AppDelegate.swift */ = {isa = PBXFileReference; lastKnownFileType = sourcecode.swift; path = AppDelegate.swift; sourceTree = "<group>"; };
		5C1B38511FE86197003179A1 /* Base */ = {isa = PBXFileReference; lastKnownFileType = file.storyboard; name = Base; path = Base.lproj/Main.storyboard; sourceTree = "<group>"; };
		5C1B38541FE86197003179A1 /* Shuffle_Play.xcdatamodel */ = {isa = PBXFileReference; lastKnownFileType = wrapper.xcdatamodel; path = Shuffle_Play.xcdatamodel; sourceTree = "<group>"; };
		5C1B38561FE86197003179A1 /* Assets.xcassets */ = {isa = PBXFileReference; lastKnownFileType = folder.assetcatalog; path = Assets.xcassets; sourceTree = "<group>"; };
		5C1B38591FE86197003179A1 /* Base */ = {isa = PBXFileReference; lastKnownFileType = file.storyboard; name = Base; path = Base.lproj/LaunchScreen.storyboard; sourceTree = "<group>"; };
		5C1B385B1FE86197003179A1 /* Info.plist */ = {isa = PBXFileReference; lastKnownFileType = text.plist.xml; path = Info.plist; sourceTree = "<group>"; };
		5C1B38601FE86197003179A1 /* Shuffle PlayTests.xctest */ = {isa = PBXFileReference; explicitFileType = wrapper.cfbundle; includeInIndex = 0; path = "Shuffle PlayTests.xctest"; sourceTree = BUILT_PRODUCTS_DIR; };
		5C1B38641FE86197003179A1 /* Shuffle_PlayTests.swift */ = {isa = PBXFileReference; lastKnownFileType = sourcecode.swift; path = Shuffle_PlayTests.swift; sourceTree = "<group>"; };
		5C1B38661FE86197003179A1 /* Info.plist */ = {isa = PBXFileReference; lastKnownFileType = text.plist.xml; path = Info.plist; sourceTree = "<group>"; };
		5C1B386B1FE86197003179A1 /* Shuffle PlayUITests.xctest */ = {isa = PBXFileReference; explicitFileType = wrapper.cfbundle; includeInIndex = 0; path = "Shuffle PlayUITests.xctest"; sourceTree = BUILT_PRODUCTS_DIR; };
		5C1B386F1FE86197003179A1 /* Shuffle_PlayUITests.swift */ = {isa = PBXFileReference; lastKnownFileType = sourcecode.swift; path = Shuffle_PlayUITests.swift; sourceTree = "<group>"; };
		5C1B38711FE86197003179A1 /* Info.plist */ = {isa = PBXFileReference; lastKnownFileType = text.plist.xml; path = Info.plist; sourceTree = "<group>"; };
		5C286CA32027E02200DD90FB /* aboutSPController.swift */ = {isa = PBXFileReference; lastKnownFileType = sourcecode.swift; path = aboutSPController.swift; sourceTree = "<group>"; };
		5C3D67442049DD310058A20B /* genreSroll.swift */ = {isa = PBXFileReference; lastKnownFileType = sourcecode.swift; path = genreSroll.swift; sourceTree = "<group>"; xcLanguageSpecificationIdentifier = xcode.lang.swift; };
		5C643F24207EB48300926DDD /* PlayerController.swift */ = {isa = PBXFileReference; lastKnownFileType = sourcecode.swift; path = PlayerController.swift; sourceTree = "<group>"; };
		5C698CB12009976C005FD7C4 /* ProfileController.swift */ = {isa = PBXFileReference; lastKnownFileType = sourcecode.swift; path = ProfileController.swift; sourceTree = "<group>"; };
		5C7FF3DC205F75C000668E23 /* Track.swift */ = {isa = PBXFileReference; lastKnownFileType = sourcecode.swift; path = Track.swift; sourceTree = "<group>"; };
		5C8C6B2C2076973D007A68AF /* AutoLayoutContraints.swift */ = {isa = PBXFileReference; lastKnownFileType = sourcecode.swift; path = AutoLayoutContraints.swift; sourceTree = "<group>"; };
		5CA600AC1FF855C200DD40E6 /* UIButtonExtension.swift */ = {isa = PBXFileReference; lastKnownFileType = sourcecode.swift; path = UIButtonExtension.swift; sourceTree = "<group>"; };
		5CC20AE0202FB3AB00CFF27C /* gradientUIViewExtension.swift */ = {isa = PBXFileReference; lastKnownFileType = sourcecode.swift; path = gradientUIViewExtension.swift; sourceTree = "<group>"; };
		5CC20AE2202FB69E00CFF27C /* ColorExtensions.swift */ = {isa = PBXFileReference; lastKnownFileType = sourcecode.swift; path = ColorExtensions.swift; sourceTree = "<group>"; };
		5CD87DD9202EBB2600F795EF /* pulseExtension.swift */ = {isa = PBXFileReference; lastKnownFileType = sourcecode.swift; path = pulseExtension.swift; sourceTree = "<group>"; };
		5CDA80D320467BED003995B8 /* AlertExtension.swift */ = {isa = PBXFileReference; lastKnownFileType = sourcecode.swift; path = AlertExtension.swift; sourceTree = "<group>"; };
		5CEF02A1201D3DDB00D63D3E /* aboutController.swift */ = {isa = PBXFileReference; lastKnownFileType = sourcecode.swift; path = aboutController.swift; sourceTree = "<group>"; };
		DC20975220D43503000905F4 /* WatchAppShufflePlayPlus.app */ = {isa = PBXFileReference; explicitFileType = wrapper.application; includeInIndex = 0; path = WatchAppShufflePlayPlus.app; sourceTree = BUILT_PRODUCTS_DIR; };
		DC20975520D43503000905F4 /* Base */ = {isa = PBXFileReference; lastKnownFileType = file.storyboard; name = Base; path = Base.lproj/Interface.storyboard; sourceTree = "<group>"; };
		DC20975720D43504000905F4 /* Assets.xcassets */ = {isa = PBXFileReference; lastKnownFileType = folder.assetcatalog; path = Assets.xcassets; sourceTree = "<group>"; };
		DC20975920D43504000905F4 /* Info.plist */ = {isa = PBXFileReference; lastKnownFileType = text.plist.xml; path = Info.plist; sourceTree = "<group>"; };
		DC20975E20D43505000905F4 /* WatchAppShufflePlayPlus Extension.appex */ = {isa = PBXFileReference; explicitFileType = "wrapper.app-extension"; includeInIndex = 0; path = "WatchAppShufflePlayPlus Extension.appex"; sourceTree = BUILT_PRODUCTS_DIR; };
		DC20976320D43505000905F4 /* InterfaceController.swift */ = {isa = PBXFileReference; lastKnownFileType = sourcecode.swift; path = InterfaceController.swift; sourceTree = "<group>"; };
		DC20976520D43505000905F4 /* ExtensionDelegate.swift */ = {isa = PBXFileReference; lastKnownFileType = sourcecode.swift; path = ExtensionDelegate.swift; sourceTree = "<group>"; };
		DC20976720D43505000905F4 /* NotificationController.swift */ = {isa = PBXFileReference; lastKnownFileType = sourcecode.swift; path = NotificationController.swift; sourceTree = "<group>"; };
		DC20976920D43506000905F4 /* Assets.xcassets */ = {isa = PBXFileReference; lastKnownFileType = folder.assetcatalog; path = Assets.xcassets; sourceTree = "<group>"; };
		DC20976B20D43506000905F4 /* Info.plist */ = {isa = PBXFileReference; lastKnownFileType = text.plist.xml; path = Info.plist; sourceTree = "<group>"; };
		DC20976C20D43506000905F4 /* PushNotificationPayload.apns */ = {isa = PBXFileReference; lastKnownFileType = text; path = PushNotificationPayload.apns; sourceTree = "<group>"; };
		DC20977820D441B3000905F4 /* GenreRow.swift */ = {isa = PBXFileReference; lastKnownFileType = sourcecode.swift; path = GenreRow.swift; sourceTree = "<group>"; };
		DC832FB720D6D38C00AC305B /* ArkitAlbumPreviewViewController.swift */ = {isa = PBXFileReference; lastKnownFileType = sourcecode.swift; path = ArkitAlbumPreviewViewController.swift; sourceTree = "<group>"; };
		DC832FB920D6D4CA00AC305B /* mona+lisa+frame.png */ = {isa = PBXFileReference; lastKnownFileType = image.png; path = "mona+lisa+frame.png"; sourceTree = "<group>"; };
		DC9A46F820EF8A6F00CC8367 /* CADisplayLinkExtensionPlayerController.swift */ = {isa = PBXFileReference; lastKnownFileType = sourcecode.swift; path = CADisplayLinkExtensionPlayerController.swift; sourceTree = "<group>"; };
		DC9AA9B620E00CBE008262E8 /* Widget.appex */ = {isa = PBXFileReference; explicitFileType = "wrapper.app-extension"; includeInIndex = 0; path = Widget.appex; sourceTree = BUILT_PRODUCTS_DIR; };
		DC9AA9B820E00CBE008262E8 /* NotificationCenter.framework */ = {isa = PBXFileReference; lastKnownFileType = wrapper.framework; name = NotificationCenter.framework; path = System/Library/Frameworks/NotificationCenter.framework; sourceTree = SDKROOT; };
		DC9AA9BB20E00CBE008262E8 /* TodayViewController.swift */ = {isa = PBXFileReference; lastKnownFileType = sourcecode.swift; path = TodayViewController.swift; sourceTree = "<group>"; };
		DC9AA9BE20E00CBE008262E8 /* Base */ = {isa = PBXFileReference; lastKnownFileType = file.storyboard; name = Base; path = Base.lproj/MainInterface.storyboard; sourceTree = "<group>"; };
		DC9AA9C020E00CBE008262E8 /* Info.plist */ = {isa = PBXFileReference; lastKnownFileType = text.plist.xml; path = Info.plist; sourceTree = "<group>"; };
		DC9AA9C820E01045008262E8 /* Shuffle Play.entitlements */ = {isa = PBXFileReference; lastKnownFileType = text.plist.entitlements; path = "Shuffle Play.entitlements"; sourceTree = "<group>"; };
		DC9AA9C920E01077008262E8 /* Widget.entitlements */ = {isa = PBXFileReference; lastKnownFileType = text.plist.entitlements; path = Widget.entitlements; sourceTree = "<group>"; };
		DC9AA9CA20E0107F008262E8 /* WatchAppShufflePlayPlus.entitlements */ = {isa = PBXFileReference; lastKnownFileType = text.plist.entitlements; path = WatchAppShufflePlayPlus.entitlements; sourceTree = "<group>"; };
		DC9AA9CB20E01085008262E8 /* WatchAppShufflePlayPlus Extension.entitlements */ = {isa = PBXFileReference; lastKnownFileType = text.plist.entitlements; path = "WatchAppShufflePlayPlus Extension.entitlements"; sourceTree = "<group>"; };
		DC9EECDA20DFBD6D002E2F94 /* MusicProviderEnum.swift */ = {isa = PBXFileReference; lastKnownFileType = sourcecode.swift; path = MusicProviderEnum.swift; sourceTree = "<group>"; };
		DC9EECDD20DFBEA2002E2F94 /* SpotifyLoginScreen.swift */ = {isa = PBXFileReference; lastKnownFileType = sourcecode.swift; path = SpotifyLoginScreen.swift; sourceTree = "<group>"; };
		DC9EECE020DFBFFB002E2F94 /* SpotifyAudioPlayback.framework */ = {isa = PBXFileReference; lastKnownFileType = wrapper.framework; path = SpotifyAudioPlayback.framework; sourceTree = "<group>"; };
		DC9EECE120DFBFFB002E2F94 /* SpotifyAuthentication.framework */ = {isa = PBXFileReference; lastKnownFileType = wrapper.framework; path = SpotifyAuthentication.framework; sourceTree = "<group>"; };
		DC9EECE220DFBFFC002E2F94 /* SpotifyMetadata.framework */ = {isa = PBXFileReference; lastKnownFileType = wrapper.framework; path = SpotifyMetadata.framework; sourceTree = "<group>"; };
		DC9EECE620DFC03F002E2F94 /* Shuffle Play-Bridging-Header.h */ = {isa = PBXFileReference; lastKnownFileType = sourcecode.c.h; path = "Shuffle Play-Bridging-Header.h"; sourceTree = "<group>"; };
		DCA2F09920E2A8D000BAE625 /* CustomButton.swift */ = {isa = PBXFileReference; lastKnownFileType = sourcecode.swift; path = CustomButton.swift; sourceTree = "<group>"; };
		DCA2F09B20E2AF8B00BAE625 /* CustomGenreButton.swift */ = {isa = PBXFileReference; lastKnownFileType = sourcecode.swift; path = CustomGenreButton.swift; sourceTree = "<group>"; };
		DCD001F220C9C025002C7222 /* NotificationsNameExtension.swift */ = {isa = PBXFileReference; fileEncoding = 4; lastKnownFileType = sourcecode.swift; path = NotificationsNameExtension.swift; sourceTree = "<group>"; };
		DCD001F420CB1100002C7222 /* CoreSpotlight.swift */ = {isa = PBXFileReference; lastKnownFileType = sourcecode.swift; path = CoreSpotlight.swift; sourceTree = "<group>"; };
		DCECCB2C20D69D19002950EE /* ViewControllerExtension.swift */ = {isa = PBXFileReference; lastKnownFileType = sourcecode.swift; path = ViewControllerExtension.swift; sourceTree = "<group>"; };
		DCED665320E169AB0060DC70 /* CustomImageView.swift */ = {isa = PBXFileReference; lastKnownFileType = sourcecode.swift; path = CustomImageView.swift; sourceTree = "<group>"; };
		DCED665520E16DB90060DC70 /* CustomLabel.swift */ = {isa = PBXFileReference; lastKnownFileType = sourcecode.swift; path = CustomLabel.swift; sourceTree = "<group>"; };
		DCED665720E16E5D0060DC70 /* CustomTextView.swift */ = {isa = PBXFileReference; lastKnownFileType = sourcecode.swift; path = CustomTextView.swift; sourceTree = "<group>"; };
		DCED793120D0494100EE9ACB /* en */ = {isa = PBXFileReference; lastKnownFileType = text.plist.strings; name = en; path = en.lproj/Main.strings; sourceTree = "<group>"; };
		DCED793520D049B300EE9ACB /* en */ = {isa = PBXFileReference; lastKnownFileType = text.plist.strings; name = en; path = en.lproj/Localizable.strings; sourceTree = "<group>"; };
		DCED793720D04A3900EE9ACB /* nl */ = {isa = PBXFileReference; lastKnownFileType = text.plist.strings; name = nl; path = nl.lproj/Main.strings; sourceTree = "<group>"; };
		DCED793820D04A3900EE9ACB /* nl */ = {isa = PBXFileReference; lastKnownFileType = text.plist.strings; name = nl; path = nl.lproj/LaunchScreen.strings; sourceTree = "<group>"; };
		DCED793920D04A3900EE9ACB /* nl */ = {isa = PBXFileReference; lastKnownFileType = text.plist.strings; name = nl; path = nl.lproj/Localizable.strings; sourceTree = "<group>"; };
/* End PBXFileReference section */

/* Begin PBXFrameworksBuildPhase section */
		5C1B38461FE86197003179A1 /* Frameworks */ = {
			isa = PBXFrameworksBuildPhase;
			buildActionMask = 2147483647;
			files = (
				DC9EECE320DFBFFC002E2F94 /* SpotifyAudioPlayback.framework in Frameworks */,
				DC9EECE520DFBFFC002E2F94 /* SpotifyMetadata.framework in Frameworks */,
				DC9EECE420DFBFFC002E2F94 /* SpotifyAuthentication.framework in Frameworks */,
			);
			runOnlyForDeploymentPostprocessing = 0;
		};
		5C1B385D1FE86197003179A1 /* Frameworks */ = {
			isa = PBXFrameworksBuildPhase;
			buildActionMask = 2147483647;
			files = (
			);
			runOnlyForDeploymentPostprocessing = 0;
		};
		5C1B38681FE86197003179A1 /* Frameworks */ = {
			isa = PBXFrameworksBuildPhase;
			buildActionMask = 2147483647;
			files = (
			);
			runOnlyForDeploymentPostprocessing = 0;
		};
		DC20975B20D43505000905F4 /* Frameworks */ = {
			isa = PBXFrameworksBuildPhase;
			buildActionMask = 2147483647;
			files = (
			);
			runOnlyForDeploymentPostprocessing = 0;
		};
		DC9AA9B320E00CBE008262E8 /* Frameworks */ = {
			isa = PBXFrameworksBuildPhase;
			buildActionMask = 2147483647;
			files = (
				DC9AA9B920E00CBE008262E8 /* NotificationCenter.framework in Frameworks */,
			);
			runOnlyForDeploymentPostprocessing = 0;
		};
/* End PBXFrameworksBuildPhase section */

/* Begin PBXGroup section */
		5C1B38401FE86197003179A1 = {
			isa = PBXGroup;
			children = (
				5C1B385B1FE86197003179A1 /* Info.plist */,
				5C1B384B1FE86197003179A1 /* Shuffle Play */,
				5C1B38631FE86197003179A1 /* Shuffle PlayTests */,
				5C1B386E1FE86197003179A1 /* Shuffle PlayUITests */,
				DC20975320D43503000905F4 /* WatchAppShufflePlayPlus */,
				DC20976220D43505000905F4 /* WatchAppShufflePlayPlus Extension */,
				DC9AA9BA20E00CBE008262E8 /* Widget */,
				DC9AA9B720E00CBE008262E8 /* Frameworks */,
				5C1B384A1FE86197003179A1 /* Products */,
			);
			sourceTree = "<group>";
			usesTabs = 1;
		};
		5C1B384A1FE86197003179A1 /* Products */ = {
			isa = PBXGroup;
			children = (
				5C1B38491FE86197003179A1 /* Shuffle Play.app */,
				5C1B38601FE86197003179A1 /* Shuffle PlayTests.xctest */,
				5C1B386B1FE86197003179A1 /* Shuffle PlayUITests.xctest */,
				DC20975220D43503000905F4 /* WatchAppShufflePlayPlus.app */,
				DC20975E20D43505000905F4 /* WatchAppShufflePlayPlus Extension.appex */,
				DC9AA9B620E00CBE008262E8 /* Widget.appex */,
			);
			name = Products;
			sourceTree = "<group>";
		};
		5C1B384B1FE86197003179A1 /* Shuffle Play */ = {
			isa = PBXGroup;
			children = (
				DC9AA9C820E01045008262E8 /* Shuffle Play.entitlements */,
				5C7FF3DB205F758F00668E23 /* UI ViewControllers */,
				DCED792F20D0481D00EE9ACB /* Localizable */,
				DC3EFFF120C9BF2900F4AFC9 /* Model */,
				DCED665220E169880060DC70 /* View */,
				DC3EFFF020C9BE1900F4AFC9 /* Extensions */,
				5C698CB32009AAD8005FD7C4 /* Helpers */,
			);
			path = "Shuffle Play";
			sourceTree = "<group>";
		};
		5C1B38631FE86197003179A1 /* Shuffle PlayTests */ = {
			isa = PBXGroup;
			children = (
				5C1B38641FE86197003179A1 /* Shuffle_PlayTests.swift */,
				5C1B38661FE86197003179A1 /* Info.plist */,
			);
			path = "Shuffle PlayTests";
			sourceTree = "<group>";
		};
		5C1B386E1FE86197003179A1 /* Shuffle PlayUITests */ = {
			isa = PBXGroup;
			children = (
				5C1B386F1FE86197003179A1 /* Shuffle_PlayUITests.swift */,
				5C1B38711FE86197003179A1 /* Info.plist */,
			);
			path = "Shuffle PlayUITests";
			sourceTree = "<group>";
		};
		5C698CB32009AAD8005FD7C4 /* Helpers */ = {
			isa = PBXGroup;
			children = (
				DC9EECDF20DFBFE4002E2F94 /* Frameworks */,
				DC9EECDC20DFBD74002E2F94 /* Enums */,
				5C1B38561FE86197003179A1 /* Assets.xcassets */,
				5C1B38501FE86197003179A1 /* Main.storyboard */,
				5C1B38581FE86197003179A1 /* LaunchScreen.storyboard */,
				5C1B38531FE86197003179A1 /* Shuffle_Play.xcdatamodeld */,
				5C1B384C1FE86197003179A1 /* AppDelegate.swift */,
			);
			path = Helpers;
			sourceTree = "<group>";
		};
		5C7FF3DB205F758F00668E23 /* UI ViewControllers */ = {
			isa = PBXGroup;
			children = (
				5C698CB12009976C005FD7C4 /* ProfileController.swift */,
				5CEF02A1201D3DDB00D63D3E /* aboutController.swift */,
				5C286CA32027E02200DD90FB /* aboutSPController.swift */,
				5C3D67442049DD310058A20B /* genreSroll.swift */,
				5C00C0CE204D4003002F346F /* MainScreenController.swift */,
				5C643F24207EB48300926DDD /* PlayerController.swift */,
				DC9A46F820EF8A6F00CC8367 /* CADisplayLinkExtensionPlayerController.swift */,
				DC832FB720D6D38C00AC305B /* ArkitAlbumPreviewViewController.swift */,
				24F555EE20CDC86400D4EF7E /* DeveloperMenuViewController.swift */,
				DC9EECDD20DFBEA2002E2F94 /* SpotifyLoginScreen.swift */,
				24A955A820D1DFDF009B48E6 /* TylerViewController.swift */,
				24A955AA20D1E03E009B48E6 /* ThomViewController.swift */,
				DC832FB920D6D4CA00AC305B /* mona+lisa+frame.png */,
			);
			path = "UI ViewControllers";
			sourceTree = "<group>";
		};
		DC20975320D43503000905F4 /* WatchAppShufflePlayPlus */ = {
			isa = PBXGroup;
			children = (
				DC9AA9CA20E0107F008262E8 /* WatchAppShufflePlayPlus.entitlements */,
				DC20975420D43503000905F4 /* Interface.storyboard */,
				DC20975720D43504000905F4 /* Assets.xcassets */,
				DC20975920D43504000905F4 /* Info.plist */,
			);
			path = WatchAppShufflePlayPlus;
			sourceTree = "<group>";
		};
		DC20976220D43505000905F4 /* WatchAppShufflePlayPlus Extension */ = {
			isa = PBXGroup;
			children = (
				DC9AA9CB20E01085008262E8 /* WatchAppShufflePlayPlus Extension.entitlements */,
				DC20976320D43505000905F4 /* InterfaceController.swift */,
				DC20977820D441B3000905F4 /* GenreRow.swift */,
				DC20976520D43505000905F4 /* ExtensionDelegate.swift */,
				DC20976720D43505000905F4 /* NotificationController.swift */,
				DC20976920D43506000905F4 /* Assets.xcassets */,
				DC20976B20D43506000905F4 /* Info.plist */,
				DC20976C20D43506000905F4 /* PushNotificationPayload.apns */,
			);
			path = "WatchAppShufflePlayPlus Extension";
			sourceTree = "<group>";
		};
		DC3EFFF020C9BE1900F4AFC9 /* Extensions */ = {
			isa = PBXGroup;
			children = (
				5CA600AC1FF855C200DD40E6 /* UIButtonExtension.swift */,
				5CD87DD9202EBB2600F795EF /* pulseExtension.swift */,
				5CC20AE0202FB3AB00CFF27C /* gradientUIViewExtension.swift */,
				5CDA80D320467BED003995B8 /* AlertExtension.swift */,
				5CC20AE2202FB69E00CFF27C /* ColorExtensions.swift */,
				5C8C6B2C2076973D007A68AF /* AutoLayoutContraints.swift */,
				DCD001F220C9C025002C7222 /* NotificationsNameExtension.swift */,
				DCD001F420CB1100002C7222 /* CoreSpotlight.swift */,
				DCECCB2C20D69D19002950EE /* ViewControllerExtension.swift */,
			);
			path = Extensions;
			sourceTree = "<group>";
		};
		DC3EFFF120C9BF2900F4AFC9 /* Model */ = {
			isa = PBXGroup;
			children = (
				5C7FF3DC205F75C000668E23 /* Track.swift */,
			);
			path = Model;
			sourceTree = "<group>";
		};
		DC42B78020E2A87B0068A7A1 /* Custom Buttons */ = {
			isa = PBXGroup;
			children = (
				DCA2F09920E2A8D000BAE625 /* CustomButton.swift */,
				DCA2F09B20E2AF8B00BAE625 /* CustomGenreButton.swift */,
			);
			path = "Custom Buttons";
			sourceTree = "<group>";
		};
		DC9AA9B720E00CBE008262E8 /* Frameworks */ = {
			isa = PBXGroup;
			children = (
				DC9AA9B820E00CBE008262E8 /* NotificationCenter.framework */,
			);
			name = Frameworks;
			sourceTree = "<group>";
		};
		DC9AA9BA20E00CBE008262E8 /* Widget */ = {
			isa = PBXGroup;
			children = (
				DC9AA9C920E01077008262E8 /* Widget.entitlements */,
				DC9AA9BB20E00CBE008262E8 /* TodayViewController.swift */,
				DC9AA9BD20E00CBE008262E8 /* MainInterface.storyboard */,
				DC9AA9C020E00CBE008262E8 /* Info.plist */,
			);
			path = Widget;
			sourceTree = "<group>";
		};
		DC9EECDC20DFBD74002E2F94 /* Enums */ = {
			isa = PBXGroup;
			children = (
				DC9EECDA20DFBD6D002E2F94 /* MusicProviderEnum.swift */,
			);
			path = Enums;
			sourceTree = "<group>";
		};
		DC9EECDF20DFBFE4002E2F94 /* Frameworks */ = {
			isa = PBXGroup;
			children = (
				DC9EECE020DFBFFB002E2F94 /* SpotifyAudioPlayback.framework */,
				DC9EECE120DFBFFB002E2F94 /* SpotifyAuthentication.framework */,
				DC9EECE220DFBFFC002E2F94 /* SpotifyMetadata.framework */,
				DC9EECE620DFC03F002E2F94 /* Shuffle Play-Bridging-Header.h */,
			);
			path = Frameworks;
			sourceTree = "<group>";
		};
		DCED665220E169880060DC70 /* View */ = {
			isa = PBXGroup;
			children = (
				DC42B78020E2A87B0068A7A1 /* Custom Buttons */,
				DCED665320E169AB0060DC70 /* CustomImageView.swift */,
				DCED665520E16DB90060DC70 /* CustomLabel.swift */,
				DCED665720E16E5D0060DC70 /* CustomTextView.swift */,
			);
			path = View;
			sourceTree = "<group>";
		};
		DCED792F20D0481D00EE9ACB /* Localizable */ = {
			isa = PBXGroup;
			children = (
				DCED793620D049B300EE9ACB /* Localizable.strings */,
			);
			path = Localizable;
			sourceTree = "<group>";
		};
/* End PBXGroup section */

/* Begin PBXNativeTarget section */
		5C1B38481FE86197003179A1 /* Shuffle Play */ = {
			isa = PBXNativeTarget;
			buildConfigurationList = 5C1B38741FE86197003179A1 /* Build configuration list for PBXNativeTarget "Shuffle Play" */;
			buildPhases = (
				5C1B38451FE86197003179A1 /* Sources */,
				5C1B38461FE86197003179A1 /* Frameworks */,
				5C1B38471FE86197003179A1 /* Resources */,
				DC20977720D43506000905F4 /* Embed Watch Content */,
				DC9AA9C720E00CBE008262E8 /* Embed App Extensions */,
			);
			buildRules = (
			);
			dependencies = (
				DC20976E20D43506000905F4 /* PBXTargetDependency */,
				DC9AA9C220E00CBE008262E8 /* PBXTargetDependency */,
			);
			name = "Shuffle Play";
			productName = "Shuffle Play";
			productReference = 5C1B38491FE86197003179A1 /* Shuffle Play.app */;
			productType = "com.apple.product-type.application";
		};
		5C1B385F1FE86197003179A1 /* Shuffle PlayTests */ = {
			isa = PBXNativeTarget;
			buildConfigurationList = 5C1B38771FE86197003179A1 /* Build configuration list for PBXNativeTarget "Shuffle PlayTests" */;
			buildPhases = (
				5C1B385C1FE86197003179A1 /* Sources */,
				5C1B385D1FE86197003179A1 /* Frameworks */,
				5C1B385E1FE86197003179A1 /* Resources */,
			);
			buildRules = (
			);
			dependencies = (
				5C1B38621FE86197003179A1 /* PBXTargetDependency */,
			);
			name = "Shuffle PlayTests";
			productName = "Shuffle PlayTests";
			productReference = 5C1B38601FE86197003179A1 /* Shuffle PlayTests.xctest */;
			productType = "com.apple.product-type.bundle.unit-test";
		};
		5C1B386A1FE86197003179A1 /* Shuffle PlayUITests */ = {
			isa = PBXNativeTarget;
			buildConfigurationList = 5C1B387A1FE86197003179A1 /* Build configuration list for PBXNativeTarget "Shuffle PlayUITests" */;
			buildPhases = (
				5C1B38671FE86197003179A1 /* Sources */,
				5C1B38681FE86197003179A1 /* Frameworks */,
				5C1B38691FE86197003179A1 /* Resources */,
			);
			buildRules = (
			);
			dependencies = (
				5C1B386D1FE86197003179A1 /* PBXTargetDependency */,
			);
			name = "Shuffle PlayUITests";
			productName = "Shuffle PlayUITests";
			productReference = 5C1B386B1FE86197003179A1 /* Shuffle PlayUITests.xctest */;
			productType = "com.apple.product-type.bundle.ui-testing";
		};
		DC20975120D43503000905F4 /* WatchAppShufflePlayPlus */ = {
			isa = PBXNativeTarget;
			buildConfigurationList = DC20977620D43506000905F4 /* Build configuration list for PBXNativeTarget "WatchAppShufflePlayPlus" */;
			buildPhases = (
				DC20975020D43503000905F4 /* Resources */,
				DC20977520D43506000905F4 /* Embed App Extensions */,
			);
			buildRules = (
			);
			dependencies = (
				DC20976120D43505000905F4 /* PBXTargetDependency */,
			);
			name = WatchAppShufflePlayPlus;
			productName = WatchAppShufflePlayPlus;
			productReference = DC20975220D43503000905F4 /* WatchAppShufflePlayPlus.app */;
			productType = "com.apple.product-type.application.watchapp2";
		};
		DC20975D20D43505000905F4 /* WatchAppShufflePlayPlus Extension */ = {
			isa = PBXNativeTarget;
			buildConfigurationList = DC20977420D43506000905F4 /* Build configuration list for PBXNativeTarget "WatchAppShufflePlayPlus Extension" */;
			buildPhases = (
				DC20975A20D43505000905F4 /* Sources */,
				DC20975B20D43505000905F4 /* Frameworks */,
				DC20975C20D43505000905F4 /* Resources */,
			);
			buildRules = (
			);
			dependencies = (
			);
			name = "WatchAppShufflePlayPlus Extension";
			productName = "WatchAppShufflePlayPlus Extension";
			productReference = DC20975E20D43505000905F4 /* WatchAppShufflePlayPlus Extension.appex */;
			productType = "com.apple.product-type.watchkit2-extension";
		};
		DC9AA9B520E00CBE008262E8 /* Widget */ = {
			isa = PBXNativeTarget;
			buildConfigurationList = DC9AA9C620E00CBE008262E8 /* Build configuration list for PBXNativeTarget "Widget" */;
			buildPhases = (
				DC9AA9B220E00CBE008262E8 /* Sources */,
				DC9AA9B320E00CBE008262E8 /* Frameworks */,
				DC9AA9B420E00CBE008262E8 /* Resources */,
			);
			buildRules = (
			);
			dependencies = (
			);
			name = Widget;
			productName = Widget;
			productReference = DC9AA9B620E00CBE008262E8 /* Widget.appex */;
			productType = "com.apple.product-type.app-extension";
		};
/* End PBXNativeTarget section */

/* Begin PBXProject section */
		5C1B38411FE86197003179A1 /* Project object */ = {
			isa = PBXProject;
			attributes = {
				LastSwiftUpdateCheck = 1000;
				LastUpgradeCheck = 0930;
				ORGANIZATIONNAME = "Tyler Phillips";
				TargetAttributes = {
					5C1B38481FE86197003179A1 = {
						CreatedOnToolsVersion = 9.2;
						LastSwiftMigration = 1000;
						ProvisioningStyle = Automatic;
						SystemCapabilities = {
							com.apple.ApplicationGroups.iOS = {
								enabled = 0;
							};
							com.apple.BackgroundModes = {
								enabled = 1;
							};
						};
					};
					5C1B385F1FE86197003179A1 = {
						CreatedOnToolsVersion = 9.2;
						LastSwiftMigration = 1000;
						ProvisioningStyle = Automatic;
						TestTargetID = 5C1B38481FE86197003179A1;
					};
					5C1B386A1FE86197003179A1 = {
						CreatedOnToolsVersion = 9.2;
						LastSwiftMigration = 1000;
						ProvisioningStyle = Automatic;
						TestTargetID = 5C1B38481FE86197003179A1;
					};
					DC20975120D43503000905F4 = {
						CreatedOnToolsVersion = 10.0;
						ProvisioningStyle = Automatic;
						SystemCapabilities = {
							com.apple.ApplicationGroups.iOS = {
								enabled = 0;
							};
						};
					};
					DC20975D20D43505000905F4 = {
						CreatedOnToolsVersion = 10.0;
						ProvisioningStyle = Automatic;
						SystemCapabilities = {
							com.apple.ApplicationGroups.iOS = {
								enabled = 0;
							};
						};
					};
					DC9AA9B520E00CBE008262E8 = {
						CreatedOnToolsVersion = 10.0;
						ProvisioningStyle = Automatic;
						SystemCapabilities = {
							com.apple.ApplicationGroups.iOS = {
								enabled = 0;
							};
						};
					};
				};
			};
			buildConfigurationList = 5C1B38441FE86197003179A1 /* Build configuration list for PBXProject "Shuffle Play" */;
			compatibilityVersion = "Xcode 8.0";
			developmentRegion = en;
			hasScannedForEncodings = 0;
			knownRegions = (
				en,
				Base,
				nl,
			);
			mainGroup = 5C1B38401FE86197003179A1;
			productRefGroup = 5C1B384A1FE86197003179A1 /* Products */;
			projectDirPath = "";
			projectRoot = "";
			targets = (
				5C1B38481FE86197003179A1 /* Shuffle Play */,
				5C1B385F1FE86197003179A1 /* Shuffle PlayTests */,
				5C1B386A1FE86197003179A1 /* Shuffle PlayUITests */,
				DC20975120D43503000905F4 /* WatchAppShufflePlayPlus */,
				DC20975D20D43505000905F4 /* WatchAppShufflePlayPlus Extension */,
				DC9AA9B520E00CBE008262E8 /* Widget */,
			);
		};
/* End PBXProject section */

/* Begin PBXResourcesBuildPhase section */
		5C1B38471FE86197003179A1 /* Resources */ = {
			isa = PBXResourcesBuildPhase;
			buildActionMask = 2147483647;
			files = (
				DC832FBA20D6D4CA00AC305B /* mona+lisa+frame.png in Resources */,
				5C1B385A1FE86197003179A1 /* LaunchScreen.storyboard in Resources */,
				DCED793420D049B300EE9ACB /* Localizable.strings in Resources */,
				5C1B38571FE86197003179A1 /* Assets.xcassets in Resources */,
				5C1B38521FE86197003179A1 /* Main.storyboard in Resources */,
			);
			runOnlyForDeploymentPostprocessing = 0;
		};
		5C1B385E1FE86197003179A1 /* Resources */ = {
			isa = PBXResourcesBuildPhase;
			buildActionMask = 2147483647;
			files = (
			);
			runOnlyForDeploymentPostprocessing = 0;
		};
		5C1B38691FE86197003179A1 /* Resources */ = {
			isa = PBXResourcesBuildPhase;
			buildActionMask = 2147483647;
			files = (
			);
			runOnlyForDeploymentPostprocessing = 0;
		};
		DC20975020D43503000905F4 /* Resources */ = {
			isa = PBXResourcesBuildPhase;
			buildActionMask = 2147483647;
			files = (
				DC20975820D43504000905F4 /* Assets.xcassets in Resources */,
				DC20975620D43503000905F4 /* Interface.storyboard in Resources */,
			);
			runOnlyForDeploymentPostprocessing = 0;
		};
		DC20975C20D43505000905F4 /* Resources */ = {
			isa = PBXResourcesBuildPhase;
			buildActionMask = 2147483647;
			files = (
				DC20976A20D43506000905F4 /* Assets.xcassets in Resources */,
			);
			runOnlyForDeploymentPostprocessing = 0;
		};
		DC9AA9B420E00CBE008262E8 /* Resources */ = {
			isa = PBXResourcesBuildPhase;
			buildActionMask = 2147483647;
			files = (
				DC6D85AB20E019A500970586 /* Assets.xcassets in Resources */,
				DC9AA9BF20E00CBE008262E8 /* MainInterface.storyboard in Resources */,
			);
			runOnlyForDeploymentPostprocessing = 0;
		};
/* End PBXResourcesBuildPhase section */

/* Begin PBXSourcesBuildPhase section */
		5C1B38451FE86197003179A1 /* Sources */ = {
			isa = PBXSourcesBuildPhase;
			buildActionMask = 2147483647;
			files = (
				DCED665420E169AB0060DC70 /* CustomImageView.swift in Sources */,
				DC9EECDB20DFBD6D002E2F94 /* MusicProviderEnum.swift in Sources */,
				DCA2F09C20E2AF8B00BAE625 /* CustomGenreButton.swift in Sources */,
				5C698CB22009976C005FD7C4 /* ProfileController.swift in Sources */,
				24F555EF20CDC86400D4EF7E /* DeveloperMenuViewController.swift in Sources */,
				DCD001F320C9C026002C7222 /* NotificationsNameExtension.swift in Sources */,
				5C1B384D1FE86197003179A1 /* AppDelegate.swift in Sources */,
				DC9A46F920EF8A6F00CC8367 /* CADisplayLinkExtensionPlayerController.swift in Sources */,
				5CA600AD1FF855C200DD40E6 /* UIButtonExtension.swift in Sources */,
				5C1B38551FE86197003179A1 /* Shuffle_Play.xcdatamodeld in Sources */,
				5CC20AE1202FB3AB00CFF27C /* gradientUIViewExtension.swift in Sources */,
				DCED665620E16DB90060DC70 /* CustomLabel.swift in Sources */,
				5C3D67452049DD310058A20B /* genreSroll.swift in Sources */,
				5C8C6B2D2076973D007A68AF /* AutoLayoutContraints.swift in Sources */,
				24A955A920D1DFDF009B48E6 /* TylerViewController.swift in Sources */,
				DCED665820E16E5D0060DC70 /* CustomTextView.swift in Sources */,
				DCD001F520CB1100002C7222 /* CoreSpotlight.swift in Sources */,
				24A955AB20D1E03E009B48E6 /* ThomViewController.swift in Sources */,
				DC9EECDE20DFBEA2002E2F94 /* SpotifyLoginScreen.swift in Sources */,
				DC832FB820D6D38C00AC305B /* ArkitAlbumPreviewViewController.swift in Sources */,
				DCECCB2D20D69D19002950EE /* ViewControllerExtension.swift in Sources */,
				5C286CA42027E02200DD90FB /* aboutSPController.swift in Sources */,
				5CDA80D420467BED003995B8 /* AlertExtension.swift in Sources */,
				5CD87DDA202EBB2600F795EF /* pulseExtension.swift in Sources */,
				5CC20AE3202FB69E00CFF27C /* ColorExtensions.swift in Sources */,
				5C00C0CF204D4003002F346F /* MainScreenController.swift in Sources */,
				5C7FF3DD205F75C000668E23 /* Track.swift in Sources */,
				5CEF02A2201D3DDB00D63D3E /* aboutController.swift in Sources */,
				5C643F25207EB48300926DDD /* PlayerController.swift in Sources */,
				DCA2F09A20E2A8D000BAE625 /* CustomButton.swift in Sources */,
			);
			runOnlyForDeploymentPostprocessing = 0;
		};
		5C1B385C1FE86197003179A1 /* Sources */ = {
			isa = PBXSourcesBuildPhase;
			buildActionMask = 2147483647;
			files = (
				5C1B38651FE86197003179A1 /* Shuffle_PlayTests.swift in Sources */,
			);
			runOnlyForDeploymentPostprocessing = 0;
		};
		5C1B38671FE86197003179A1 /* Sources */ = {
			isa = PBXSourcesBuildPhase;
			buildActionMask = 2147483647;
			files = (
				5C1B38701FE86197003179A1 /* Shuffle_PlayUITests.swift in Sources */,
			);
			runOnlyForDeploymentPostprocessing = 0;
		};
		DC20975A20D43505000905F4 /* Sources */ = {
			isa = PBXSourcesBuildPhase;
			buildActionMask = 2147483647;
			files = (
				DC20976820D43505000905F4 /* NotificationController.swift in Sources */,
				DC20976620D43505000905F4 /* ExtensionDelegate.swift in Sources */,
				DC20977920D441B3000905F4 /* GenreRow.swift in Sources */,
				DC20976420D43505000905F4 /* InterfaceController.swift in Sources */,
			);
			runOnlyForDeploymentPostprocessing = 0;
		};
		DC9AA9B220E00CBE008262E8 /* Sources */ = {
			isa = PBXSourcesBuildPhase;
			buildActionMask = 2147483647;
			files = (
				DC9AA9BC20E00CBE008262E8 /* TodayViewController.swift in Sources */,
			);
			runOnlyForDeploymentPostprocessing = 0;
		};
/* End PBXSourcesBuildPhase section */

/* Begin PBXTargetDependency section */
		5C1B38621FE86197003179A1 /* PBXTargetDependency */ = {
			isa = PBXTargetDependency;
			target = 5C1B38481FE86197003179A1 /* Shuffle Play */;
			targetProxy = 5C1B38611FE86197003179A1 /* PBXContainerItemProxy */;
		};
		5C1B386D1FE86197003179A1 /* PBXTargetDependency */ = {
			isa = PBXTargetDependency;
			target = 5C1B38481FE86197003179A1 /* Shuffle Play */;
			targetProxy = 5C1B386C1FE86197003179A1 /* PBXContainerItemProxy */;
		};
		DC20976120D43505000905F4 /* PBXTargetDependency */ = {
			isa = PBXTargetDependency;
			target = DC20975D20D43505000905F4 /* WatchAppShufflePlayPlus Extension */;
			targetProxy = DC20976020D43505000905F4 /* PBXContainerItemProxy */;
		};
		DC20976E20D43506000905F4 /* PBXTargetDependency */ = {
			isa = PBXTargetDependency;
			target = DC20975120D43503000905F4 /* WatchAppShufflePlayPlus */;
			targetProxy = DC20976D20D43506000905F4 /* PBXContainerItemProxy */;
		};
		DC9AA9C220E00CBE008262E8 /* PBXTargetDependency */ = {
			isa = PBXTargetDependency;
			target = DC9AA9B520E00CBE008262E8 /* Widget */;
			targetProxy = DC9AA9C120E00CBE008262E8 /* PBXContainerItemProxy */;
		};
/* End PBXTargetDependency section */

/* Begin PBXVariantGroup section */
		5C1B38501FE86197003179A1 /* Main.storyboard */ = {
			isa = PBXVariantGroup;
			children = (
				5C1B38511FE86197003179A1 /* Base */,
				DCED793120D0494100EE9ACB /* en */,
				DCED793720D04A3900EE9ACB /* nl */,
			);
			name = Main.storyboard;
			sourceTree = "<group>";
		};
		5C1B38581FE86197003179A1 /* LaunchScreen.storyboard */ = {
			isa = PBXVariantGroup;
			children = (
				5C1B38591FE86197003179A1 /* Base */,
				DCED793820D04A3900EE9ACB /* nl */,
			);
			name = LaunchScreen.storyboard;
			sourceTree = "<group>";
		};
		DC20975420D43503000905F4 /* Interface.storyboard */ = {
			isa = PBXVariantGroup;
			children = (
				DC20975520D43503000905F4 /* Base */,
			);
			name = Interface.storyboard;
			sourceTree = "<group>";
		};
		DC9AA9BD20E00CBE008262E8 /* MainInterface.storyboard */ = {
			isa = PBXVariantGroup;
			children = (
				DC9AA9BE20E00CBE008262E8 /* Base */,
			);
			name = MainInterface.storyboard;
			sourceTree = "<group>";
		};
		DCED793620D049B300EE9ACB /* Localizable.strings */ = {
			isa = PBXVariantGroup;
			children = (
				DCED793520D049B300EE9ACB /* en */,
				DCED793920D04A3900EE9ACB /* nl */,
			);
			name = Localizable.strings;
			sourceTree = "<group>";
		};
/* End PBXVariantGroup section */

/* Begin XCBuildConfiguration section */
		5C1B38721FE86197003179A1 /* Debug */ = {
			isa = XCBuildConfiguration;
			buildSettings = {
				ALWAYS_SEARCH_USER_PATHS = NO;
				CLANG_ANALYZER_LOCALIZABILITY_NONLOCALIZED = YES;
				CLANG_ANALYZER_NONNULL = YES;
				CLANG_ANALYZER_NUMBER_OBJECT_CONVERSION = YES_AGGRESSIVE;
				CLANG_CXX_LANGUAGE_STANDARD = "gnu++14";
				CLANG_CXX_LIBRARY = "libc++";
				CLANG_ENABLE_MODULES = YES;
				CLANG_ENABLE_OBJC_ARC = YES;
				CLANG_WARN_BLOCK_CAPTURE_AUTORELEASING = YES;
				CLANG_WARN_BOOL_CONVERSION = YES;
				CLANG_WARN_COMMA = YES;
				CLANG_WARN_CONSTANT_CONVERSION = YES;
				CLANG_WARN_DEPRECATED_OBJC_IMPLEMENTATIONS = YES;
				CLANG_WARN_DIRECT_OBJC_ISA_USAGE = YES_ERROR;
				CLANG_WARN_DOCUMENTATION_COMMENTS = YES;
				CLANG_WARN_EMPTY_BODY = YES;
				CLANG_WARN_ENUM_CONVERSION = YES;
				CLANG_WARN_INFINITE_RECURSION = YES;
				CLANG_WARN_INT_CONVERSION = YES;
				CLANG_WARN_NON_LITERAL_NULL_CONVERSION = YES;
				CLANG_WARN_OBJC_IMPLICIT_RETAIN_SELF = YES;
				CLANG_WARN_OBJC_LITERAL_CONVERSION = YES;
				CLANG_WARN_OBJC_ROOT_CLASS = YES_ERROR;
				CLANG_WARN_RANGE_LOOP_ANALYSIS = YES;
				CLANG_WARN_STRICT_PROTOTYPES = YES;
				CLANG_WARN_SUSPICIOUS_MOVE = YES;
				CLANG_WARN_UNGUARDED_AVAILABILITY = YES_AGGRESSIVE;
				CLANG_WARN_UNREACHABLE_CODE = YES;
				CLANG_WARN__DUPLICATE_METHOD_MATCH = YES;
				CODE_SIGN_IDENTITY = "iPhone Developer";
				COPY_PHASE_STRIP = NO;
				DEBUG_INFORMATION_FORMAT = dwarf;
				ENABLE_STRICT_OBJC_MSGSEND = YES;
				ENABLE_TESTABILITY = YES;
				GCC_C_LANGUAGE_STANDARD = gnu11;
				GCC_DYNAMIC_NO_PIC = NO;
				GCC_NO_COMMON_BLOCKS = YES;
				GCC_OPTIMIZATION_LEVEL = 0;
				GCC_PREPROCESSOR_DEFINITIONS = (
					"DEBUG=1",
					"$(inherited)",
				);
				GCC_WARN_64_TO_32_BIT_CONVERSION = YES;
				GCC_WARN_ABOUT_RETURN_TYPE = YES_ERROR;
				GCC_WARN_UNDECLARED_SELECTOR = YES;
				GCC_WARN_UNINITIALIZED_AUTOS = YES_AGGRESSIVE;
				GCC_WARN_UNUSED_FUNCTION = YES;
				GCC_WARN_UNUSED_VARIABLE = YES;
				IPHONEOS_DEPLOYMENT_TARGET = 11.0;
				MTL_ENABLE_DEBUG_INFO = YES;
				ONLY_ACTIVE_ARCH = YES;
				SDKROOT = iphoneos;
				SWIFT_ACTIVE_COMPILATION_CONDITIONS = DEBUG;
				SWIFT_OPTIMIZATION_LEVEL = "-Onone";
				SWIFT_VERSION = 4.2;
			};
			name = Debug;
		};
		5C1B38731FE86197003179A1 /* Release */ = {
			isa = XCBuildConfiguration;
			buildSettings = {
				ALWAYS_SEARCH_USER_PATHS = NO;
				CLANG_ANALYZER_LOCALIZABILITY_NONLOCALIZED = YES;
				CLANG_ANALYZER_NONNULL = YES;
				CLANG_ANALYZER_NUMBER_OBJECT_CONVERSION = YES_AGGRESSIVE;
				CLANG_CXX_LANGUAGE_STANDARD = "gnu++14";
				CLANG_CXX_LIBRARY = "libc++";
				CLANG_ENABLE_MODULES = YES;
				CLANG_ENABLE_OBJC_ARC = YES;
				CLANG_WARN_BLOCK_CAPTURE_AUTORELEASING = YES;
				CLANG_WARN_BOOL_CONVERSION = YES;
				CLANG_WARN_COMMA = YES;
				CLANG_WARN_CONSTANT_CONVERSION = YES;
				CLANG_WARN_DEPRECATED_OBJC_IMPLEMENTATIONS = YES;
				CLANG_WARN_DIRECT_OBJC_ISA_USAGE = YES_ERROR;
				CLANG_WARN_DOCUMENTATION_COMMENTS = YES;
				CLANG_WARN_EMPTY_BODY = YES;
				CLANG_WARN_ENUM_CONVERSION = YES;
				CLANG_WARN_INFINITE_RECURSION = YES;
				CLANG_WARN_INT_CONVERSION = YES;
				CLANG_WARN_NON_LITERAL_NULL_CONVERSION = YES;
				CLANG_WARN_OBJC_IMPLICIT_RETAIN_SELF = YES;
				CLANG_WARN_OBJC_LITERAL_CONVERSION = YES;
				CLANG_WARN_OBJC_ROOT_CLASS = YES_ERROR;
				CLANG_WARN_RANGE_LOOP_ANALYSIS = YES;
				CLANG_WARN_STRICT_PROTOTYPES = YES;
				CLANG_WARN_SUSPICIOUS_MOVE = YES;
				CLANG_WARN_UNGUARDED_AVAILABILITY = YES_AGGRESSIVE;
				CLANG_WARN_UNREACHABLE_CODE = YES;
				CLANG_WARN__DUPLICATE_METHOD_MATCH = YES;
				CODE_SIGN_IDENTITY = "iPhone Developer";
				COPY_PHASE_STRIP = NO;
				DEBUG_INFORMATION_FORMAT = "dwarf-with-dsym";
				ENABLE_NS_ASSERTIONS = NO;
				ENABLE_STRICT_OBJC_MSGSEND = YES;
				GCC_C_LANGUAGE_STANDARD = gnu11;
				GCC_NO_COMMON_BLOCKS = YES;
				GCC_WARN_64_TO_32_BIT_CONVERSION = YES;
				GCC_WARN_ABOUT_RETURN_TYPE = YES_ERROR;
				GCC_WARN_UNDECLARED_SELECTOR = YES;
				GCC_WARN_UNINITIALIZED_AUTOS = YES_AGGRESSIVE;
				GCC_WARN_UNUSED_FUNCTION = YES;
				GCC_WARN_UNUSED_VARIABLE = YES;
				IPHONEOS_DEPLOYMENT_TARGET = 11.0;
				MTL_ENABLE_DEBUG_INFO = NO;
				SDKROOT = iphoneos;
				SWIFT_OPTIMIZATION_LEVEL = "-Owholemodule";
				SWIFT_VERSION = 4.2;
				VALIDATE_PRODUCT = YES;
			};
			name = Release;
		};
		5C1B38751FE86197003179A1 /* Debug */ = {
			isa = XCBuildConfiguration;
			buildSettings = {
				ALWAYS_EMBED_SWIFT_STANDARD_LIBRARIES = YES;
				ASSETCATALOG_COMPILER_APPICON_NAME = AppIcon;
				CLANG_ENABLE_MODULES = YES;
				"CODE_SIGN_IDENTITY[sdk=iphoneos*]" = "iPhone Developer";
				CODE_SIGN_STYLE = Automatic;
				DEVELOPMENT_TEAM = L4H9LZ77XG;
				FRAMEWORK_SEARCH_PATHS = (
					"$(inherited)",
					"$(PROJECT_DIR)/Shuffle\\ Play/Helpers/Frameworks",
					"$(PROJECT_DIR)/Shuffle\\ Play/Helpers/Frameworks",
					"$(PROJECT_DIR)/Shuffle\\ Play/Helpers/Frameworks",
				);
				INFOPLIST_FILE = "$(SRCROOT)/Info.plist";
				IPHONEOS_DEPLOYMENT_TARGET = 11.0;
				LD_RUNPATH_SEARCH_PATHS = "$(inherited) @executable_path/Frameworks";
				PRODUCT_BUNDLE_IDENTIFIER = com.tyler.shuffleplayplus;
				PRODUCT_NAME = "$(TARGET_NAME)";
				PROVISIONING_PROFILE_SPECIFIER = "";
				SWIFT_OBJC_BRIDGING_HEADER = "Shuffle Play/Helpers/Frameworks/Shuffle Play-Bridging-Header.h";
				SWIFT_OPTIMIZATION_LEVEL = "-Onone";
				SWIFT_VERSION = 4.2;
				TARGETED_DEVICE_FAMILY = "1,2";
			};
			name = Debug;
		};
		5C1B38761FE86197003179A1 /* Release */ = {
			isa = XCBuildConfiguration;
			buildSettings = {
				ALWAYS_EMBED_SWIFT_STANDARD_LIBRARIES = YES;
				ASSETCATALOG_COMPILER_APPICON_NAME = AppIcon;
				CLANG_ENABLE_MODULES = YES;
				"CODE_SIGN_IDENTITY[sdk=iphoneos*]" = "iPhone Developer";
				CODE_SIGN_STYLE = Automatic;
				DEVELOPMENT_TEAM = L4H9LZ77XG;
				FRAMEWORK_SEARCH_PATHS = (
					"$(inherited)",
					"$(PROJECT_DIR)/Shuffle\\ Play/Helpers/Frameworks",
					"$(PROJECT_DIR)/Shuffle\\ Play/Helpers/Frameworks",
					"$(PROJECT_DIR)/Shuffle\\ Play/Helpers/Frameworks",
				);
				INFOPLIST_FILE = "$(SRCROOT)/Info.plist";
				IPHONEOS_DEPLOYMENT_TARGET = 11.0;
				LD_RUNPATH_SEARCH_PATHS = "$(inherited) @executable_path/Frameworks";
				PRODUCT_BUNDLE_IDENTIFIER = com.tyler.shuffleplayplus;
				PRODUCT_NAME = "$(TARGET_NAME)";
				PROVISIONING_PROFILE_SPECIFIER = "";
				SWIFT_OBJC_BRIDGING_HEADER = "Shuffle Play/Helpers/Frameworks/Shuffle Play-Bridging-Header.h";
				SWIFT_VERSION = 4.2;
				TARGETED_DEVICE_FAMILY = "1,2";
			};
			name = Release;
		};
		5C1B38781FE86197003179A1 /* Debug */ = {
			isa = XCBuildConfiguration;
			buildSettings = {
				ALWAYS_EMBED_SWIFT_STANDARD_LIBRARIES = YES;
				BUNDLE_LOADER = "$(TEST_HOST)";
				CODE_SIGN_STYLE = Automatic;
				DEVELOPMENT_TEAM = L4H9LZ77XG;
				INFOPLIST_FILE = "Shuffle PlayTests/Info.plist";
				LD_RUNPATH_SEARCH_PATHS = "$(inherited) @executable_path/Frameworks @loader_path/Frameworks";
				PRODUCT_BUNDLE_IDENTIFIER = "xyz.tylerjphillips.Shuffle-PlayTests";
				PRODUCT_NAME = "$(TARGET_NAME)";
				SWIFT_VERSION = 4.0;
				TARGETED_DEVICE_FAMILY = "1,2";
				TEST_HOST = "$(BUILT_PRODUCTS_DIR)/Shuffle Play.app/Shuffle Play";
			};
			name = Debug;
		};
		5C1B38791FE86197003179A1 /* Release */ = {
			isa = XCBuildConfiguration;
			buildSettings = {
				ALWAYS_EMBED_SWIFT_STANDARD_LIBRARIES = YES;
				BUNDLE_LOADER = "$(TEST_HOST)";
				CODE_SIGN_STYLE = Automatic;
				DEVELOPMENT_TEAM = L4H9LZ77XG;
				INFOPLIST_FILE = "Shuffle PlayTests/Info.plist";
				LD_RUNPATH_SEARCH_PATHS = "$(inherited) @executable_path/Frameworks @loader_path/Frameworks";
				PRODUCT_BUNDLE_IDENTIFIER = "xyz.tylerjphillips.Shuffle-PlayTests";
				PRODUCT_NAME = "$(TARGET_NAME)";
				SWIFT_VERSION = 4.0;
				TARGETED_DEVICE_FAMILY = "1,2";
				TEST_HOST = "$(BUILT_PRODUCTS_DIR)/Shuffle Play.app/Shuffle Play";
			};
			name = Release;
		};
		5C1B387B1FE86197003179A1 /* Debug */ = {
			isa = XCBuildConfiguration;
			buildSettings = {
				ALWAYS_EMBED_SWIFT_STANDARD_LIBRARIES = YES;
				CODE_SIGN_STYLE = Automatic;
				DEVELOPMENT_TEAM = L4H9LZ77XG;
				INFOPLIST_FILE = "Shuffle PlayUITests/Info.plist";
				LD_RUNPATH_SEARCH_PATHS = "$(inherited) @executable_path/Frameworks @loader_path/Frameworks";
				PRODUCT_BUNDLE_IDENTIFIER = "xyz.tylerjphillips.Shuffle-PlayUITests";
				PRODUCT_NAME = "$(TARGET_NAME)";
				SWIFT_VERSION = 4.0;
				TARGETED_DEVICE_FAMILY = "1,2";
				TEST_TARGET_NAME = "Shuffle Play";
			};
			name = Debug;
		};
		5C1B387C1FE86197003179A1 /* Release */ = {
			isa = XCBuildConfiguration;
			buildSettings = {
				ALWAYS_EMBED_SWIFT_STANDARD_LIBRARIES = YES;
				CODE_SIGN_STYLE = Automatic;
				DEVELOPMENT_TEAM = L4H9LZ77XG;
				INFOPLIST_FILE = "Shuffle PlayUITests/Info.plist";
				LD_RUNPATH_SEARCH_PATHS = "$(inherited) @executable_path/Frameworks @loader_path/Frameworks";
				PRODUCT_BUNDLE_IDENTIFIER = "xyz.tylerjphillips.Shuffle-PlayUITests";
				PRODUCT_NAME = "$(TARGET_NAME)";
				SWIFT_VERSION = 4.0;
				TARGETED_DEVICE_FAMILY = "1,2";
				TEST_TARGET_NAME = "Shuffle Play";
			};
			name = Release;
		};
		DC20977020D43506000905F4 /* Debug */ = {
			isa = XCBuildConfiguration;
			buildSettings = {
				ALWAYS_EMBED_SWIFT_STANDARD_LIBRARIES = YES;
				ASSETCATALOG_COMPILER_APPICON_NAME = AppIcon;
				CLANG_ENABLE_OBJC_WEAK = YES;
				CODE_SIGN_STYLE = Automatic;
				DEVELOPMENT_TEAM = L4H9LZ77XG;
				IBSC_MODULE = WatchAppShufflePlayPlus_Extension;
				INFOPLIST_FILE = WatchAppShufflePlayPlus/Info.plist;
				MTL_ENABLE_DEBUG_INFO = INCLUDE_SOURCE;
				PRODUCT_BUNDLE_IDENTIFIER = com.tyler.shuffleplayplus.watchkitapp;
				PRODUCT_NAME = "$(TARGET_NAME)";
				SDKROOT = watchos;
				SKIP_INSTALL = YES;
				SWIFT_VERSION = 4.2;
				TARGETED_DEVICE_FAMILY = 4;
				WATCHOS_DEPLOYMENT_TARGET = 5.0;
			};
			name = Debug;
		};
		DC20977120D43506000905F4 /* Release */ = {
			isa = XCBuildConfiguration;
			buildSettings = {
				ALWAYS_EMBED_SWIFT_STANDARD_LIBRARIES = YES;
				ASSETCATALOG_COMPILER_APPICON_NAME = AppIcon;
				CLANG_ENABLE_OBJC_WEAK = YES;
				CODE_SIGN_STYLE = Automatic;
				DEVELOPMENT_TEAM = L4H9LZ77XG;
				IBSC_MODULE = WatchAppShufflePlayPlus_Extension;
				INFOPLIST_FILE = WatchAppShufflePlayPlus/Info.plist;
				PRODUCT_BUNDLE_IDENTIFIER = com.tyler.shuffleplayplus.watchkitapp;
				PRODUCT_NAME = "$(TARGET_NAME)";
				SDKROOT = watchos;
				SKIP_INSTALL = YES;
				SWIFT_VERSION = 4.2;
				TARGETED_DEVICE_FAMILY = 4;
				WATCHOS_DEPLOYMENT_TARGET = 5.0;
			};
			name = Release;
		};
		DC20977220D43506000905F4 /* Debug */ = {
			isa = XCBuildConfiguration;
			buildSettings = {
				ASSETCATALOG_COMPILER_COMPLICATION_NAME = Complication;
				CLANG_ENABLE_OBJC_WEAK = YES;
				CODE_SIGN_STYLE = Automatic;
				DEVELOPMENT_TEAM = L4H9LZ77XG;
				INFOPLIST_FILE = "WatchAppShufflePlayPlus Extension/Info.plist";
				LD_RUNPATH_SEARCH_PATHS = "$(inherited) @executable_path/Frameworks @executable_path/../../Frameworks";
				MTL_ENABLE_DEBUG_INFO = INCLUDE_SOURCE;
				PRODUCT_BUNDLE_IDENTIFIER = com.tyler.shuffleplayplus.watchkitapp.watchkitextension;
				PRODUCT_NAME = "${TARGET_NAME}";
				SDKROOT = watchos;
				SKIP_INSTALL = YES;
				SWIFT_VERSION = 4.2;
				TARGETED_DEVICE_FAMILY = 4;
				WATCHOS_DEPLOYMENT_TARGET = 5.0;
			};
			name = Debug;
		};
		DC20977320D43506000905F4 /* Release */ = {
			isa = XCBuildConfiguration;
			buildSettings = {
				ASSETCATALOG_COMPILER_COMPLICATION_NAME = Complication;
				CLANG_ENABLE_OBJC_WEAK = YES;
				CODE_SIGN_STYLE = Automatic;
				DEVELOPMENT_TEAM = L4H9LZ77XG;
				INFOPLIST_FILE = "WatchAppShufflePlayPlus Extension/Info.plist";
				LD_RUNPATH_SEARCH_PATHS = "$(inherited) @executable_path/Frameworks @executable_path/../../Frameworks";
				PRODUCT_BUNDLE_IDENTIFIER = com.tyler.shuffleplayplus.watchkitapp.watchkitextension;
				PRODUCT_NAME = "${TARGET_NAME}";
				SDKROOT = watchos;
				SKIP_INSTALL = YES;
				SWIFT_VERSION = 4.2;
				TARGETED_DEVICE_FAMILY = 4;
				WATCHOS_DEPLOYMENT_TARGET = 5.0;
			};
			name = Release;
		};
		DC9AA9C420E00CBE008262E8 /* Debug */ = {
			isa = XCBuildConfiguration;
			buildSettings = {
				CLANG_ENABLE_OBJC_WEAK = YES;
				CODE_SIGN_STYLE = Automatic;
				DEVELOPMENT_TEAM = L4H9LZ77XG;
				INFOPLIST_FILE = Widget/Info.plist;
				IPHONEOS_DEPLOYMENT_TARGET = 12.0;
				LD_RUNPATH_SEARCH_PATHS = "$(inherited) @executable_path/Frameworks @executable_path/../../Frameworks";
				MTL_ENABLE_DEBUG_INFO = INCLUDE_SOURCE;
				PRODUCT_BUNDLE_IDENTIFIER = com.tyler.shuffleplayplus.Widget;
				PRODUCT_NAME = "$(TARGET_NAME)";
				SKIP_INSTALL = YES;
				SWIFT_VERSION = 4.2;
				TARGETED_DEVICE_FAMILY = "1,2";
			};
			name = Debug;
		};
		DC9AA9C520E00CBE008262E8 /* Release */ = {
			isa = XCBuildConfiguration;
			buildSettings = {
				CLANG_ENABLE_OBJC_WEAK = YES;
				CODE_SIGN_STYLE = Automatic;
				DEVELOPMENT_TEAM = L4H9LZ77XG;
				INFOPLIST_FILE = Widget/Info.plist;
				IPHONEOS_DEPLOYMENT_TARGET = 12.0;
				LD_RUNPATH_SEARCH_PATHS = "$(inherited) @executable_path/Frameworks @executable_path/../../Frameworks";
				PRODUCT_BUNDLE_IDENTIFIER = com.tyler.shuffleplayplus.Widget;
				PRODUCT_NAME = "$(TARGET_NAME)";
				SKIP_INSTALL = YES;
				SWIFT_VERSION = 4.2;
				TARGETED_DEVICE_FAMILY = "1,2";
			};
			name = Release;
		};
/* End XCBuildConfiguration section */

/* Begin XCConfigurationList section */
		5C1B38441FE86197003179A1 /* Build configuration list for PBXProject "Shuffle Play" */ = {
			isa = XCConfigurationList;
			buildConfigurations = (
				5C1B38721FE86197003179A1 /* Debug */,
				5C1B38731FE86197003179A1 /* Release */,
			);
			defaultConfigurationIsVisible = 0;
			defaultConfigurationName = Release;
		};
		5C1B38741FE86197003179A1 /* Build configuration list for PBXNativeTarget "Shuffle Play" */ = {
			isa = XCConfigurationList;
			buildConfigurations = (
				5C1B38751FE86197003179A1 /* Debug */,
				5C1B38761FE86197003179A1 /* Release */,
			);
			defaultConfigurationIsVisible = 0;
			defaultConfigurationName = Release;
		};
		5C1B38771FE86197003179A1 /* Build configuration list for PBXNativeTarget "Shuffle PlayTests" */ = {
			isa = XCConfigurationList;
			buildConfigurations = (
				5C1B38781FE86197003179A1 /* Debug */,
				5C1B38791FE86197003179A1 /* Release */,
			);
			defaultConfigurationIsVisible = 0;
			defaultConfigurationName = Release;
		};
		5C1B387A1FE86197003179A1 /* Build configuration list for PBXNativeTarget "Shuffle PlayUITests" */ = {
			isa = XCConfigurationList;
			buildConfigurations = (
				5C1B387B1FE86197003179A1 /* Debug */,
				5C1B387C1FE86197003179A1 /* Release */,
			);
			defaultConfigurationIsVisible = 0;
			defaultConfigurationName = Release;
		};
		DC20977420D43506000905F4 /* Build configuration list for PBXNativeTarget "WatchAppShufflePlayPlus Extension" */ = {
			isa = XCConfigurationList;
			buildConfigurations = (
				DC20977220D43506000905F4 /* Debug */,
				DC20977320D43506000905F4 /* Release */,
			);
			defaultConfigurationIsVisible = 0;
			defaultConfigurationName = Release;
		};
		DC20977620D43506000905F4 /* Build configuration list for PBXNativeTarget "WatchAppShufflePlayPlus" */ = {
			isa = XCConfigurationList;
			buildConfigurations = (
				DC20977020D43506000905F4 /* Debug */,
				DC20977120D43506000905F4 /* Release */,
			);
			defaultConfigurationIsVisible = 0;
			defaultConfigurationName = Release;
		};
		DC9AA9C620E00CBE008262E8 /* Build configuration list for PBXNativeTarget "Widget" */ = {
			isa = XCConfigurationList;
			buildConfigurations = (
				DC9AA9C420E00CBE008262E8 /* Debug */,
				DC9AA9C520E00CBE008262E8 /* Release */,
			);
			defaultConfigurationIsVisible = 0;
			defaultConfigurationName = Release;
		};
/* End XCConfigurationList section */

/* Begin XCVersionGroup section */
		5C1B38531FE86197003179A1 /* Shuffle_Play.xcdatamodeld */ = {
			isa = XCVersionGroup;
			children = (
				5C1B38541FE86197003179A1 /* Shuffle_Play.xcdatamodel */,
			);
			currentVersion = 5C1B38541FE86197003179A1 /* Shuffle_Play.xcdatamodel */;
			path = Shuffle_Play.xcdatamodeld;
			sourceTree = "<group>";
			versionGroupType = wrapper.xcdatamodel;
		};
/* End XCVersionGroup section */
	};
	rootObject = 5C1B38411FE86197003179A1 /* Project object */;
}
