// !$*UTF8*$!
{
	archiveVersion = 1;
	classes = {
	};
	objectVersion = 48;
	objects = {

/* Begin PBXBuildFile section */
		5C1B384D1FE86197003179A1 /* AppDelegate.swift in Sources */ = {isa = PBXBuildFile; fileRef = 5C1B384C1FE86197003179A1 /* AppDelegate.swift */; };
		5C1B38521FE86197003179A1 /* Main.storyboard in Resources */ = {isa = PBXBuildFile; fileRef = 5C1B38501FE86197003179A1 /* Main.storyboard */; };
		5C1B38551FE86197003179A1 /* Shuffle_Play.xcdatamodeld in Sources */ = {isa = PBXBuildFile; fileRef = 5C1B38531FE86197003179A1 /* Shuffle_Play.xcdatamodeld */; };
		5C1B38571FE86197003179A1 /* Assets.xcassets in Resources */ = {isa = PBXBuildFile; fileRef = 5C1B38561FE86197003179A1 /* Assets.xcassets */; };
		5C1B385A1FE86197003179A1 /* LaunchScreen.storyboard in Resources */ = {isa = PBXBuildFile; fileRef = 5C1B38581FE86197003179A1 /* LaunchScreen.storyboard */; };
		5C1B38651FE86197003179A1 /* Shuffle_PlayTests.swift in Sources */ = {isa = PBXBuildFile; fileRef = 5C1B38641FE86197003179A1 /* Shuffle_PlayTests.swift */; };
		5C1B38701FE86197003179A1 /* Shuffle_PlayUITests.swift in Sources */ = {isa = PBXBuildFile; fileRef = 5C1B386F1FE86197003179A1 /* Shuffle_PlayUITests.swift */; };
		5C1B387E1FE861EB003179A1 /* GenreButtonScreen.swift in Sources */ = {isa = PBXBuildFile; fileRef = 5C1B387D1FE861EB003179A1 /* GenreButtonScreen.swift */; };
		5C286CA42027E02200DD90FB /* aboutSPController.swift in Sources */ = {isa = PBXBuildFile; fileRef = 5C286CA32027E02200DD90FB /* aboutSPController.swift */; };
		5C698CAE20099745005FD7C4 /* MainUIController.swift in Sources */ = {isa = PBXBuildFile; fileRef = 5C698CAD20099745005FD7C4 /* MainUIController.swift */; };
		5C698CB02009975A005FD7C4 /* MenuController.swift in Sources */ = {isa = PBXBuildFile; fileRef = 5C698CAF2009975A005FD7C4 /* MenuController.swift */; };
		5C698CB22009976C005FD7C4 /* ProfileController.swift in Sources */ = {isa = PBXBuildFile; fileRef = 5C698CB12009976C005FD7C4 /* ProfileController.swift */; };
		5C77EBCA204010CA00BCEA55 /* Angus15.png in Resources */ = {isa = PBXBuildFile; fileRef = 5C77EB98204010BB00BCEA55 /* Angus15.png */; };
		5C77EBCB204010CA00BCEA55 /* Angus40.png in Resources */ = {isa = PBXBuildFile; fileRef = 5C77EB99204010BC00BCEA55 /* Angus40.png */; };
		5C77EBCC204010CA00BCEA55 /* Angus12.png in Resources */ = {isa = PBXBuildFile; fileRef = 5C77EB9A204010BD00BCEA55 /* Angus12.png */; };
		5C77EBCD204010CA00BCEA55 /* Angus9.png in Resources */ = {isa = PBXBuildFile; fileRef = 5C77EB9B204010BE00BCEA55 /* Angus9.png */; };
		5C77EBCE204010CA00BCEA55 /* Angus13.png in Resources */ = {isa = PBXBuildFile; fileRef = 5C77EB9C204010BF00BCEA55 /* Angus13.png */; };
		5C77EBCF204010CA00BCEA55 /* Angus44.png in Resources */ = {isa = PBXBuildFile; fileRef = 5C77EB9D204010BF00BCEA55 /* Angus44.png */; };
		5C77EBD0204010CA00BCEA55 /* Angus47.png in Resources */ = {isa = PBXBuildFile; fileRef = 5C77EB9E204010BF00BCEA55 /* Angus47.png */; };
		5C77EBD1204010CA00BCEA55 /* Angus37.png in Resources */ = {isa = PBXBuildFile; fileRef = 5C77EB9F204010C000BCEA55 /* Angus37.png */; };
		5C77EBD2204010CA00BCEA55 /* Angus8.png in Resources */ = {isa = PBXBuildFile; fileRef = 5C77EBA0204010C000BCEA55 /* Angus8.png */; };
		5C77EBD3204010CA00BCEA55 /* Angus29.png in Resources */ = {isa = PBXBuildFile; fileRef = 5C77EBA1204010C000BCEA55 /* Angus29.png */; };
		5C77EBD4204010CA00BCEA55 /* Angus30.png in Resources */ = {isa = PBXBuildFile; fileRef = 5C77EBA2204010C000BCEA55 /* Angus30.png */; };
		5C77EBD5204010CA00BCEA55 /* Angus6.png in Resources */ = {isa = PBXBuildFile; fileRef = 5C77EBA3204010C100BCEA55 /* Angus6.png */; };
		5C77EBD6204010CA00BCEA55 /* Angus43.png in Resources */ = {isa = PBXBuildFile; fileRef = 5C77EBA4204010C100BCEA55 /* Angus43.png */; };
		5C77EBD7204010CA00BCEA55 /* Angus36.png in Resources */ = {isa = PBXBuildFile; fileRef = 5C77EBA5204010C100BCEA55 /* Angus36.png */; };
		5C77EBD8204010CA00BCEA55 /* Angus38.png in Resources */ = {isa = PBXBuildFile; fileRef = 5C77EBA6204010C100BCEA55 /* Angus38.png */; };
		5C77EBD9204010CA00BCEA55 /* Angus24.png in Resources */ = {isa = PBXBuildFile; fileRef = 5C77EBA7204010C200BCEA55 /* Angus24.png */; };
		5C77EBDA204010CA00BCEA55 /* Angus17.png in Resources */ = {isa = PBXBuildFile; fileRef = 5C77EBA8204010C300BCEA55 /* Angus17.png */; };
		5C77EBDB204010CA00BCEA55 /* Angus2.png in Resources */ = {isa = PBXBuildFile; fileRef = 5C77EBA9204010C400BCEA55 /* Angus2.png */; };
		5C77EBDC204010CA00BCEA55 /* Angus31.png in Resources */ = {isa = PBXBuildFile; fileRef = 5C77EBAA204010C400BCEA55 /* Angus31.png */; };
		5C77EBDD204010CA00BCEA55 /* Angus39.png in Resources */ = {isa = PBXBuildFile; fileRef = 5C77EBAB204010C500BCEA55 /* Angus39.png */; };
		5C77EBDE204010CA00BCEA55 /* Angus33.png in Resources */ = {isa = PBXBuildFile; fileRef = 5C77EBAC204010C500BCEA55 /* Angus33.png */; };
		5C77EBDF204010CA00BCEA55 /* Angus11.png in Resources */ = {isa = PBXBuildFile; fileRef = 5C77EBAD204010C600BCEA55 /* Angus11.png */; };
		5C77EBE0204010CA00BCEA55 /* Angus7.png in Resources */ = {isa = PBXBuildFile; fileRef = 5C77EBAE204010C600BCEA55 /* Angus7.png */; };
		5C77EBE1204010CA00BCEA55 /* Angus10.png in Resources */ = {isa = PBXBuildFile; fileRef = 5C77EBAF204010C600BCEA55 /* Angus10.png */; };
		5C77EBE2204010CA00BCEA55 /* Angus35.png in Resources */ = {isa = PBXBuildFile; fileRef = 5C77EBB0204010C700BCEA55 /* Angus35.png */; };
		5C77EBE3204010CA00BCEA55 /* Angus20.png in Resources */ = {isa = PBXBuildFile; fileRef = 5C77EBB1204010C700BCEA55 /* Angus20.png */; };
		5C77EBE4204010CA00BCEA55 /* Angus25.png in Resources */ = {isa = PBXBuildFile; fileRef = 5C77EBB2204010C700BCEA55 /* Angus25.png */; };
		5C77EBE5204010CA00BCEA55 /* Angus28.png in Resources */ = {isa = PBXBuildFile; fileRef = 5C77EBB3204010C700BCEA55 /* Angus28.png */; };
		5C77EBE6204010CA00BCEA55 /* Angus34.png in Resources */ = {isa = PBXBuildFile; fileRef = 5C77EBB4204010C700BCEA55 /* Angus34.png */; };
		5C77EBE7204010CA00BCEA55 /* Angus42.png in Resources */ = {isa = PBXBuildFile; fileRef = 5C77EBB5204010C700BCEA55 /* Angus42.png */; };
		5C77EBE8204010CA00BCEA55 /* Angus26.png in Resources */ = {isa = PBXBuildFile; fileRef = 5C77EBB6204010C800BCEA55 /* Angus26.png */; };
		5C77EBE9204010CA00BCEA55 /* Angus48.png in Resources */ = {isa = PBXBuildFile; fileRef = 5C77EBB7204010C800BCEA55 /* Angus48.png */; };
		5C77EBEA204010CA00BCEA55 /* Angus19.png in Resources */ = {isa = PBXBuildFile; fileRef = 5C77EBB8204010C800BCEA55 /* Angus19.png */; };
		5C77EBEB204010CA00BCEA55 /* Angus49.png in Resources */ = {isa = PBXBuildFile; fileRef = 5C77EBB9204010C800BCEA55 /* Angus49.png */; };
		5C77EBEC204010CA00BCEA55 /* Angus32.png in Resources */ = {isa = PBXBuildFile; fileRef = 5C77EBBA204010C800BCEA55 /* Angus32.png */; };
		5C77EBED204010CA00BCEA55 /* Angus27.png in Resources */ = {isa = PBXBuildFile; fileRef = 5C77EBBB204010C800BCEA55 /* Angus27.png */; };
		5C77EBEE204010CA00BCEA55 /* Angus3.png in Resources */ = {isa = PBXBuildFile; fileRef = 5C77EBBC204010C800BCEA55 /* Angus3.png */; };
		5C77EBEF204010CA00BCEA55 /* Angus16.png in Resources */ = {isa = PBXBuildFile; fileRef = 5C77EBBD204010C800BCEA55 /* Angus16.png */; };
		5C77EBF0204010CA00BCEA55 /* Angus0.png in Resources */ = {isa = PBXBuildFile; fileRef = 5C77EBBE204010C800BCEA55 /* Angus0.png */; };
		5C77EBF1204010CA00BCEA55 /* Angus14.png in Resources */ = {isa = PBXBuildFile; fileRef = 5C77EBBF204010C800BCEA55 /* Angus14.png */; };
		5C77EBF2204010CA00BCEA55 /* Angus46.png in Resources */ = {isa = PBXBuildFile; fileRef = 5C77EBC0204010C900BCEA55 /* Angus46.png */; };
		5C77EBF3204010CA00BCEA55 /* Angus23.png in Resources */ = {isa = PBXBuildFile; fileRef = 5C77EBC1204010C900BCEA55 /* Angus23.png */; };
		5C77EBF4204010CA00BCEA55 /* Angus1.png in Resources */ = {isa = PBXBuildFile; fileRef = 5C77EBC2204010C900BCEA55 /* Angus1.png */; };
		5C77EBF5204010CA00BCEA55 /* Angus5.png in Resources */ = {isa = PBXBuildFile; fileRef = 5C77EBC3204010C900BCEA55 /* Angus5.png */; };
		5C77EBF6204010CA00BCEA55 /* Angus18.png in Resources */ = {isa = PBXBuildFile; fileRef = 5C77EBC4204010C900BCEA55 /* Angus18.png */; };
		5C77EBF7204010CA00BCEA55 /* Angus4.png in Resources */ = {isa = PBXBuildFile; fileRef = 5C77EBC5204010C900BCEA55 /* Angus4.png */; };
		5C77EBF8204010CA00BCEA55 /* Angus41.png in Resources */ = {isa = PBXBuildFile; fileRef = 5C77EBC6204010C900BCEA55 /* Angus41.png */; };
		5C77EBF9204010CA00BCEA55 /* Angus22.png in Resources */ = {isa = PBXBuildFile; fileRef = 5C77EBC7204010C900BCEA55 /* Angus22.png */; };
		5C77EBFA204010CA00BCEA55 /* Angus21.png in Resources */ = {isa = PBXBuildFile; fileRef = 5C77EBC8204010C900BCEA55 /* Angus21.png */; };
		5C77EBFB204010CA00BCEA55 /* Angus45.png in Resources */ = {isa = PBXBuildFile; fileRef = 5C77EBC9204010C900BCEA55 /* Angus45.png */; };
		5CA600AD1FF855C200DD40E6 /* UIButtonExtension.swift in Sources */ = {isa = PBXBuildFile; fileRef = 5CA600AC1FF855C200DD40E6 /* UIButtonExtension.swift */; };
		5CC20AE1202FB3AB00CFF27C /* gradientUIViewExtension.swift in Sources */ = {isa = PBXBuildFile; fileRef = 5CC20AE0202FB3AB00CFF27C /* gradientUIViewExtension.swift */; };
		5CC20AE3202FB69E00CFF27C /* Constants.swift in Sources */ = {isa = PBXBuildFile; fileRef = 5CC20AE2202FB69E00CFF27C /* Constants.swift */; };
		5CD87DDA202EBB2600F795EF /* pulseExtension.swift in Sources */ = {isa = PBXBuildFile; fileRef = 5CD87DD9202EBB2600F795EF /* pulseExtension.swift */; };
		5CDA80D420467BED003995B8 /* AlertExtension.swift in Sources */ = {isa = PBXBuildFile; fileRef = 5CDA80D320467BED003995B8 /* AlertExtension.swift */; };
		5CEF02A2201D3DDB00D63D3E /* aboutController.swift in Sources */ = {isa = PBXBuildFile; fileRef = 5CEF02A1201D3DDB00D63D3E /* aboutController.swift */; };
		5CEF02A4201E34F900D63D3E /* selectionsController.swift in Sources */ = {isa = PBXBuildFile; fileRef = 5CEF02A3201E34F800D63D3E /* selectionsController.swift */; };
		5CEF02A6201E353100D63D3E /* streamingController.swift in Sources */ = {isa = PBXBuildFile; fileRef = 5CEF02A5201E353100D63D3E /* streamingController.swift */; };
/* End PBXBuildFile section */

/* Begin PBXContainerItemProxy section */
		5C1B38611FE86197003179A1 /* PBXContainerItemProxy */ = {
			isa = PBXContainerItemProxy;
			containerPortal = 5C1B38411FE86197003179A1 /* Project object */;
			proxyType = 1;
			remoteGlobalIDString = 5C1B38481FE86197003179A1;
			remoteInfo = "Shuffle Play";
		};
		5C1B386C1FE86197003179A1 /* PBXContainerItemProxy */ = {
			isa = PBXContainerItemProxy;
			containerPortal = 5C1B38411FE86197003179A1 /* Project object */;
			proxyType = 1;
			remoteGlobalIDString = 5C1B38481FE86197003179A1;
			remoteInfo = "Shuffle Play";
		};
/* End PBXContainerItemProxy section */

/* Begin PBXFileReference section */
		5C1B38491FE86197003179A1 /* Shuffle Play.app */ = {isa = PBXFileReference; explicitFileType = wrapper.application; includeInIndex = 0; path = "Shuffle Play.app"; sourceTree = BUILT_PRODUCTS_DIR; };
		5C1B384C1FE86197003179A1 /* AppDelegate.swift */ = {isa = PBXFileReference; lastKnownFileType = sourcecode.swift; path = AppDelegate.swift; sourceTree = "<group>"; };
		5C1B38511FE86197003179A1 /* Base */ = {isa = PBXFileReference; lastKnownFileType = file.storyboard; name = Base; path = Base.lproj/Main.storyboard; sourceTree = "<group>"; };
		5C1B38541FE86197003179A1 /* Shuffle_Play.xcdatamodel */ = {isa = PBXFileReference; lastKnownFileType = wrapper.xcdatamodel; path = Shuffle_Play.xcdatamodel; sourceTree = "<group>"; };
		5C1B38561FE86197003179A1 /* Assets.xcassets */ = {isa = PBXFileReference; lastKnownFileType = folder.assetcatalog; path = Assets.xcassets; sourceTree = "<group>"; };
		5C1B38591FE86197003179A1 /* Base */ = {isa = PBXFileReference; lastKnownFileType = file.storyboard; name = Base; path = Base.lproj/LaunchScreen.storyboard; sourceTree = "<group>"; };
		5C1B385B1FE86197003179A1 /* Info.plist */ = {isa = PBXFileReference; lastKnownFileType = text.plist.xml; path = Info.plist; sourceTree = "<group>"; };
		5C1B38601FE86197003179A1 /* Shuffle PlayTests.xctest */ = {isa = PBXFileReference; explicitFileType = wrapper.cfbundle; includeInIndex = 0; path = "Shuffle PlayTests.xctest"; sourceTree = BUILT_PRODUCTS_DIR; };
		5C1B38641FE86197003179A1 /* Shuffle_PlayTests.swift */ = {isa = PBXFileReference; lastKnownFileType = sourcecode.swift; path = Shuffle_PlayTests.swift; sourceTree = "<group>"; };
		5C1B38661FE86197003179A1 /* Info.plist */ = {isa = PBXFileReference; lastKnownFileType = text.plist.xml; path = Info.plist; sourceTree = "<group>"; };
		5C1B386B1FE86197003179A1 /* Shuffle PlayUITests.xctest */ = {isa = PBXFileReference; explicitFileType = wrapper.cfbundle; includeInIndex = 0; path = "Shuffle PlayUITests.xctest"; sourceTree = BUILT_PRODUCTS_DIR; };
		5C1B386F1FE86197003179A1 /* Shuffle_PlayUITests.swift */ = {isa = PBXFileReference; lastKnownFileType = sourcecode.swift; path = Shuffle_PlayUITests.swift; sourceTree = "<group>"; };
		5C1B38711FE86197003179A1 /* Info.plist */ = {isa = PBXFileReference; lastKnownFileType = text.plist.xml; path = Info.plist; sourceTree = "<group>"; };
		5C1B387D1FE861EB003179A1 /* GenreButtonScreen.swift */ = {isa = PBXFileReference; lastKnownFileType = sourcecode.swift; path = GenreButtonScreen.swift; sourceTree = "<group>"; };
		5C286CA32027E02200DD90FB /* aboutSPController.swift */ = {isa = PBXFileReference; lastKnownFileType = sourcecode.swift; path = aboutSPController.swift; sourceTree = "<group>"; };
		5C698CAD20099745005FD7C4 /* MainUIController.swift */ = {isa = PBXFileReference; lastKnownFileType = sourcecode.swift; path = MainUIController.swift; sourceTree = "<group>"; };
		5C698CAF2009975A005FD7C4 /* MenuController.swift */ = {isa = PBXFileReference; lastKnownFileType = sourcecode.swift; path = MenuController.swift; sourceTree = "<group>"; };
		5C698CB12009976C005FD7C4 /* ProfileController.swift */ = {isa = PBXFileReference; lastKnownFileType = sourcecode.swift; path = ProfileController.swift; sourceTree = "<group>"; };
		5C77EB98204010BB00BCEA55 /* Angus15.png */ = {isa = PBXFileReference; lastKnownFileType = image.png; name = Angus15.png; path = "../../../../../Animated Assets For Apps/Modern_Preloaders/PNG/128/Angus/Angus15.png"; sourceTree = "<group>"; };
		5C77EB99204010BC00BCEA55 /* Angus40.png */ = {isa = PBXFileReference; lastKnownFileType = image.png; name = Angus40.png; path = "../../../../../Animated Assets For Apps/Modern_Preloaders/PNG/128/Angus/Angus40.png"; sourceTree = "<group>"; };
		5C77EB9A204010BD00BCEA55 /* Angus12.png */ = {isa = PBXFileReference; lastKnownFileType = image.png; name = Angus12.png; path = "../../../../../Animated Assets For Apps/Modern_Preloaders/PNG/128/Angus/Angus12.png"; sourceTree = "<group>"; };
		5C77EB9B204010BE00BCEA55 /* Angus9.png */ = {isa = PBXFileReference; lastKnownFileType = image.png; name = Angus9.png; path = "../../../../../Animated Assets For Apps/Modern_Preloaders/PNG/128/Angus/Angus9.png"; sourceTree = "<group>"; };
		5C77EB9C204010BF00BCEA55 /* Angus13.png */ = {isa = PBXFileReference; lastKnownFileType = image.png; name = Angus13.png; path = "../../../../../Animated Assets For Apps/Modern_Preloaders/PNG/128/Angus/Angus13.png"; sourceTree = "<group>"; };
		5C77EB9D204010BF00BCEA55 /* Angus44.png */ = {isa = PBXFileReference; lastKnownFileType = image.png; name = Angus44.png; path = "../../../../../Animated Assets For Apps/Modern_Preloaders/PNG/128/Angus/Angus44.png"; sourceTree = "<group>"; };
		5C77EB9E204010BF00BCEA55 /* Angus47.png */ = {isa = PBXFileReference; lastKnownFileType = image.png; name = Angus47.png; path = "../../../../../Animated Assets For Apps/Modern_Preloaders/PNG/128/Angus/Angus47.png"; sourceTree = "<group>"; };
		5C77EB9F204010C000BCEA55 /* Angus37.png */ = {isa = PBXFileReference; lastKnownFileType = image.png; name = Angus37.png; path = "../../../../../Animated Assets For Apps/Modern_Preloaders/PNG/128/Angus/Angus37.png"; sourceTree = "<group>"; };
		5C77EBA0204010C000BCEA55 /* Angus8.png */ = {isa = PBXFileReference; lastKnownFileType = image.png; name = Angus8.png; path = "../../../../../Animated Assets For Apps/Modern_Preloaders/PNG/128/Angus/Angus8.png"; sourceTree = "<group>"; };
		5C77EBA1204010C000BCEA55 /* Angus29.png */ = {isa = PBXFileReference; lastKnownFileType = image.png; name = Angus29.png; path = "../../../../../Animated Assets For Apps/Modern_Preloaders/PNG/128/Angus/Angus29.png"; sourceTree = "<group>"; };
		5C77EBA2204010C000BCEA55 /* Angus30.png */ = {isa = PBXFileReference; lastKnownFileType = image.png; name = Angus30.png; path = "../../../../../Animated Assets For Apps/Modern_Preloaders/PNG/128/Angus/Angus30.png"; sourceTree = "<group>"; };
		5C77EBA3204010C100BCEA55 /* Angus6.png */ = {isa = PBXFileReference; lastKnownFileType = image.png; name = Angus6.png; path = "../../../../../Animated Assets For Apps/Modern_Preloaders/PNG/128/Angus/Angus6.png"; sourceTree = "<group>"; };
		5C77EBA4204010C100BCEA55 /* Angus43.png */ = {isa = PBXFileReference; lastKnownFileType = image.png; name = Angus43.png; path = "../../../../../Animated Assets For Apps/Modern_Preloaders/PNG/128/Angus/Angus43.png"; sourceTree = "<group>"; };
		5C77EBA5204010C100BCEA55 /* Angus36.png */ = {isa = PBXFileReference; lastKnownFileType = image.png; name = Angus36.png; path = "../../../../../Animated Assets For Apps/Modern_Preloaders/PNG/128/Angus/Angus36.png"; sourceTree = "<group>"; };
		5C77EBA6204010C100BCEA55 /* Angus38.png */ = {isa = PBXFileReference; lastKnownFileType = image.png; name = Angus38.png; path = "../../../../../Animated Assets For Apps/Modern_Preloaders/PNG/128/Angus/Angus38.png"; sourceTree = "<group>"; };
		5C77EBA7204010C200BCEA55 /* Angus24.png */ = {isa = PBXFileReference; lastKnownFileType = image.png; name = Angus24.png; path = "../../../../../Animated Assets For Apps/Modern_Preloaders/PNG/128/Angus/Angus24.png"; sourceTree = "<group>"; };
		5C77EBA8204010C300BCEA55 /* Angus17.png */ = {isa = PBXFileReference; lastKnownFileType = image.png; name = Angus17.png; path = "../../../../../Animated Assets For Apps/Modern_Preloaders/PNG/128/Angus/Angus17.png"; sourceTree = "<group>"; };
		5C77EBA9204010C400BCEA55 /* Angus2.png */ = {isa = PBXFileReference; lastKnownFileType = image.png; name = Angus2.png; path = "../../../../../Animated Assets For Apps/Modern_Preloaders/PNG/128/Angus/Angus2.png"; sourceTree = "<group>"; };
		5C77EBAA204010C400BCEA55 /* Angus31.png */ = {isa = PBXFileReference; lastKnownFileType = image.png; name = Angus31.png; path = "../../../../../Animated Assets For Apps/Modern_Preloaders/PNG/128/Angus/Angus31.png"; sourceTree = "<group>"; };
		5C77EBAB204010C500BCEA55 /* Angus39.png */ = {isa = PBXFileReference; lastKnownFileType = image.png; name = Angus39.png; path = "../../../../../Animated Assets For Apps/Modern_Preloaders/PNG/128/Angus/Angus39.png"; sourceTree = "<group>"; };
		5C77EBAC204010C500BCEA55 /* Angus33.png */ = {isa = PBXFileReference; lastKnownFileType = image.png; name = Angus33.png; path = "../../../../../Animated Assets For Apps/Modern_Preloaders/PNG/128/Angus/Angus33.png"; sourceTree = "<group>"; };
		5C77EBAD204010C600BCEA55 /* Angus11.png */ = {isa = PBXFileReference; lastKnownFileType = image.png; name = Angus11.png; path = "../../../../../Animated Assets For Apps/Modern_Preloaders/PNG/128/Angus/Angus11.png"; sourceTree = "<group>"; };
		5C77EBAE204010C600BCEA55 /* Angus7.png */ = {isa = PBXFileReference; lastKnownFileType = image.png; name = Angus7.png; path = "../../../../../Animated Assets For Apps/Modern_Preloaders/PNG/128/Angus/Angus7.png"; sourceTree = "<group>"; };
		5C77EBAF204010C600BCEA55 /* Angus10.png */ = {isa = PBXFileReference; lastKnownFileType = image.png; name = Angus10.png; path = "../../../../../Animated Assets For Apps/Modern_Preloaders/PNG/128/Angus/Angus10.png"; sourceTree = "<group>"; };
		5C77EBB0204010C700BCEA55 /* Angus35.png */ = {isa = PBXFileReference; lastKnownFileType = image.png; name = Angus35.png; path = "../../../../../Animated Assets For Apps/Modern_Preloaders/PNG/128/Angus/Angus35.png"; sourceTree = "<group>"; };
		5C77EBB1204010C700BCEA55 /* Angus20.png */ = {isa = PBXFileReference; lastKnownFileType = image.png; name = Angus20.png; path = "../../../../../Animated Assets For Apps/Modern_Preloaders/PNG/128/Angus/Angus20.png"; sourceTree = "<group>"; };
		5C77EBB2204010C700BCEA55 /* Angus25.png */ = {isa = PBXFileReference; lastKnownFileType = image.png; name = Angus25.png; path = "../../../../../Animated Assets For Apps/Modern_Preloaders/PNG/128/Angus/Angus25.png"; sourceTree = "<group>"; };
		5C77EBB3204010C700BCEA55 /* Angus28.png */ = {isa = PBXFileReference; lastKnownFileType = image.png; name = Angus28.png; path = "../../../../../Animated Assets For Apps/Modern_Preloaders/PNG/128/Angus/Angus28.png"; sourceTree = "<group>"; };
		5C77EBB4204010C700BCEA55 /* Angus34.png */ = {isa = PBXFileReference; lastKnownFileType = image.png; name = Angus34.png; path = "../../../../../Animated Assets For Apps/Modern_Preloaders/PNG/128/Angus/Angus34.png"; sourceTree = "<group>"; };
		5C77EBB5204010C700BCEA55 /* Angus42.png */ = {isa = PBXFileReference; lastKnownFileType = image.png; name = Angus42.png; path = "../../../../../Animated Assets For Apps/Modern_Preloaders/PNG/128/Angus/Angus42.png"; sourceTree = "<group>"; };
		5C77EBB6204010C800BCEA55 /* Angus26.png */ = {isa = PBXFileReference; lastKnownFileType = image.png; name = Angus26.png; path = "../../../../../Animated Assets For Apps/Modern_Preloaders/PNG/128/Angus/Angus26.png"; sourceTree = "<group>"; };
		5C77EBB7204010C800BCEA55 /* Angus48.png */ = {isa = PBXFileReference; lastKnownFileType = image.png; name = Angus48.png; path = "../../../../../Animated Assets For Apps/Modern_Preloaders/PNG/128/Angus/Angus48.png"; sourceTree = "<group>"; };
		5C77EBB8204010C800BCEA55 /* Angus19.png */ = {isa = PBXFileReference; lastKnownFileType = image.png; name = Angus19.png; path = "../../../../../Animated Assets For Apps/Modern_Preloaders/PNG/128/Angus/Angus19.png"; sourceTree = "<group>"; };
		5C77EBB9204010C800BCEA55 /* Angus49.png */ = {isa = PBXFileReference; lastKnownFileType = image.png; name = Angus49.png; path = "../../../../../Animated Assets For Apps/Modern_Preloaders/PNG/128/Angus/Angus49.png"; sourceTree = "<group>"; };
		5C77EBBA204010C800BCEA55 /* Angus32.png */ = {isa = PBXFileReference; lastKnownFileType = image.png; name = Angus32.png; path = "../../../../../Animated Assets For Apps/Modern_Preloaders/PNG/128/Angus/Angus32.png"; sourceTree = "<group>"; };
		5C77EBBB204010C800BCEA55 /* Angus27.png */ = {isa = PBXFileReference; lastKnownFileType = image.png; name = Angus27.png; path = "../../../../../Animated Assets For Apps/Modern_Preloaders/PNG/128/Angus/Angus27.png"; sourceTree = "<group>"; };
		5C77EBBC204010C800BCEA55 /* Angus3.png */ = {isa = PBXFileReference; lastKnownFileType = image.png; name = Angus3.png; path = "../../../../../Animated Assets For Apps/Modern_Preloaders/PNG/128/Angus/Angus3.png"; sourceTree = "<group>"; };
		5C77EBBD204010C800BCEA55 /* Angus16.png */ = {isa = PBXFileReference; lastKnownFileType = image.png; name = Angus16.png; path = "../../../../../Animated Assets For Apps/Modern_Preloaders/PNG/128/Angus/Angus16.png"; sourceTree = "<group>"; };
		5C77EBBE204010C800BCEA55 /* Angus0.png */ = {isa = PBXFileReference; lastKnownFileType = image.png; name = Angus0.png; path = "../../../../../Animated Assets For Apps/Modern_Preloaders/PNG/128/Angus/Angus0.png"; sourceTree = "<group>"; };
		5C77EBBF204010C800BCEA55 /* Angus14.png */ = {isa = PBXFileReference; lastKnownFileType = image.png; name = Angus14.png; path = "../../../../../Animated Assets For Apps/Modern_Preloaders/PNG/128/Angus/Angus14.png"; sourceTree = "<group>"; };
		5C77EBC0204010C900BCEA55 /* Angus46.png */ = {isa = PBXFileReference; lastKnownFileType = image.png; name = Angus46.png; path = "../../../../../Animated Assets For Apps/Modern_Preloaders/PNG/128/Angus/Angus46.png"; sourceTree = "<group>"; };
		5C77EBC1204010C900BCEA55 /* Angus23.png */ = {isa = PBXFileReference; lastKnownFileType = image.png; name = Angus23.png; path = "../../../../../Animated Assets For Apps/Modern_Preloaders/PNG/128/Angus/Angus23.png"; sourceTree = "<group>"; };
		5C77EBC2204010C900BCEA55 /* Angus1.png */ = {isa = PBXFileReference; lastKnownFileType = image.png; name = Angus1.png; path = "../../../../../Animated Assets For Apps/Modern_Preloaders/PNG/128/Angus/Angus1.png"; sourceTree = "<group>"; };
		5C77EBC3204010C900BCEA55 /* Angus5.png */ = {isa = PBXFileReference; lastKnownFileType = image.png; name = Angus5.png; path = "../../../../../Animated Assets For Apps/Modern_Preloaders/PNG/128/Angus/Angus5.png"; sourceTree = "<group>"; };
		5C77EBC4204010C900BCEA55 /* Angus18.png */ = {isa = PBXFileReference; lastKnownFileType = image.png; name = Angus18.png; path = "../../../../../Animated Assets For Apps/Modern_Preloaders/PNG/128/Angus/Angus18.png"; sourceTree = "<group>"; };
		5C77EBC5204010C900BCEA55 /* Angus4.png */ = {isa = PBXFileReference; lastKnownFileType = image.png; name = Angus4.png; path = "../../../../../Animated Assets For Apps/Modern_Preloaders/PNG/128/Angus/Angus4.png"; sourceTree = "<group>"; };
		5C77EBC6204010C900BCEA55 /* Angus41.png */ = {isa = PBXFileReference; lastKnownFileType = image.png; name = Angus41.png; path = "../../../../../Animated Assets For Apps/Modern_Preloaders/PNG/128/Angus/Angus41.png"; sourceTree = "<group>"; };
		5C77EBC7204010C900BCEA55 /* Angus22.png */ = {isa = PBXFileReference; lastKnownFileType = image.png; name = Angus22.png; path = "../../../../../Animated Assets For Apps/Modern_Preloaders/PNG/128/Angus/Angus22.png"; sourceTree = "<group>"; };
		5C77EBC8204010C900BCEA55 /* Angus21.png */ = {isa = PBXFileReference; lastKnownFileType = image.png; name = Angus21.png; path = "../../../../../Animated Assets For Apps/Modern_Preloaders/PNG/128/Angus/Angus21.png"; sourceTree = "<group>"; };
		5C77EBC9204010C900BCEA55 /* Angus45.png */ = {isa = PBXFileReference; lastKnownFileType = image.png; name = Angus45.png; path = "../../../../../Animated Assets For Apps/Modern_Preloaders/PNG/128/Angus/Angus45.png"; sourceTree = "<group>"; };
		5CA600AC1FF855C200DD40E6 /* UIButtonExtension.swift */ = {isa = PBXFileReference; lastKnownFileType = sourcecode.swift; path = UIButtonExtension.swift; sourceTree = "<group>"; };
		5CC20AE0202FB3AB00CFF27C /* gradientUIViewExtension.swift */ = {isa = PBXFileReference; lastKnownFileType = sourcecode.swift; path = gradientUIViewExtension.swift; sourceTree = "<group>"; };
		5CC20AE2202FB69E00CFF27C /* Constants.swift */ = {isa = PBXFileReference; lastKnownFileType = sourcecode.swift; path = Constants.swift; sourceTree = "<group>"; };
		5CD87DD9202EBB2600F795EF /* pulseExtension.swift */ = {isa = PBXFileReference; lastKnownFileType = sourcecode.swift; path = pulseExtension.swift; sourceTree = "<group>"; };
		5CDA80D320467BED003995B8 /* AlertExtension.swift */ = {isa = PBXFileReference; lastKnownFileType = sourcecode.swift; path = AlertExtension.swift; sourceTree = "<group>"; };
		5CEF02A1201D3DDB00D63D3E /* aboutController.swift */ = {isa = PBXFileReference; lastKnownFileType = sourcecode.swift; path = aboutController.swift; sourceTree = "<group>"; };
		5CEF02A3201E34F800D63D3E /* selectionsController.swift */ = {isa = PBXFileReference; lastKnownFileType = sourcecode.swift; path = selectionsController.swift; sourceTree = "<group>"; };
		5CEF02A5201E353100D63D3E /* streamingController.swift */ = {isa = PBXFileReference; lastKnownFileType = sourcecode.swift; path = streamingController.swift; sourceTree = "<group>"; };
/* End PBXFileReference section */

/* Begin PBXFrameworksBuildPhase section */
		5C1B38461FE86197003179A1 /* Frameworks */ = {
			isa = PBXFrameworksBuildPhase;
			buildActionMask = 2147483647;
			files = (
			);
			runOnlyForDeploymentPostprocessing = 0;
		};
		5C1B385D1FE86197003179A1 /* Frameworks */ = {
			isa = PBXFrameworksBuildPhase;
			buildActionMask = 2147483647;
			files = (
			);
			runOnlyForDeploymentPostprocessing = 0;
		};
		5C1B38681FE86197003179A1 /* Frameworks */ = {
			isa = PBXFrameworksBuildPhase;
			buildActionMask = 2147483647;
			files = (
			);
			runOnlyForDeploymentPostprocessing = 0;
		};
/* End PBXFrameworksBuildPhase section */

/* Begin PBXGroup section */
		5C1B38401FE86197003179A1 = {
			isa = PBXGroup;
			children = (
				5C1B384B1FE86197003179A1 /* Shuffle Play */,
				5C1B38631FE86197003179A1 /* Shuffle PlayTests */,
				5C1B386E1FE86197003179A1 /* Shuffle PlayUITests */,
				5C1B384A1FE86197003179A1 /* Products */,
			);
			sourceTree = "<group>";
			usesTabs = 1;
		};
		5C1B384A1FE86197003179A1 /* Products */ = {
			isa = PBXGroup;
			children = (
				5C1B38491FE86197003179A1 /* Shuffle Play.app */,
				5C1B38601FE86197003179A1 /* Shuffle PlayTests.xctest */,
				5C1B386B1FE86197003179A1 /* Shuffle PlayUITests.xctest */,
			);
			name = Products;
			sourceTree = "<group>";
		};
		5C1B384B1FE86197003179A1 /* Shuffle Play */ = {
			isa = PBXGroup;
			children = (
				5C77EB972040109700BCEA55 /* Angus */,
				5C698CAA200996EA005FD7C4 /* Controllers */,
				5C698CB32009AAD8005FD7C4 /* Extensions */,
				5CC20AE2202FB69E00CFF27C /* Constants.swift */,
				5C1B38501FE86197003179A1 /* Main.storyboard */,
				5C1B384C1FE86197003179A1 /* AppDelegate.swift */,
				5C1B387D1FE861EB003179A1 /* GenreButtonScreen.swift */,
				5C1B38561FE86197003179A1 /* Assets.xcassets */,
				5C1B38581FE86197003179A1 /* LaunchScreen.storyboard */,
				5C1B385B1FE86197003179A1 /* Info.plist */,
				5C1B38531FE86197003179A1 /* Shuffle_Play.xcdatamodeld */,
			);
			path = "Shuffle Play";
			sourceTree = "<group>";
		};
		5C1B38631FE86197003179A1 /* Shuffle PlayTests */ = {
			isa = PBXGroup;
			children = (
				5C1B38641FE86197003179A1 /* Shuffle_PlayTests.swift */,
				5C1B38661FE86197003179A1 /* Info.plist */,
			);
			path = "Shuffle PlayTests";
			sourceTree = "<group>";
		};
		5C1B386E1FE86197003179A1 /* Shuffle PlayUITests */ = {
			isa = PBXGroup;
			children = (
				5C1B386F1FE86197003179A1 /* Shuffle_PlayUITests.swift */,
				5C1B38711FE86197003179A1 /* Info.plist */,
			);
			path = "Shuffle PlayUITests";
			sourceTree = "<group>";
		};
		5C698CAA200996EA005FD7C4 /* Controllers */ = {
			isa = PBXGroup;
			children = (
				5C698CAD20099745005FD7C4 /* MainUIController.swift */,
				5C698CAF2009975A005FD7C4 /* MenuController.swift */,
				5C698CB12009976C005FD7C4 /* ProfileController.swift */,
				5CEF02A1201D3DDB00D63D3E /* aboutController.swift */,
				5CEF02A3201E34F800D63D3E /* selectionsController.swift */,
				5CEF02A5201E353100D63D3E /* streamingController.swift */,
				5C286CA32027E02200DD90FB /* aboutSPController.swift */,
			);
			path = Controllers;
			sourceTree = "<group>";
		};
		5C698CB32009AAD8005FD7C4 /* Extensions */ = {
			isa = PBXGroup;
			children = (
				5CA600AC1FF855C200DD40E6 /* UIButtonExtension.swift */,
				5CD87DD9202EBB2600F795EF /* pulseExtension.swift */,
				5CC20AE0202FB3AB00CFF27C /* gradientUIViewExtension.swift */,
				5CDA80D320467BED003995B8 /* AlertExtension.swift */,
			);
			path = Extensions;
			sourceTree = "<group>";
		};
		5C77EB972040109700BCEA55 /* Angus */ = {
			isa = PBXGroup;
			children = (
				5C77EBBE204010C800BCEA55 /* Angus0.png */,
				5C77EBC2204010C900BCEA55 /* Angus1.png */,
				5C77EBA9204010C400BCEA55 /* Angus2.png */,
				5C77EBBC204010C800BCEA55 /* Angus3.png */,
				5C77EBC5204010C900BCEA55 /* Angus4.png */,
				5C77EBC3204010C900BCEA55 /* Angus5.png */,
				5C77EBA3204010C100BCEA55 /* Angus6.png */,
				5C77EBAE204010C600BCEA55 /* Angus7.png */,
				5C77EBA0204010C000BCEA55 /* Angus8.png */,
				5C77EB9B204010BE00BCEA55 /* Angus9.png */,
				5C77EBAF204010C600BCEA55 /* Angus10.png */,
				5C77EBAD204010C600BCEA55 /* Angus11.png */,
				5C77EB9A204010BD00BCEA55 /* Angus12.png */,
				5C77EB9C204010BF00BCEA55 /* Angus13.png */,
				5C77EBBF204010C800BCEA55 /* Angus14.png */,
				5C77EB98204010BB00BCEA55 /* Angus15.png */,
				5C77EBBD204010C800BCEA55 /* Angus16.png */,
				5C77EBA8204010C300BCEA55 /* Angus17.png */,
				5C77EBC4204010C900BCEA55 /* Angus18.png */,
				5C77EBB8204010C800BCEA55 /* Angus19.png */,
				5C77EBB1204010C700BCEA55 /* Angus20.png */,
				5C77EBC8204010C900BCEA55 /* Angus21.png */,
				5C77EBC7204010C900BCEA55 /* Angus22.png */,
				5C77EBC1204010C900BCEA55 /* Angus23.png */,
				5C77EBA7204010C200BCEA55 /* Angus24.png */,
				5C77EBB2204010C700BCEA55 /* Angus25.png */,
				5C77EBB6204010C800BCEA55 /* Angus26.png */,
				5C77EBBB204010C800BCEA55 /* Angus27.png */,
				5C77EBB3204010C700BCEA55 /* Angus28.png */,
				5C77EBA1204010C000BCEA55 /* Angus29.png */,
				5C77EBA2204010C000BCEA55 /* Angus30.png */,
				5C77EBAA204010C400BCEA55 /* Angus31.png */,
				5C77EBBA204010C800BCEA55 /* Angus32.png */,
				5C77EBAC204010C500BCEA55 /* Angus33.png */,
				5C77EBB4204010C700BCEA55 /* Angus34.png */,
				5C77EBB0204010C700BCEA55 /* Angus35.png */,
				5C77EBA5204010C100BCEA55 /* Angus36.png */,
				5C77EB9F204010C000BCEA55 /* Angus37.png */,
				5C77EBA6204010C100BCEA55 /* Angus38.png */,
				5C77EBAB204010C500BCEA55 /* Angus39.png */,
				5C77EB99204010BC00BCEA55 /* Angus40.png */,
				5C77EBC6204010C900BCEA55 /* Angus41.png */,
				5C77EBB5204010C700BCEA55 /* Angus42.png */,
				5C77EBA4204010C100BCEA55 /* Angus43.png */,
				5C77EB9D204010BF00BCEA55 /* Angus44.png */,
				5C77EBC9204010C900BCEA55 /* Angus45.png */,
				5C77EBC0204010C900BCEA55 /* Angus46.png */,
				5C77EB9E204010BF00BCEA55 /* Angus47.png */,
				5C77EBB7204010C800BCEA55 /* Angus48.png */,
				5C77EBB9204010C800BCEA55 /* Angus49.png */,
			);
			path = Angus;
			sourceTree = "<group>";
		};
/* End PBXGroup section */

/* Begin PBXNativeTarget section */
		5C1B38481FE86197003179A1 /* Shuffle Play */ = {
			isa = PBXNativeTarget;
			buildConfigurationList = 5C1B38741FE86197003179A1 /* Build configuration list for PBXNativeTarget "Shuffle Play" */;
			buildPhases = (
				5C1B38451FE86197003179A1 /* Sources */,
				5C1B38461FE86197003179A1 /* Frameworks */,
				5C1B38471FE86197003179A1 /* Resources */,
			);
			buildRules = (
			);
			dependencies = (
			);
			name = "Shuffle Play";
			productName = "Shuffle Play";
			productReference = 5C1B38491FE86197003179A1 /* Shuffle Play.app */;
			productType = "com.apple.product-type.application";
		};
		5C1B385F1FE86197003179A1 /* Shuffle PlayTests */ = {
			isa = PBXNativeTarget;
			buildConfigurationList = 5C1B38771FE86197003179A1 /* Build configuration list for PBXNativeTarget "Shuffle PlayTests" */;
			buildPhases = (
				5C1B385C1FE86197003179A1 /* Sources */,
				5C1B385D1FE86197003179A1 /* Frameworks */,
				5C1B385E1FE86197003179A1 /* Resources */,
			);
			buildRules = (
			);
			dependencies = (
				5C1B38621FE86197003179A1 /* PBXTargetDependency */,
			);
			name = "Shuffle PlayTests";
			productName = "Shuffle PlayTests";
			productReference = 5C1B38601FE86197003179A1 /* Shuffle PlayTests.xctest */;
			productType = "com.apple.product-type.bundle.unit-test";
		};
		5C1B386A1FE86197003179A1 /* Shuffle PlayUITests */ = {
			isa = PBXNativeTarget;
			buildConfigurationList = 5C1B387A1FE86197003179A1 /* Build configuration list for PBXNativeTarget "Shuffle PlayUITests" */;
			buildPhases = (
				5C1B38671FE86197003179A1 /* Sources */,
				5C1B38681FE86197003179A1 /* Frameworks */,
				5C1B38691FE86197003179A1 /* Resources */,
			);
			buildRules = (
			);
			dependencies = (
				5C1B386D1FE86197003179A1 /* PBXTargetDependency */,
			);
			name = "Shuffle PlayUITests";
			productName = "Shuffle PlayUITests";
			productReference = 5C1B386B1FE86197003179A1 /* Shuffle PlayUITests.xctest */;
			productType = "com.apple.product-type.bundle.ui-testing";
		};
/* End PBXNativeTarget section */

/* Begin PBXProject section */
		5C1B38411FE86197003179A1 /* Project object */ = {
			isa = PBXProject;
			attributes = {
				LastSwiftUpdateCheck = 0920;
				LastUpgradeCheck = 0920;
				ORGANIZATIONNAME = "Tyler Phillips";
				TargetAttributes = {
					5C1B38481FE86197003179A1 = {
						CreatedOnToolsVersion = 9.2;
						ProvisioningStyle = Automatic;
						SystemCapabilities = {
							com.apple.BackgroundModes = {
								enabled = 1;
							};
						};
					};
					5C1B385F1FE86197003179A1 = {
						CreatedOnToolsVersion = 9.2;
						ProvisioningStyle = Automatic;
						TestTargetID = 5C1B38481FE86197003179A1;
					};
					5C1B386A1FE86197003179A1 = {
						CreatedOnToolsVersion = 9.2;
						ProvisioningStyle = Automatic;
						TestTargetID = 5C1B38481FE86197003179A1;
					};
				};
			};
			buildConfigurationList = 5C1B38441FE86197003179A1 /* Build configuration list for PBXProject "Shuffle Play" */;
			compatibilityVersion = "Xcode 8.0";
			developmentRegion = en;
			hasScannedForEncodings = 0;
			knownRegions = (
				en,
				Base,
			);
			mainGroup = 5C1B38401FE86197003179A1;
			productRefGroup = 5C1B384A1FE86197003179A1 /* Products */;
			projectDirPath = "";
			projectRoot = "";
			targets = (
				5C1B38481FE86197003179A1 /* Shuffle Play */,
				5C1B385F1FE86197003179A1 /* Shuffle PlayTests */,
				5C1B386A1FE86197003179A1 /* Shuffle PlayUITests */,
			);
		};
/* End PBXProject section */

/* Begin PBXResourcesBuildPhase section */
		5C1B38471FE86197003179A1 /* Resources */ = {
			isa = PBXResourcesBuildPhase;
			buildActionMask = 2147483647;
			files = (
				5C77EBF1204010CA00BCEA55 /* Angus14.png in Resources */,
				5C77EBCE204010CA00BCEA55 /* Angus13.png in Resources */,
				5C77EBF7204010CA00BCEA55 /* Angus4.png in Resources */,
				5C77EBF4204010CA00BCEA55 /* Angus1.png in Resources */,
				5C77EBEC204010CA00BCEA55 /* Angus32.png in Resources */,
				5C77EBD1204010CA00BCEA55 /* Angus37.png in Resources */,
				5C77EBED204010CA00BCEA55 /* Angus27.png in Resources */,
				5C77EBEF204010CA00BCEA55 /* Angus16.png in Resources */,
				5C77EBF2204010CA00BCEA55 /* Angus46.png in Resources */,
				5C77EBE0204010CA00BCEA55 /* Angus7.png in Resources */,
				5C77EBF0204010CA00BCEA55 /* Angus0.png in Resources */,
				5C77EBE7204010CA00BCEA55 /* Angus42.png in Resources */,
				5C77EBE6204010CA00BCEA55 /* Angus34.png in Resources */,
				5C77EBDF204010CA00BCEA55 /* Angus11.png in Resources */,
				5C77EBEA204010CA00BCEA55 /* Angus19.png in Resources */,
				5C77EBFA204010CA00BCEA55 /* Angus21.png in Resources */,
				5C77EBDC204010CA00BCEA55 /* Angus31.png in Resources */,
				5C1B385A1FE86197003179A1 /* LaunchScreen.storyboard in Resources */,
				5C77EBE1204010CA00BCEA55 /* Angus10.png in Resources */,
				5C77EBD6204010CA00BCEA55 /* Angus43.png in Resources */,
				5C77EBD2204010CA00BCEA55 /* Angus8.png in Resources */,
				5C77EBF3204010CA00BCEA55 /* Angus23.png in Resources */,
				5C1B38571FE86197003179A1 /* Assets.xcassets in Resources */,
				5C77EBF6204010CA00BCEA55 /* Angus18.png in Resources */,
				5C77EBE8204010CA00BCEA55 /* Angus26.png in Resources */,
				5C77EBD5204010CA00BCEA55 /* Angus6.png in Resources */,
				5C77EBF5204010CA00BCEA55 /* Angus5.png in Resources */,
				5C77EBCF204010CA00BCEA55 /* Angus44.png in Resources */,
				5C77EBCB204010CA00BCEA55 /* Angus40.png in Resources */,
				5C77EBD0204010CA00BCEA55 /* Angus47.png in Resources */,
				5C77EBDD204010CA00BCEA55 /* Angus39.png in Resources */,
				5C77EBE5204010CA00BCEA55 /* Angus28.png in Resources */,
				5C77EBF8204010CA00BCEA55 /* Angus41.png in Resources */,
				5C77EBEB204010CA00BCEA55 /* Angus49.png in Resources */,
				5C77EBCC204010CA00BCEA55 /* Angus12.png in Resources */,
				5C77EBD7204010CA00BCEA55 /* Angus36.png in Resources */,
				5C77EBD9204010CA00BCEA55 /* Angus24.png in Resources */,
				5C77EBD4204010CA00BCEA55 /* Angus30.png in Resources */,
				5C77EBCD204010CA00BCEA55 /* Angus9.png in Resources */,
				5C77EBFB204010CA00BCEA55 /* Angus45.png in Resources */,
				5C77EBCA204010CA00BCEA55 /* Angus15.png in Resources */,
				5C77EBE4204010CA00BCEA55 /* Angus25.png in Resources */,
				5C77EBEE204010CA00BCEA55 /* Angus3.png in Resources */,
				5C77EBDE204010CA00BCEA55 /* Angus33.png in Resources */,
				5C77EBDA204010CA00BCEA55 /* Angus17.png in Resources */,
				5C77EBD8204010CA00BCEA55 /* Angus38.png in Resources */,
				5C77EBE2204010CA00BCEA55 /* Angus35.png in Resources */,
				5C77EBE3204010CA00BCEA55 /* Angus20.png in Resources */,
				5C77EBDB204010CA00BCEA55 /* Angus2.png in Resources */,
				5C1B38521FE86197003179A1 /* Main.storyboard in Resources */,
				5C77EBF9204010CA00BCEA55 /* Angus22.png in Resources */,
				5C77EBD3204010CA00BCEA55 /* Angus29.png in Resources */,
				5C77EBE9204010CA00BCEA55 /* Angus48.png in Resources */,
			);
			runOnlyForDeploymentPostprocessing = 0;
		};
		5C1B385E1FE86197003179A1 /* Resources */ = {
			isa = PBXResourcesBuildPhase;
			buildActionMask = 2147483647;
			files = (
			);
			runOnlyForDeploymentPostprocessing = 0;
		};
		5C1B38691FE86197003179A1 /* Resources */ = {
			isa = PBXResourcesBuildPhase;
			buildActionMask = 2147483647;
			files = (
			);
			runOnlyForDeploymentPostprocessing = 0;
		};
/* End PBXResourcesBuildPhase section */

/* Begin PBXSourcesBuildPhase section */
		5C1B38451FE86197003179A1 /* Sources */ = {
			isa = PBXSourcesBuildPhase;
			buildActionMask = 2147483647;
			files = (
				5CEF02A6201E353100D63D3E /* streamingController.swift in Sources */,
				5C698CB22009976C005FD7C4 /* ProfileController.swift in Sources */,
				5C1B384D1FE86197003179A1 /* AppDelegate.swift in Sources */,
				5CA600AD1FF855C200DD40E6 /* UIButtonExtension.swift in Sources */,
				5C1B38551FE86197003179A1 /* Shuffle_Play.xcdatamodeld in Sources */,
				5CC20AE1202FB3AB00CFF27C /* gradientUIViewExtension.swift in Sources */,
				5CEF02A4201E34F900D63D3E /* selectionsController.swift in Sources */,
				5C1B387E1FE861EB003179A1 /* GenreButtonScreen.swift in Sources */,
				5C698CB02009975A005FD7C4 /* MenuController.swift in Sources */,
				5C286CA42027E02200DD90FB /* aboutSPController.swift in Sources */,
				5CDA80D420467BED003995B8 /* AlertExtension.swift in Sources */,
				5CD87DDA202EBB2600F795EF /* pulseExtension.swift in Sources */,
				5CC20AE3202FB69E00CFF27C /* Constants.swift in Sources */,
				5C698CAE20099745005FD7C4 /* MainUIController.swift in Sources */,
				5CEF02A2201D3DDB00D63D3E /* aboutController.swift in Sources */,
			);
			runOnlyForDeploymentPostprocessing = 0;
		};
		5C1B385C1FE86197003179A1 /* Sources */ = {
			isa = PBXSourcesBuildPhase;
			buildActionMask = 2147483647;
			files = (
				5C1B38651FE86197003179A1 /* Shuffle_PlayTests.swift in Sources */,
			);
			runOnlyForDeploymentPostprocessing = 0;
		};
		5C1B38671FE86197003179A1 /* Sources */ = {
			isa = PBXSourcesBuildPhase;
			buildActionMask = 2147483647;
			files = (
				5C1B38701FE86197003179A1 /* Shuffle_PlayUITests.swift in Sources */,
			);
			runOnlyForDeploymentPostprocessing = 0;
		};
/* End PBXSourcesBuildPhase section */

/* Begin PBXTargetDependency section */
		5C1B38621FE86197003179A1 /* PBXTargetDependency */ = {
			isa = PBXTargetDependency;
			target = 5C1B38481FE86197003179A1 /* Shuffle Play */;
			targetProxy = 5C1B38611FE86197003179A1 /* PBXContainerItemProxy */;
		};
		5C1B386D1FE86197003179A1 /* PBXTargetDependency */ = {
			isa = PBXTargetDependency;
			target = 5C1B38481FE86197003179A1 /* Shuffle Play */;
			targetProxy = 5C1B386C1FE86197003179A1 /* PBXContainerItemProxy */;
		};
/* End PBXTargetDependency section */

/* Begin PBXVariantGroup section */
		5C1B38501FE86197003179A1 /* Main.storyboard */ = {
			isa = PBXVariantGroup;
			children = (
				5C1B38511FE86197003179A1 /* Base */,
			);
			name = Main.storyboard;
			sourceTree = "<group>";
		};
		5C1B38581FE86197003179A1 /* LaunchScreen.storyboard */ = {
			isa = PBXVariantGroup;
			children = (
				5C1B38591FE86197003179A1 /* Base */,
			);
			name = LaunchScreen.storyboard;
			sourceTree = "<group>";
		};
/* End PBXVariantGroup section */

/* Begin XCBuildConfiguration section */
		5C1B38721FE86197003179A1 /* Debug */ = {
			isa = XCBuildConfiguration;
			buildSettings = {
				ALWAYS_SEARCH_USER_PATHS = NO;
				CLANG_ANALYZER_NONNULL = YES;
				CLANG_ANALYZER_NUMBER_OBJECT_CONVERSION = YES_AGGRESSIVE;
				CLANG_CXX_LANGUAGE_STANDARD = "gnu++14";
				CLANG_CXX_LIBRARY = "libc++";
				CLANG_ENABLE_MODULES = YES;
				CLANG_ENABLE_OBJC_ARC = YES;
				CLANG_WARN_BLOCK_CAPTURE_AUTORELEASING = YES;
				CLANG_WARN_BOOL_CONVERSION = YES;
				CLANG_WARN_COMMA = YES;
				CLANG_WARN_CONSTANT_CONVERSION = YES;
				CLANG_WARN_DIRECT_OBJC_ISA_USAGE = YES_ERROR;
				CLANG_WARN_DOCUMENTATION_COMMENTS = YES;
				CLANG_WARN_EMPTY_BODY = YES;
				CLANG_WARN_ENUM_CONVERSION = YES;
				CLANG_WARN_INFINITE_RECURSION = YES;
				CLANG_WARN_INT_CONVERSION = YES;
				CLANG_WARN_NON_LITERAL_NULL_CONVERSION = YES;
				CLANG_WARN_OBJC_LITERAL_CONVERSION = YES;
				CLANG_WARN_OBJC_ROOT_CLASS = YES_ERROR;
				CLANG_WARN_RANGE_LOOP_ANALYSIS = YES;
				CLANG_WARN_STRICT_PROTOTYPES = YES;
				CLANG_WARN_SUSPICIOUS_MOVE = YES;
				CLANG_WARN_UNGUARDED_AVAILABILITY = YES_AGGRESSIVE;
				CLANG_WARN_UNREACHABLE_CODE = YES;
				CLANG_WARN__DUPLICATE_METHOD_MATCH = YES;
				CODE_SIGN_IDENTITY = "iPhone Developer";
				COPY_PHASE_STRIP = NO;
				DEBUG_INFORMATION_FORMAT = dwarf;
				ENABLE_STRICT_OBJC_MSGSEND = YES;
				ENABLE_TESTABILITY = YES;
				GCC_C_LANGUAGE_STANDARD = gnu11;
				GCC_DYNAMIC_NO_PIC = NO;
				GCC_NO_COMMON_BLOCKS = YES;
				GCC_OPTIMIZATION_LEVEL = 0;
				GCC_PREPROCESSOR_DEFINITIONS = (
					"DEBUG=1",
					"$(inherited)",
				);
				GCC_WARN_64_TO_32_BIT_CONVERSION = YES;
				GCC_WARN_ABOUT_RETURN_TYPE = YES_ERROR;
				GCC_WARN_UNDECLARED_SELECTOR = YES;
				GCC_WARN_UNINITIALIZED_AUTOS = YES_AGGRESSIVE;
				GCC_WARN_UNUSED_FUNCTION = YES;
				GCC_WARN_UNUSED_VARIABLE = YES;
				IPHONEOS_DEPLOYMENT_TARGET = 11.2;
				MTL_ENABLE_DEBUG_INFO = YES;
				ONLY_ACTIVE_ARCH = YES;
				SDKROOT = iphoneos;
				SWIFT_ACTIVE_COMPILATION_CONDITIONS = DEBUG;
				SWIFT_OPTIMIZATION_LEVEL = "-Onone";
			};
			name = Debug;
		};
		5C1B38731FE86197003179A1 /* Release */ = {
			isa = XCBuildConfiguration;
			buildSettings = {
				ALWAYS_SEARCH_USER_PATHS = NO;
				CLANG_ANALYZER_NONNULL = YES;
				CLANG_ANALYZER_NUMBER_OBJECT_CONVERSION = YES_AGGRESSIVE;
				CLANG_CXX_LANGUAGE_STANDARD = "gnu++14";
				CLANG_CXX_LIBRARY = "libc++";
				CLANG_ENABLE_MODULES = YES;
				CLANG_ENABLE_OBJC_ARC = YES;
				CLANG_WARN_BLOCK_CAPTURE_AUTORELEASING = YES;
				CLANG_WARN_BOOL_CONVERSION = YES;
				CLANG_WARN_COMMA = YES;
				CLANG_WARN_CONSTANT_CONVERSION = YES;
				CLANG_WARN_DIRECT_OBJC_ISA_USAGE = YES_ERROR;
				CLANG_WARN_DOCUMENTATION_COMMENTS = YES;
				CLANG_WARN_EMPTY_BODY = YES;
				CLANG_WARN_ENUM_CONVERSION = YES;
				CLANG_WARN_INFINITE_RECURSION = YES;
				CLANG_WARN_INT_CONVERSION = YES;
				CLANG_WARN_NON_LITERAL_NULL_CONVERSION = YES;
				CLANG_WARN_OBJC_LITERAL_CONVERSION = YES;
				CLANG_WARN_OBJC_ROOT_CLASS = YES_ERROR;
				CLANG_WARN_RANGE_LOOP_ANALYSIS = YES;
				CLANG_WARN_STRICT_PROTOTYPES = YES;
				CLANG_WARN_SUSPICIOUS_MOVE = YES;
				CLANG_WARN_UNGUARDED_AVAILABILITY = YES_AGGRESSIVE;
				CLANG_WARN_UNREACHABLE_CODE = YES;
				CLANG_WARN__DUPLICATE_METHOD_MATCH = YES;
				CODE_SIGN_IDENTITY = "iPhone Developer";
				COPY_PHASE_STRIP = NO;
				DEBUG_INFORMATION_FORMAT = "dwarf-with-dsym";
				ENABLE_NS_ASSERTIONS = NO;
				ENABLE_STRICT_OBJC_MSGSEND = YES;
				GCC_C_LANGUAGE_STANDARD = gnu11;
				GCC_NO_COMMON_BLOCKS = YES;
				GCC_WARN_64_TO_32_BIT_CONVERSION = YES;
				GCC_WARN_ABOUT_RETURN_TYPE = YES_ERROR;
				GCC_WARN_UNDECLARED_SELECTOR = YES;
				GCC_WARN_UNINITIALIZED_AUTOS = YES_AGGRESSIVE;
				GCC_WARN_UNUSED_FUNCTION = YES;
				GCC_WARN_UNUSED_VARIABLE = YES;
				IPHONEOS_DEPLOYMENT_TARGET = 11.2;
				MTL_ENABLE_DEBUG_INFO = NO;
				SDKROOT = iphoneos;
				SWIFT_OPTIMIZATION_LEVEL = "-Owholemodule";
				VALIDATE_PRODUCT = YES;
			};
			name = Release;
		};
		5C1B38751FE86197003179A1 /* Debug */ = {
			isa = XCBuildConfiguration;
			buildSettings = {
				ASSETCATALOG_COMPILER_APPICON_NAME = AppIcon;
				"CODE_SIGN_IDENTITY[sdk=iphoneos*]" = "iPhone Developer";
				CODE_SIGN_STYLE = Automatic;
				DEVELOPMENT_TEAM = L4H9LZ77XG;
				INFOPLIST_FILE = "Shuffle Play/Info.plist";
				IPHONEOS_DEPLOYMENT_TARGET = 11.0;
				LD_RUNPATH_SEARCH_PATHS = "$(inherited) @executable_path/Frameworks";
				PRODUCT_BUNDLE_IDENTIFIER = com.tyler.shuffleplayplus;
				PRODUCT_NAME = "$(TARGET_NAME)";
				PROVISIONING_PROFILE_SPECIFIER = "";
				SWIFT_VERSION = 4.0;
				TARGETED_DEVICE_FAMILY = "1,2";
			};
			name = Debug;
		};
		5C1B38761FE86197003179A1 /* Release */ = {
			isa = XCBuildConfiguration;
			buildSettings = {
				ASSETCATALOG_COMPILER_APPICON_NAME = AppIcon;
				"CODE_SIGN_IDENTITY[sdk=iphoneos*]" = "iPhone Developer";
				CODE_SIGN_STYLE = Automatic;
				DEVELOPMENT_TEAM = L4H9LZ77XG;
				INFOPLIST_FILE = "Shuffle Play/Info.plist";
				IPHONEOS_DEPLOYMENT_TARGET = 11.0;
				LD_RUNPATH_SEARCH_PATHS = "$(inherited) @executable_path/Frameworks";
				PRODUCT_BUNDLE_IDENTIFIER = com.tyler.shuffleplayplus;
				PRODUCT_NAME = "$(TARGET_NAME)";
				PROVISIONING_PROFILE_SPECIFIER = "";
				SWIFT_VERSION = 4.0;
				TARGETED_DEVICE_FAMILY = "1,2";
			};
			name = Release;
		};
		5C1B38781FE86197003179A1 /* Debug */ = {
			isa = XCBuildConfiguration;
			buildSettings = {
				ALWAYS_EMBED_SWIFT_STANDARD_LIBRARIES = YES;
				BUNDLE_LOADER = "$(TEST_HOST)";
				CODE_SIGN_STYLE = Automatic;
				DEVELOPMENT_TEAM = L4H9LZ77XG;
				INFOPLIST_FILE = "Shuffle PlayTests/Info.plist";
				LD_RUNPATH_SEARCH_PATHS = "$(inherited) @executable_path/Frameworks @loader_path/Frameworks";
				PRODUCT_BUNDLE_IDENTIFIER = "xyz.tylerjphillips.Shuffle-PlayTests";
				PRODUCT_NAME = "$(TARGET_NAME)";
				SWIFT_VERSION = 4.0;
				TARGETED_DEVICE_FAMILY = "1,2";
				TEST_HOST = "$(BUILT_PRODUCTS_DIR)/Shuffle Play.app/Shuffle Play";
			};
			name = Debug;
		};
		5C1B38791FE86197003179A1 /* Release */ = {
			isa = XCBuildConfiguration;
			buildSettings = {
				ALWAYS_EMBED_SWIFT_STANDARD_LIBRARIES = YES;
				BUNDLE_LOADER = "$(TEST_HOST)";
				CODE_SIGN_STYLE = Automatic;
				DEVELOPMENT_TEAM = L4H9LZ77XG;
				INFOPLIST_FILE = "Shuffle PlayTests/Info.plist";
				LD_RUNPATH_SEARCH_PATHS = "$(inherited) @executable_path/Frameworks @loader_path/Frameworks";
				PRODUCT_BUNDLE_IDENTIFIER = "xyz.tylerjphillips.Shuffle-PlayTests";
				PRODUCT_NAME = "$(TARGET_NAME)";
				SWIFT_VERSION = 4.0;
				TARGETED_DEVICE_FAMILY = "1,2";
				TEST_HOST = "$(BUILT_PRODUCTS_DIR)/Shuffle Play.app/Shuffle Play";
			};
			name = Release;
		};
		5C1B387B1FE86197003179A1 /* Debug */ = {
			isa = XCBuildConfiguration;
			buildSettings = {
				ALWAYS_EMBED_SWIFT_STANDARD_LIBRARIES = YES;
				CODE_SIGN_STYLE = Automatic;
				DEVELOPMENT_TEAM = L4H9LZ77XG;
				INFOPLIST_FILE = "Shuffle PlayUITests/Info.plist";
				LD_RUNPATH_SEARCH_PATHS = "$(inherited) @executable_path/Frameworks @loader_path/Frameworks";
				PRODUCT_BUNDLE_IDENTIFIER = "xyz.tylerjphillips.Shuffle-PlayUITests";
				PRODUCT_NAME = "$(TARGET_NAME)";
				SWIFT_VERSION = 4.0;
				TARGETED_DEVICE_FAMILY = "1,2";
				TEST_TARGET_NAME = "Shuffle Play";
			};
			name = Debug;
		};
		5C1B387C1FE86197003179A1 /* Release */ = {
			isa = XCBuildConfiguration;
			buildSettings = {
				ALWAYS_EMBED_SWIFT_STANDARD_LIBRARIES = YES;
				CODE_SIGN_STYLE = Automatic;
				DEVELOPMENT_TEAM = L4H9LZ77XG;
				INFOPLIST_FILE = "Shuffle PlayUITests/Info.plist";
				LD_RUNPATH_SEARCH_PATHS = "$(inherited) @executable_path/Frameworks @loader_path/Frameworks";
				PRODUCT_BUNDLE_IDENTIFIER = "xyz.tylerjphillips.Shuffle-PlayUITests";
				PRODUCT_NAME = "$(TARGET_NAME)";
				SWIFT_VERSION = 4.0;
				TARGETED_DEVICE_FAMILY = "1,2";
				TEST_TARGET_NAME = "Shuffle Play";
			};
			name = Release;
		};
/* End XCBuildConfiguration section */

/* Begin XCConfigurationList section */
		5C1B38441FE86197003179A1 /* Build configuration list for PBXProject "Shuffle Play" */ = {
			isa = XCConfigurationList;
			buildConfigurations = (
				5C1B38721FE86197003179A1 /* Debug */,
				5C1B38731FE86197003179A1 /* Release */,
			);
			defaultConfigurationIsVisible = 0;
			defaultConfigurationName = Release;
		};
		5C1B38741FE86197003179A1 /* Build configuration list for PBXNativeTarget "Shuffle Play" */ = {
			isa = XCConfigurationList;
			buildConfigurations = (
				5C1B38751FE86197003179A1 /* Debug */,
				5C1B38761FE86197003179A1 /* Release */,
			);
			defaultConfigurationIsVisible = 0;
			defaultConfigurationName = Release;
		};
		5C1B38771FE86197003179A1 /* Build configuration list for PBXNativeTarget "Shuffle PlayTests" */ = {
			isa = XCConfigurationList;
			buildConfigurations = (
				5C1B38781FE86197003179A1 /* Debug */,
				5C1B38791FE86197003179A1 /* Release */,
			);
			defaultConfigurationIsVisible = 0;
			defaultConfigurationName = Release;
		};
		5C1B387A1FE86197003179A1 /* Build configuration list for PBXNativeTarget "Shuffle PlayUITests" */ = {
			isa = XCConfigurationList;
			buildConfigurations = (
				5C1B387B1FE86197003179A1 /* Debug */,
				5C1B387C1FE86197003179A1 /* Release */,
			);
			defaultConfigurationIsVisible = 0;
			defaultConfigurationName = Release;
		};
/* End XCConfigurationList section */

/* Begin XCVersionGroup section */
		5C1B38531FE86197003179A1 /* Shuffle_Play.xcdatamodeld */ = {
			isa = XCVersionGroup;
			children = (
				5C1B38541FE86197003179A1 /* Shuffle_Play.xcdatamodel */,
			);
			currentVersion = 5C1B38541FE86197003179A1 /* Shuffle_Play.xcdatamodel */;
			path = Shuffle_Play.xcdatamodeld;
			sourceTree = "<group>";
			versionGroupType = wrapper.xcdatamodel;
		};
/* End XCVersionGroup section */
	};
	rootObject = 5C1B38411FE86197003179A1 /* Project object */;
}
